{
  "version": 4,
  "terraform_version": "1.5.2",
  "serial": 2195,
  "lineage": "670622ae-9477-fc53-f3c8-3c8427aafc42",
  "outputs": {},
  "resources": [
    {
      "mode": "data",
      "type": "aws_route53_zone",
      "name": "example_com",
      "provider": "provider[\"registry.terraform.io/hashicorp/aws\"].useast1",
      "instances": [
        {
          "schema_version": 0,
          "attributes": {
            "arn": "arn:aws:route53:::hostedzone/Z02386222CMEOZCG1YVNW",
            "caller_reference": "RISWorkflow-RD:5d1260ce-5b15-46d7-86b7-e5094f97580a",
            "comment": "HostedZone created by Route53 Registrar",
            "id": "Z02386222CMEOZCG1YVNW",
            "linked_service_description": null,
            "linked_service_principal": null,
            "name": "cleomullerresume.net",
            "name_servers": [
              "ns-422.awsdns-52.com",
              "ns-2006.awsdns-58.co.uk",
              "ns-1475.awsdns-56.org",
              "ns-662.awsdns-18.net"
            ],
            "primary_name_server": "ns-422.awsdns-52.com",
            "private_zone": false,
            "resource_record_set_count": 6,
            "tags": {},
            "vpc_id": null,
            "zone_id": "Z02386222CMEOZCG1YVNW"
          },
          "sensitive_attributes": []
        }
      ]
    },
    {
      "mode": "managed",
      "type": "aws_acm_certificate",
      "name": "example",
      "provider": "provider[\"registry.terraform.io/hashicorp/aws\"].useast1",
      "instances": [
        {
          "schema_version": 0,
          "attributes": {
            "arn": "arn:aws:acm:us-east-1:023085636495:certificate/cd80584f-e3ca-411d-ad57-09c9ee2feb1a",
            "certificate_authority_arn": "",
            "certificate_body": null,
            "certificate_chain": null,
            "domain_name": "cleomullerresume.net",
            "domain_validation_options": [
              {
                "domain_name": "cleomullerresume.net",
                "resource_record_name": "_637c22288ea5b5c005a65ff7d0760e63.cleomullerresume.net.",
                "resource_record_type": "CNAME",
                "resource_record_value": "_c5e87e7a247ac7f3accd733007df21fa.vlvttdkdcz.acm-validations.aws."
              },
              {
                "domain_name": "www.cleomullerresume.net",
                "resource_record_name": "_4d1999fa8da48c42778f874eeeae217b.www.cleomullerresume.net.",
                "resource_record_type": "CNAME",
                "resource_record_value": "_44d24dfb5f6f00cb792e2fa9b2fd7e13.vlvttdkdcz.acm-validations.aws."
              }
            ],
            "early_renewal_duration": "",
            "id": "arn:aws:acm:us-east-1:023085636495:certificate/cd80584f-e3ca-411d-ad57-09c9ee2feb1a",
            "key_algorithm": "RSA_2048",
            "not_after": "2024-08-30T23:59:59Z",
            "not_before": "2023-08-02T00:00:00Z",
            "options": [
              {
                "certificate_transparency_logging_preference": "ENABLED"
              }
            ],
            "pending_renewal": false,
            "private_key": null,
            "renewal_eligibility": "ELIGIBLE",
            "renewal_summary": [],
            "status": "ISSUED",
            "subject_alternative_names": [
              "cleomullerresume.net",
              "www.cleomullerresume.net"
            ],
            "tags": {},
            "tags_all": {},
            "type": "AMAZON_ISSUED",
            "validation_emails": [],
            "validation_method": "DNS",
            "validation_option": []
          },
          "sensitive_attributes": [],
          "private": "bnVsbA=="
        }
      ]
    },
    {
      "mode": "managed",
      "type": "aws_acm_certificate_validation",
      "name": "example",
      "provider": "provider[\"registry.terraform.io/hashicorp/aws\"].useast1",
      "instances": [
        {
          "schema_version": 0,
          "attributes": {
            "certificate_arn": "arn:aws:acm:us-east-1:023085636495:certificate/cd80584f-e3ca-411d-ad57-09c9ee2feb1a",
            "id": "2023-08-02 19:35:09.16 +0000 UTC",
            "timeouts": null,
            "validation_record_fqdns": [
              "_4d1999fa8da48c42778f874eeeae217b.www.cleomullerresume.net",
              "_637c22288ea5b5c005a65ff7d0760e63.cleomullerresume.net"
            ]
          },
          "sensitive_attributes": [],
          "private": "eyJlMmJmYjczMC1lY2FhLTExZTYtOGY4OC0zNDM2M2JjN2M0YzAiOnsiY3JlYXRlIjo0NTAwMDAwMDAwMDAwfX0=",
          "dependencies": [
            "aws_acm_certificate.example",
            "aws_route53_record.example",
            "data.aws_route53_zone.example_com"
          ]
        }
      ]
    },
    {
      "mode": "managed",
      "type": "aws_cloudfront_distribution",
      "name": "root_s3_distribution",
      "provider": "provider[\"registry.terraform.io/hashicorp/aws\"]",
      "instances": [
        {
          "schema_version": 1,
          "attributes": {
            "aliases": [
              "cleomullerresume.net"
            ],
            "arn": "arn:aws:cloudfront::023085636495:distribution/E1A2OQH5XFJ0L0",
            "caller_reference": "terraform-20230802194300323500000001",
            "comment": null,
            "custom_error_response": [],
            "default_cache_behavior": [
              {
                "allowed_methods": [
                  "GET",
                  "HEAD"
                ],
                "cache_policy_id": "",
                "cached_methods": [
                  "GET",
                  "HEAD"
                ],
                "compress": false,
                "default_ttl": 86400,
                "field_level_encryption_id": "",
                "forwarded_values": [
                  {
                    "cookies": [
                      {
                        "forward": "none",
                        "whitelisted_names": []
                      }
                    ],
                    "headers": [
                      "Origin"
                    ],
                    "query_string": true,
                    "query_string_cache_keys": []
                  }
                ],
                "function_association": [],
                "lambda_function_association": [],
                "max_ttl": 31536000,
                "min_ttl": 0,
                "origin_request_policy_id": "",
                "realtime_log_config_arn": "",
                "response_headers_policy_id": "",
                "smooth_streaming": false,
                "target_origin_id": "cleomullerresume.net",
                "trusted_key_groups": [],
                "trusted_signers": [],
                "viewer_protocol_policy": "allow-all"
              }
            ],
            "default_root_object": "",
            "domain_name": "d10a2ehdj2kf8w.cloudfront.net",
            "enabled": true,
            "etag": "E3UCOOS7HJGKE3",
            "hosted_zone_id": "Z2FDTNDATAQYW2",
            "http_version": "http2",
            "id": "E1A2OQH5XFJ0L0",
            "in_progress_validation_batches": 0,
            "is_ipv6_enabled": true,
            "last_modified_time": "2023-08-02 19:43:00.932 +0000 UTC",
            "logging_config": [],
            "ordered_cache_behavior": [],
            "origin": [
              {
                "connection_attempts": 3,
                "connection_timeout": 10,
                "custom_header": [],
                "custom_origin_config": [
                  {
                    "http_port": 80,
                    "https_port": 443,
                    "origin_keepalive_timeout": 5,
                    "origin_protocol_policy": "http-only",
                    "origin_read_timeout": 30,
                    "origin_ssl_protocols": [
                      "TLSv1",
                      "TLSv1.1",
                      "TLSv1.2"
                    ]
                  }
                ],
                "domain_name": "cleomullerresume.net.s3.eu-central-1.amazonaws.com",
                "origin_access_control_id": "",
                "origin_id": "cleomullerresume.net",
                "origin_path": "",
                "origin_shield": [],
                "s3_origin_config": []
              }
            ],
            "origin_group": [],
            "price_class": "PriceClass_All",
            "restrictions": [
              {
                "geo_restriction": [
                  {
                    "locations": [],
                    "restriction_type": "none"
                  }
                ]
              }
            ],
            "retain_on_delete": false,
            "status": "Deployed",
            "tags": {},
            "tags_all": {},
            "trusted_key_groups": [
              {
                "enabled": false,
                "items": []
              }
            ],
            "trusted_signers": [
              {
                "enabled": false,
                "items": []
              }
            ],
            "viewer_certificate": [
              {
                "acm_certificate_arn": "arn:aws:acm:us-east-1:023085636495:certificate/cd80584f-e3ca-411d-ad57-09c9ee2feb1a",
                "cloudfront_default_certificate": false,
                "iam_certificate_id": "",
                "minimum_protocol_version": "TLSv1.1_2016",
                "ssl_support_method": "sni-only"
              }
            ],
            "wait_for_deployment": true,
            "web_acl_id": ""
          },
          "sensitive_attributes": [],
          "private": "eyJzY2hlbWFfdmVyc2lvbiI6IjEifQ==",
          "dependencies": [
            "aws_acm_certificate.example",
            "aws_acm_certificate_validation.example",
            "aws_route53_record.example",
            "aws_s3_bucket.two-buckets",
            "data.aws_route53_zone.example_com"
          ]
        }
      ]
    },
    {
      "mode": "managed",
      "type": "aws_cloudfront_distribution",
      "name": "www_s3_distribution",
      "provider": "provider[\"registry.terraform.io/hashicorp/aws\"]",
      "instances": [
        {
          "schema_version": 1,
          "attributes": {
            "aliases": [
              "www.cleomullerresume.net"
            ],
            "arn": "arn:aws:cloudfront::023085636495:distribution/EDV660UOFNS40",
            "caller_reference": "terraform-20230802193635924100000001",
            "comment": null,
            "custom_error_response": [
              {
                "error_caching_min_ttl": 0,
                "error_code": 404,
                "response_code": 200,
                "response_page_path": "/404.html"
              }
            ],
            "default_cache_behavior": [
              {
                "allowed_methods": [
                  "GET",
                  "HEAD"
                ],
                "cache_policy_id": "",
                "cached_methods": [
                  "GET",
                  "HEAD"
                ],
                "compress": true,
                "default_ttl": 31536000,
                "field_level_encryption_id": "",
                "forwarded_values": [
                  {
                    "cookies": [
                      {
                        "forward": "none",
                        "whitelisted_names": []
                      }
                    ],
                    "headers": [],
                    "query_string": false,
                    "query_string_cache_keys": []
                  }
                ],
                "function_association": [],
                "lambda_function_association": [],
                "max_ttl": 31536000,
                "min_ttl": 31536000,
                "origin_request_policy_id": "",
                "realtime_log_config_arn": "",
                "response_headers_policy_id": "",
                "smooth_streaming": false,
                "target_origin_id": "www.cleomullerresume.net",
                "trusted_key_groups": [],
                "trusted_signers": [],
                "viewer_protocol_policy": "redirect-to-https"
              }
            ],
            "default_root_object": "cleomullerresume.html",
            "domain_name": "d1mumpc5yfolxv.cloudfront.net",
            "enabled": true,
            "etag": "E9K91UHLBVS90",
            "hosted_zone_id": "Z2FDTNDATAQYW2",
            "http_version": "http2",
            "id": "EDV660UOFNS40",
            "in_progress_validation_batches": 0,
            "is_ipv6_enabled": true,
            "last_modified_time": "2023-08-02 19:43:01.043 +0000 UTC",
            "logging_config": [],
            "ordered_cache_behavior": [],
            "origin": [
              {
                "connection_attempts": 3,
                "connection_timeout": 10,
                "custom_header": [],
                "custom_origin_config": [
                  {
                    "http_port": 80,
                    "https_port": 443,
                    "origin_keepalive_timeout": 5,
                    "origin_protocol_policy": "http-only",
                    "origin_read_timeout": 30,
                    "origin_ssl_protocols": [
                      "TLSv1",
                      "TLSv1.1",
                      "TLSv1.2"
                    ]
                  }
                ],
                "domain_name": "www.cleomullerresume.net.s3.eu-central-1.amazonaws.com",
                "origin_access_control_id": "",
                "origin_id": "www.cleomullerresume.net",
                "origin_path": "",
                "origin_shield": [],
                "s3_origin_config": []
              }
            ],
            "origin_group": [],
            "price_class": "PriceClass_All",
            "restrictions": [
              {
                "geo_restriction": [
                  {
                    "locations": [],
                    "restriction_type": "none"
                  }
                ]
              }
            ],
            "retain_on_delete": false,
            "status": "Deployed",
            "tags": {},
            "tags_all": {},
            "trusted_key_groups": [
              {
                "enabled": false,
                "items": []
              }
            ],
            "trusted_signers": [
              {
                "enabled": false,
                "items": []
              }
            ],
            "viewer_certificate": [
              {
                "acm_certificate_arn": "arn:aws:acm:us-east-1:023085636495:certificate/cd80584f-e3ca-411d-ad57-09c9ee2feb1a",
                "cloudfront_default_certificate": false,
                "iam_certificate_id": "",
                "minimum_protocol_version": "TLSv1.1_2016",
                "ssl_support_method": "sni-only"
              }
            ],
            "wait_for_deployment": true,
            "web_acl_id": ""
          },
          "sensitive_attributes": [],
          "private": "eyJzY2hlbWFfdmVyc2lvbiI6IjEifQ==",
          "dependencies": [
            "aws_acm_certificate.example",
            "aws_acm_certificate_validation.example",
            "aws_route53_record.example",
            "aws_s3_bucket.two-buckets",
            "data.aws_route53_zone.example_com"
          ]
        }
      ]
    },
    {
      "mode": "managed",
      "type": "aws_route53_record",
      "name": "example",
      "provider": "provider[\"registry.terraform.io/hashicorp/aws\"].useast1",
      "instances": [
        {
          "index_key": "cleomullerresume.net",
          "schema_version": 2,
          "attributes": {
            "alias": [],
            "allow_overwrite": true,
            "cidr_routing_policy": [],
            "failover_routing_policy": [],
            "fqdn": "_637c22288ea5b5c005a65ff7d0760e63.cleomullerresume.net",
            "geolocation_routing_policy": [],
            "health_check_id": "",
            "id": "Z02386222CMEOZCG1YVNW__637c22288ea5b5c005a65ff7d0760e63.cleomullerresume.net._CNAME",
            "latency_routing_policy": [],
            "multivalue_answer_routing_policy": false,
            "name": "_637c22288ea5b5c005a65ff7d0760e63.cleomullerresume.net",
            "records": [
              "_c5e87e7a247ac7f3accd733007df21fa.vlvttdkdcz.acm-validations.aws."
            ],
            "set_identifier": "",
            "ttl": 60,
            "type": "CNAME",
            "weighted_routing_policy": [],
            "zone_id": "Z02386222CMEOZCG1YVNW"
          },
          "sensitive_attributes": [],
          "private": "eyJzY2hlbWFfdmVyc2lvbiI6IjIifQ==",
          "dependencies": [
            "aws_acm_certificate.example",
            "data.aws_route53_zone.example_com"
          ]
        },
        {
          "index_key": "www.cleomullerresume.net",
          "schema_version": 2,
          "attributes": {
            "alias": [],
            "allow_overwrite": true,
            "cidr_routing_policy": [],
            "failover_routing_policy": [],
            "fqdn": "_4d1999fa8da48c42778f874eeeae217b.www.cleomullerresume.net",
            "geolocation_routing_policy": [],
            "health_check_id": "",
            "id": "Z02386222CMEOZCG1YVNW__4d1999fa8da48c42778f874eeeae217b.www.cleomullerresume.net._CNAME",
            "latency_routing_policy": [],
            "multivalue_answer_routing_policy": false,
            "name": "_4d1999fa8da48c42778f874eeeae217b.www.cleomullerresume.net",
            "records": [
              "_44d24dfb5f6f00cb792e2fa9b2fd7e13.vlvttdkdcz.acm-validations.aws."
            ],
            "set_identifier": "",
            "ttl": 60,
            "type": "CNAME",
            "weighted_routing_policy": [],
            "zone_id": "Z02386222CMEOZCG1YVNW"
          },
          "sensitive_attributes": [],
          "private": "eyJzY2hlbWFfdmVyc2lvbiI6IjIifQ==",
          "dependencies": [
            "aws_acm_certificate.example",
            "data.aws_route53_zone.example_com"
          ]
        }
      ]
    },
    {
      "mode": "managed",
      "type": "aws_route53_record",
      "name": "www",
      "provider": "provider[\"registry.terraform.io/hashicorp/aws\"]",
      "instances": [
        {
          "schema_version": 2,
          "attributes": {
            "alias": [
              {
                "evaluate_target_health": true,
                "name": "d1mumpc5yfolxv.cloudfront.net",
                "zone_id": "Z2FDTNDATAQYW2"
              }
            ],
            "allow_overwrite": null,
            "cidr_routing_policy": [],
            "failover_routing_policy": [],
            "fqdn": "cleomullerresume.net",
            "geolocation_routing_policy": [],
            "health_check_id": "",
            "id": "Z02386222CMEOZCG1YVNW_cleomullerresume.net_A",
            "latency_routing_policy": [],
            "multivalue_answer_routing_policy": false,
            "name": "cleomullerresume.net",
            "records": [],
            "set_identifier": "",
            "ttl": 0,
            "type": "A",
            "weighted_routing_policy": [],
            "zone_id": "Z02386222CMEOZCG1YVNW"
          },
          "sensitive_attributes": [],
          "private": "eyJzY2hlbWFfdmVyc2lvbiI6IjIifQ==",
          "dependencies": [
            "aws_acm_certificate.example",
            "aws_acm_certificate_validation.example",
            "aws_cloudfront_distribution.www_s3_distribution",
            "aws_route53_record.example",
            "aws_s3_bucket.two-buckets",
            "data.aws_route53_zone.example_com"
          ]
        }
      ]
    },
    {
      "mode": "managed",
      "type": "aws_route53_record",
      "name": "www-a",
      "provider": "provider[\"registry.terraform.io/hashicorp/aws\"]",
      "instances": [
        {
          "schema_version": 2,
          "attributes": {
            "alias": [
              {
                "evaluate_target_health": true,
                "name": "d10a2ehdj2kf8w.cloudfront.net",
                "zone_id": "Z2FDTNDATAQYW2"
              }
            ],
            "allow_overwrite": null,
            "cidr_routing_policy": [],
            "failover_routing_policy": [],
            "fqdn": "www.cleomullerresume.net",
            "geolocation_routing_policy": [],
            "health_check_id": "",
            "id": "Z02386222CMEOZCG1YVNW_www.cleomullerresume.net_A",
            "latency_routing_policy": [],
            "multivalue_answer_routing_policy": false,
            "name": "www.cleomullerresume.net",
            "records": [],
            "set_identifier": "",
            "ttl": 0,
            "type": "A",
            "weighted_routing_policy": [],
            "zone_id": "Z02386222CMEOZCG1YVNW"
          },
          "sensitive_attributes": [],
          "private": "eyJzY2hlbWFfdmVyc2lvbiI6IjIifQ==",
          "dependencies": [
            "aws_acm_certificate.example",
            "aws_acm_certificate_validation.example",
            "aws_cloudfront_distribution.root_s3_distribution",
            "aws_route53_record.example",
            "aws_s3_bucket.two-buckets",
            "data.aws_route53_zone.example_com"
          ]
        }
      ]
    },
    {
      "mode": "managed",
      "type": "aws_s3_bucket",
      "name": "two-buckets",
      "provider": "provider[\"registry.terraform.io/hashicorp/aws\"]",
      "instances": [
        {
          "index_key": 0,
          "schema_version": 0,
          "attributes": {
            "acceleration_status": "",
            "acl": null,
            "arn": "arn:aws:s3:::cleomullerresume.net",
            "bucket": "cleomullerresume.net",
            "bucket_domain_name": "cleomullerresume.net.s3.amazonaws.com",
            "bucket_prefix": "",
            "bucket_regional_domain_name": "cleomullerresume.net.s3.eu-central-1.amazonaws.com",
            "cors_rule": [],
            "force_destroy": false,
            "grant": [
              {
                "id": "396c1aba5c6f0d2bd1c6ea41c9e8dacf4c77330ac8c72a00e86653951b13fe83",
                "permissions": [
                  "FULL_CONTROL"
                ],
                "type": "CanonicalUser",
                "uri": ""
              }
            ],
            "hosted_zone_id": "Z21DNDUVLTQW6Q",
            "id": "cleomullerresume.net",
            "lifecycle_rule": [],
            "logging": [],
            "object_lock_configuration": [],
            "object_lock_enabled": false,
            "policy": "{\"Statement\":[{\"Action\":[\"s3:GetObject\"],\"Effect\":\"Allow\",\"Principal\":\"*\",\"Resource\":[\"arn:aws:s3:::cleomullerresume.net/*\"],\"Sid\":\"PublicReadForGetBucketObjects\"}],\"Version\":\"2012-10-17\"}",
            "region": "eu-central-1",
            "replication_configuration": [],
            "request_payer": "BucketOwner",
            "server_side_encryption_configuration": [
              {
                "rule": [
                  {
                    "apply_server_side_encryption_by_default": [
                      {
                        "kms_master_key_id": "",
                        "sse_algorithm": "AES256"
                      }
                    ],
                    "bucket_key_enabled": false
                  }
                ]
              }
            ],
            "tags": {},
            "tags_all": {},
            "timeouts": null,
            "versioning": [
              {
                "enabled": false,
                "mfa_delete": false
              }
            ],
            "website": [
              {
                "error_document": "",
                "index_document": "cleomullerresume.html",
                "redirect_all_requests_to": "",
                "routing_rules": ""
              }
            ],
            "website_domain": "s3-website.eu-central-1.amazonaws.com",
            "website_endpoint": "cleomullerresume.net.s3-website.eu-central-1.amazonaws.com"
          },
          "sensitive_attributes": [],
          "private": "eyJlMmJmYjczMC1lY2FhLTExZTYtOGY4OC0zNDM2M2JjN2M0YzAiOnsiY3JlYXRlIjoxMjAwMDAwMDAwMDAwLCJkZWxldGUiOjM2MDAwMDAwMDAwMDAsInJlYWQiOjEyMDAwMDAwMDAwMDAsInVwZGF0ZSI6MTIwMDAwMDAwMDAwMH19"
        },
        {
          "index_key": 1,
          "schema_version": 0,
          "attributes": {
            "acceleration_status": "",
            "acl": null,
            "arn": "arn:aws:s3:::www.cleomullerresume.net",
            "bucket": "www.cleomullerresume.net",
            "bucket_domain_name": "www.cleomullerresume.net.s3.amazonaws.com",
            "bucket_prefix": "",
            "bucket_regional_domain_name": "www.cleomullerresume.net.s3.eu-central-1.amazonaws.com",
            "cors_rule": [],
            "force_destroy": false,
            "grant": [
              {
                "id": "396c1aba5c6f0d2bd1c6ea41c9e8dacf4c77330ac8c72a00e86653951b13fe83",
                "permissions": [
                  "FULL_CONTROL"
                ],
                "type": "CanonicalUser",
                "uri": ""
              }
            ],
            "hosted_zone_id": "Z21DNDUVLTQW6Q",
            "id": "www.cleomullerresume.net",
            "lifecycle_rule": [],
            "logging": [],
            "object_lock_configuration": [],
            "object_lock_enabled": false,
            "policy": "{\"Statement\":[{\"Action\":[\"s3:GetObject\"],\"Effect\":\"Allow\",\"Principal\":\"*\",\"Resource\":[\"arn:aws:s3:::www.cleomullerresume.net/*\"],\"Sid\":\"PublicReadForGetBucketObjects\"}],\"Version\":\"2012-10-17\"}",
            "region": "eu-central-1",
            "replication_configuration": [],
            "request_payer": "BucketOwner",
            "server_side_encryption_configuration": [
              {
                "rule": [
                  {
                    "apply_server_side_encryption_by_default": [
                      {
                        "kms_master_key_id": "",
                        "sse_algorithm": "AES256"
                      }
                    ],
                    "bucket_key_enabled": false
                  }
                ]
              }
            ],
            "tags": {},
            "tags_all": {},
            "timeouts": null,
            "versioning": [
              {
                "enabled": false,
                "mfa_delete": false
              }
            ],
            "website": [
              {
                "error_document": "",
                "index_document": "cleomullerresume.html",
                "redirect_all_requests_to": "",
                "routing_rules": ""
              }
            ],
            "website_domain": "s3-website.eu-central-1.amazonaws.com",
            "website_endpoint": "www.cleomullerresume.net.s3-website.eu-central-1.amazonaws.com"
          },
          "sensitive_attributes": [],
          "private": "eyJlMmJmYjczMC1lY2FhLTExZTYtOGY4OC0zNDM2M2JjN2M0YzAiOnsiY3JlYXRlIjoxMjAwMDAwMDAwMDAwLCJkZWxldGUiOjM2MDAwMDAwMDAwMDAsInJlYWQiOjEyMDAwMDAwMDAwMDAsInVwZGF0ZSI6MTIwMDAwMDAwMDAwMH19"
        }
      ]
    },
    {
      "mode": "managed",
      "type": "aws_s3_bucket_website_configuration",
      "name": "s3_main_website",
      "provider": "provider[\"registry.terraform.io/hashicorp/aws\"]",
      "instances": [
        {
          "schema_version": 0,
          "attributes": {
            "bucket": "cleomullerresume.net",
            "error_document": [],
            "expected_bucket_owner": "",
            "id": "cleomullerresume.net",
            "index_document": [
              {
                "suffix": "cleomullerresume.html"
              }
            ],
            "redirect_all_requests_to": [],
            "routing_rule": [],
            "routing_rules": "",
            "website_domain": "s3-website.eu-central-1.amazonaws.com",
            "website_endpoint": "cleomullerresume.net.s3-website.eu-central-1.amazonaws.com"
          },
          "sensitive_attributes": [],
          "private": "bnVsbA=="
        }
      ]
    },
    {
      "mode": "managed",
      "type": "aws_s3_bucket_website_configuration",
      "name": "s3_root_website",
      "provider": "provider[\"registry.terraform.io/hashicorp/aws\"]",
      "instances": [
        {
          "schema_version": 0,
          "attributes": {
            "bucket": "cleomullerresume.net",
            "error_document": [],
            "expected_bucket_owner": "",
            "id": "cleomullerresume.net",
            "index_document": [],
            "redirect_all_requests_to": [
              {
                "host_name": "www.cleomullerresume.net",
                "protocol": "https"
              }
            ],
            "routing_rule": [],
            "routing_rules": "",
            "website_domain": "s3-website.eu-central-1.amazonaws.com",
            "website_endpoint": "cleomullerresume.net.s3-website.eu-central-1.amazonaws.com"
          },
          "sensitive_attributes": [],
          "private": "bnVsbA=="
        }
      ]
    },
    {
      "mode": "managed",
      "type": "aws_s3_bucket_website_configuration",
      "name": "s3_sub_website",
      "provider": "provider[\"registry.terraform.io/hashicorp/aws\"]",
      "instances": [
        {
          "schema_version": 0,
          "attributes": {
            "bucket": "www.cleomullerresume.net",
            "error_document": [],
            "expected_bucket_owner": "",
            "id": "www.cleomullerresume.net",
            "index_document": [
              {
                "suffix": "cleomullerresume.html"
              }
            ],
            "redirect_all_requests_to": [],
            "routing_rule": [],
            "routing_rules": "",
            "website_domain": "s3-website.eu-central-1.amazonaws.com",
            "website_endpoint": "www.cleomullerresume.net.s3-website.eu-central-1.amazonaws.com"
          },
          "sensitive_attributes": [],
          "private": "bnVsbA=="
        }
      ]
    },
    {
      "mode": "managed",
      "type": "aws_s3_object",
      "name": "file",
      "provider": "provider[\"registry.terraform.io/hashicorp/aws\"]",
      "instances": [
        {
          "index_key": "content/CCP Certification.png",
          "schema_version": 0,
          "attributes": {
            "acl": "private",
            "bucket": "cleomullerresume.net",
            "bucket_key_enabled": false,
            "cache_control": "",
            "content": null,
            "content_base64": null,
            "content_disposition": "",
            "content_encoding": "",
            "content_language": "",
            "content_type": "text/png",
            "etag": "203bc9337ab2dafb5c2ca3a2c39ebf64",
            "force_destroy": false,
            "id": "CCP Certification.png",
            "key": "CCP Certification.png",
            "kms_key_id": null,
            "metadata": {},
            "object_lock_legal_hold_status": "",
            "object_lock_mode": "",
            "object_lock_retain_until_date": "",
            "server_side_encryption": "AES256",
            "source": "content/CCP Certification.png",
            "source_hash": null,
            "storage_class": "STANDARD",
            "tags": {},
            "tags_all": {},
            "version_id": "",
            "website_redirect": ""
          },
          "sensitive_attributes": [],
          "private": "bnVsbA=="
        },
        {
          "index_key": "content/assets/css/style.css",
          "schema_version": 0,
          "attributes": {
            "acl": "private",
            "bucket": "cleomullerresume.net",
            "bucket_key_enabled": false,
            "cache_control": "",
            "content": null,
            "content_base64": null,
            "content_disposition": "",
            "content_encoding": "",
            "content_language": "",
            "content_type": "text/css",
            "etag": "6f4eb330666821cb9e27239398df7cc4",
            "force_destroy": false,
            "id": "assets/css/style.css",
            "key": "assets/css/style.css",
            "kms_key_id": null,
            "metadata": {},
            "object_lock_legal_hold_status": "",
            "object_lock_mode": "",
            "object_lock_retain_until_date": "",
            "server_side_encryption": "AES256",
            "source": "content/assets/css/style.css",
            "source_hash": null,
            "storage_class": "STANDARD",
            "tags": {},
            "tags_all": {},
            "version_id": "",
            "website_redirect": ""
          },
          "sensitive_attributes": [],
          "private": "bnVsbA=="
        },
        {
          "index_key": "content/assets/img/3211343.png",
          "schema_version": 0,
          "attributes": {
            "acl": "private",
            "bucket": "cleomullerresume.net",
            "bucket_key_enabled": false,
            "cache_control": "",
            "content": null,
            "content_base64": null,
            "content_disposition": "",
            "content_encoding": "",
            "content_language": "",
            "content_type": "text/png",
            "etag": "1375ca2b786bce8d1055fa59f8eb8cdd",
            "force_destroy": false,
            "id": "assets/img/3211343.png",
            "key": "assets/img/3211343.png",
            "kms_key_id": null,
            "metadata": {},
            "object_lock_legal_hold_status": "",
            "object_lock_mode": "",
            "object_lock_retain_until_date": "",
            "server_side_encryption": "AES256",
            "source": "content/assets/img/3211343.png",
            "source_hash": null,
            "storage_class": "STANDARD",
            "tags": {},
            "tags_all": {},
            "version_id": "",
            "website_redirect": ""
          },
          "sensitive_attributes": [],
          "private": "bnVsbA=="
        },
        {
          "index_key": "content/assets/img/apple-touch-icon.png",
          "schema_version": 0,
          "attributes": {
            "acl": "private",
            "bucket": "cleomullerresume.net",
            "bucket_key_enabled": false,
            "cache_control": "",
            "content": null,
            "content_base64": null,
            "content_disposition": "",
            "content_encoding": "",
            "content_language": "",
            "content_type": "text/png",
            "etag": "4090340282c4aa33a0b3fe260ac51b78",
            "force_destroy": false,
            "id": "assets/img/apple-touch-icon.png",
            "key": "assets/img/apple-touch-icon.png",
            "kms_key_id": null,
            "metadata": {},
            "object_lock_legal_hold_status": "",
            "object_lock_mode": "",
            "object_lock_retain_until_date": "",
            "server_side_encryption": "AES256",
            "source": "content/assets/img/apple-touch-icon.png",
            "source_hash": null,
            "storage_class": "STANDARD",
            "tags": {},
            "tags_all": {},
            "version_id": "",
            "website_redirect": ""
          },
          "sensitive_attributes": [],
          "private": "bnVsbA=="
        },
        {
          "index_key": "content/assets/img/apple-touch-icon1.png",
          "schema_version": 0,
          "attributes": {
            "acl": "private",
            "bucket": "cleomullerresume.net",
            "bucket_key_enabled": false,
            "cache_control": "",
            "content": null,
            "content_base64": null,
            "content_disposition": "",
            "content_encoding": "",
            "content_language": "",
            "content_type": "text/png",
            "etag": "042a7e9fdd293212aca19150aef71b0d",
            "force_destroy": false,
            "id": "assets/img/apple-touch-icon1.png",
            "key": "assets/img/apple-touch-icon1.png",
            "kms_key_id": null,
            "metadata": {},
            "object_lock_legal_hold_status": "",
            "object_lock_mode": "",
            "object_lock_retain_until_date": "",
            "server_side_encryption": "AES256",
            "source": "content/assets/img/apple-touch-icon1.png",
            "source_hash": null,
            "storage_class": "STANDARD",
            "tags": {},
            "tags_all": {},
            "version_id": "",
            "website_redirect": ""
          },
          "sensitive_attributes": [],
          "private": "bnVsbA=="
        },
        {
          "index_key": "content/assets/img/favicon.png",
          "schema_version": 0,
          "attributes": {
            "acl": "private",
            "bucket": "cleomullerresume.net",
            "bucket_key_enabled": false,
            "cache_control": "",
            "content": null,
            "content_base64": null,
            "content_disposition": "",
            "content_encoding": "",
            "content_language": "",
            "content_type": "text/png",
            "etag": "4090340282c4aa33a0b3fe260ac51b78",
            "force_destroy": false,
            "id": "assets/img/favicon.png",
            "key": "assets/img/favicon.png",
            "kms_key_id": null,
            "metadata": {},
            "object_lock_legal_hold_status": "",
            "object_lock_mode": "",
            "object_lock_retain_until_date": "",
            "server_side_encryption": "AES256",
            "source": "content/assets/img/favicon.png",
            "source_hash": null,
            "storage_class": "STANDARD",
            "tags": {},
            "tags_all": {},
            "version_id": "",
            "website_redirect": ""
          },
          "sensitive_attributes": [],
          "private": "bnVsbA=="
        },
        {
          "index_key": "content/assets/img/favicon1.png",
          "schema_version": 0,
          "attributes": {
            "acl": "private",
            "bucket": "cleomullerresume.net",
            "bucket_key_enabled": false,
            "cache_control": "",
            "content": null,
            "content_base64": null,
            "content_disposition": "",
            "content_encoding": "",
            "content_language": "",
            "content_type": "text/png",
            "etag": "fed84e16b6ccfe88ee7ffaae5dfefd34",
            "force_destroy": false,
            "id": "assets/img/favicon1.png",
            "key": "assets/img/favicon1.png",
            "kms_key_id": null,
            "metadata": {},
            "object_lock_legal_hold_status": "",
            "object_lock_mode": "",
            "object_lock_retain_until_date": "",
            "server_side_encryption": "AES256",
            "source": "content/assets/img/favicon1.png",
            "source_hash": null,
            "storage_class": "STANDARD",
            "tags": {},
            "tags_all": {},
            "version_id": "",
            "website_redirect": ""
          },
          "sensitive_attributes": [],
          "private": "bnVsbA=="
        },
        {
          "index_key": "content/assets/img/hero-bg.jpg",
          "schema_version": 0,
          "attributes": {
            "acl": "private",
            "bucket": "cleomullerresume.net",
            "bucket_key_enabled": false,
            "cache_control": "",
            "content": null,
            "content_base64": null,
            "content_disposition": "",
            "content_encoding": "",
            "content_language": "",
            "content_type": "text/jpg",
            "etag": "a7b6db52075375f80e48fd3a823f5795",
            "force_destroy": false,
            "id": "assets/img/hero-bg.jpg",
            "key": "assets/img/hero-bg.jpg",
            "kms_key_id": null,
            "metadata": {},
            "object_lock_legal_hold_status": "",
            "object_lock_mode": "",
            "object_lock_retain_until_date": "",
            "server_side_encryption": "AES256",
            "source": "content/assets/img/hero-bg.jpg",
            "source_hash": null,
            "storage_class": "STANDARD",
            "tags": {},
            "tags_all": {},
            "version_id": "",
            "website_redirect": ""
          },
          "sensitive_attributes": [],
          "private": "bnVsbA=="
        },
        {
          "index_key": "content/assets/img/hero-bg1.jpg",
          "schema_version": 0,
          "attributes": {
            "acl": "private",
            "bucket": "cleomullerresume.net",
            "bucket_key_enabled": false,
            "cache_control": "",
            "content": null,
            "content_base64": null,
            "content_disposition": "",
            "content_encoding": "",
            "content_language": "",
            "content_type": "text/jpg",
            "etag": "7c8165a6f1990a40a773f5721c731b87",
            "force_destroy": false,
            "id": "assets/img/hero-bg1.jpg",
            "key": "assets/img/hero-bg1.jpg",
            "kms_key_id": null,
            "metadata": {},
            "object_lock_legal_hold_status": "",
            "object_lock_mode": "",
            "object_lock_retain_until_date": "",
            "server_side_encryption": "AES256",
            "source": "content/assets/img/hero-bg1.jpg",
            "source_hash": null,
            "storage_class": "STANDARD",
            "tags": {},
            "tags_all": {},
            "version_id": "",
            "website_redirect": ""
          },
          "sensitive_attributes": [],
          "private": "bnVsbA=="
        },
        {
          "index_key": "content/assets/img/portfolio/portfolio-1.jpg",
          "schema_version": 0,
          "attributes": {
            "acl": "private",
            "bucket": "cleomullerresume.net",
            "bucket_key_enabled": false,
            "cache_control": "",
            "content": null,
            "content_base64": null,
            "content_disposition": "",
            "content_encoding": "",
            "content_language": "",
            "content_type": "text/jpg",
            "etag": "986a880611782cd574d3a0789c0237ae",
            "force_destroy": false,
            "id": "assets/img/portfolio/portfolio-1.jpg",
            "key": "assets/img/portfolio/portfolio-1.jpg",
            "kms_key_id": null,
            "metadata": {},
            "object_lock_legal_hold_status": "",
            "object_lock_mode": "",
            "object_lock_retain_until_date": "",
            "server_side_encryption": "AES256",
            "source": "content/assets/img/portfolio/portfolio-1.jpg",
            "source_hash": null,
            "storage_class": "STANDARD",
            "tags": {},
            "tags_all": {},
            "version_id": "",
            "website_redirect": ""
          },
          "sensitive_attributes": [],
          "private": "bnVsbA=="
        },
        {
          "index_key": "content/assets/img/portfolio/portfolio-2.jpg",
          "schema_version": 0,
          "attributes": {
            "acl": "private",
            "bucket": "cleomullerresume.net",
            "bucket_key_enabled": false,
            "cache_control": "",
            "content": null,
            "content_base64": null,
            "content_disposition": "",
            "content_encoding": "",
            "content_language": "",
            "content_type": "text/jpg",
            "etag": "86d5d96e39cd4bf3828bcc1839b0b678",
            "force_destroy": false,
            "id": "assets/img/portfolio/portfolio-2.jpg",
            "key": "assets/img/portfolio/portfolio-2.jpg",
            "kms_key_id": null,
            "metadata": {},
            "object_lock_legal_hold_status": "",
            "object_lock_mode": "",
            "object_lock_retain_until_date": "",
            "server_side_encryption": "AES256",
            "source": "content/assets/img/portfolio/portfolio-2.jpg",
            "source_hash": null,
            "storage_class": "STANDARD",
            "tags": {},
            "tags_all": {},
            "version_id": "",
            "website_redirect": ""
          },
          "sensitive_attributes": [],
          "private": "bnVsbA=="
        },
        {
          "index_key": "content/assets/img/portfolio/portfolio-3.jpg",
          "schema_version": 0,
          "attributes": {
            "acl": "private",
            "bucket": "cleomullerresume.net",
            "bucket_key_enabled": false,
            "cache_control": "",
            "content": null,
            "content_base64": null,
            "content_disposition": "",
            "content_encoding": "",
            "content_language": "",
            "content_type": "text/jpg",
            "etag": "0433809ec3039a77d3cf4197b38ff5d9",
            "force_destroy": false,
            "id": "assets/img/portfolio/portfolio-3.jpg",
            "key": "assets/img/portfolio/portfolio-3.jpg",
            "kms_key_id": null,
            "metadata": {},
            "object_lock_legal_hold_status": "",
            "object_lock_mode": "",
            "object_lock_retain_until_date": "",
            "server_side_encryption": "AES256",
            "source": "content/assets/img/portfolio/portfolio-3.jpg",
            "source_hash": null,
            "storage_class": "STANDARD",
            "tags": {},
            "tags_all": {},
            "version_id": "",
            "website_redirect": ""
          },
          "sensitive_attributes": [],
          "private": "bnVsbA=="
        },
        {
          "index_key": "content/assets/img/portfolio/portfolio-4.jpg",
          "schema_version": 0,
          "attributes": {
            "acl": "private",
            "bucket": "cleomullerresume.net",
            "bucket_key_enabled": false,
            "cache_control": "",
            "content": null,
            "content_base64": null,
            "content_disposition": "",
            "content_encoding": "",
            "content_language": "",
            "content_type": "text/jpg",
            "etag": "7031e8e37cd0a68cac8502974339385a",
            "force_destroy": false,
            "id": "assets/img/portfolio/portfolio-4.jpg",
            "key": "assets/img/portfolio/portfolio-4.jpg",
            "kms_key_id": null,
            "metadata": {},
            "object_lock_legal_hold_status": "",
            "object_lock_mode": "",
            "object_lock_retain_until_date": "",
            "server_side_encryption": "AES256",
            "source": "content/assets/img/portfolio/portfolio-4.jpg",
            "source_hash": null,
            "storage_class": "STANDARD",
            "tags": {},
            "tags_all": {},
            "version_id": "",
            "website_redirect": ""
          },
          "sensitive_attributes": [],
          "private": "bnVsbA=="
        },
        {
          "index_key": "content/assets/img/portfolio/portfolio-5.jpg",
          "schema_version": 0,
          "attributes": {
            "acl": "private",
            "bucket": "cleomullerresume.net",
            "bucket_key_enabled": false,
            "cache_control": "",
            "content": null,
            "content_base64": null,
            "content_disposition": "",
            "content_encoding": "",
            "content_language": "",
            "content_type": "text/jpg",
            "etag": "f275fd26c42a5ba420f42d408d1f5e2d",
            "force_destroy": false,
            "id": "assets/img/portfolio/portfolio-5.jpg",
            "key": "assets/img/portfolio/portfolio-5.jpg",
            "kms_key_id": null,
            "metadata": {},
            "object_lock_legal_hold_status": "",
            "object_lock_mode": "",
            "object_lock_retain_until_date": "",
            "server_side_encryption": "AES256",
            "source": "content/assets/img/portfolio/portfolio-5.jpg",
            "source_hash": null,
            "storage_class": "STANDARD",
            "tags": {},
            "tags_all": {},
            "version_id": "",
            "website_redirect": ""
          },
          "sensitive_attributes": [],
          "private": "bnVsbA=="
        },
        {
          "index_key": "content/assets/img/portfolio/portfolio-6.jpg",
          "schema_version": 0,
          "attributes": {
            "acl": "private",
            "bucket": "cleomullerresume.net",
            "bucket_key_enabled": false,
            "cache_control": "",
            "content": null,
            "content_base64": null,
            "content_disposition": "",
            "content_encoding": "",
            "content_language": "",
            "content_type": "text/jpg",
            "etag": "0c46aa93be520dcda0d37d49f2e2b640",
            "force_destroy": false,
            "id": "assets/img/portfolio/portfolio-6.jpg",
            "key": "assets/img/portfolio/portfolio-6.jpg",
            "kms_key_id": null,
            "metadata": {},
            "object_lock_legal_hold_status": "",
            "object_lock_mode": "",
            "object_lock_retain_until_date": "",
            "server_side_encryption": "AES256",
            "source": "content/assets/img/portfolio/portfolio-6.jpg",
            "source_hash": null,
            "storage_class": "STANDARD",
            "tags": {},
            "tags_all": {},
            "version_id": "",
            "website_redirect": ""
          },
          "sensitive_attributes": [],
          "private": "bnVsbA=="
        },
        {
          "index_key": "content/assets/img/portfolio/portfolio-7.jpg",
          "schema_version": 0,
          "attributes": {
            "acl": "private",
            "bucket": "cleomullerresume.net",
            "bucket_key_enabled": false,
            "cache_control": "",
            "content": null,
            "content_base64": null,
            "content_disposition": "",
            "content_encoding": "",
            "content_language": "",
            "content_type": "text/jpg",
            "etag": "b23326931c9cda6bff1f34d9e92b6d7d",
            "force_destroy": false,
            "id": "assets/img/portfolio/portfolio-7.jpg",
            "key": "assets/img/portfolio/portfolio-7.jpg",
            "kms_key_id": null,
            "metadata": {},
            "object_lock_legal_hold_status": "",
            "object_lock_mode": "",
            "object_lock_retain_until_date": "",
            "server_side_encryption": "AES256",
            "source": "content/assets/img/portfolio/portfolio-7.jpg",
            "source_hash": null,
            "storage_class": "STANDARD",
            "tags": {},
            "tags_all": {},
            "version_id": "",
            "website_redirect": ""
          },
          "sensitive_attributes": [],
          "private": "bnVsbA=="
        },
        {
          "index_key": "content/assets/img/portfolio/portfolio-8.jpg",
          "schema_version": 0,
          "attributes": {
            "acl": "private",
            "bucket": "cleomullerresume.net",
            "bucket_key_enabled": false,
            "cache_control": "",
            "content": null,
            "content_base64": null,
            "content_disposition": "",
            "content_encoding": "",
            "content_language": "",
            "content_type": "text/jpg",
            "etag": "df1afa14393481756464f9fbcd72e551",
            "force_destroy": false,
            "id": "assets/img/portfolio/portfolio-8.jpg",
            "key": "assets/img/portfolio/portfolio-8.jpg",
            "kms_key_id": null,
            "metadata": {},
            "object_lock_legal_hold_status": "",
            "object_lock_mode": "",
            "object_lock_retain_until_date": "",
            "server_side_encryption": "AES256",
            "source": "content/assets/img/portfolio/portfolio-8.jpg",
            "source_hash": null,
            "storage_class": "STANDARD",
            "tags": {},
            "tags_all": {},
            "version_id": "",
            "website_redirect": ""
          },
          "sensitive_attributes": [],
          "private": "bnVsbA=="
        },
        {
          "index_key": "content/assets/img/portfolio/portfolio-9.jpg",
          "schema_version": 0,
          "attributes": {
            "acl": "private",
            "bucket": "cleomullerresume.net",
            "bucket_key_enabled": false,
            "cache_control": "",
            "content": null,
            "content_base64": null,
            "content_disposition": "",
            "content_encoding": "",
            "content_language": "",
            "content_type": "text/jpg",
            "etag": "184fa0b5cd8b2e31671598ef2d253b23",
            "force_destroy": false,
            "id": "assets/img/portfolio/portfolio-9.jpg",
            "key": "assets/img/portfolio/portfolio-9.jpg",
            "kms_key_id": null,
            "metadata": {},
            "object_lock_legal_hold_status": "",
            "object_lock_mode": "",
            "object_lock_retain_until_date": "",
            "server_side_encryption": "AES256",
            "source": "content/assets/img/portfolio/portfolio-9.jpg",
            "source_hash": null,
            "storage_class": "STANDARD",
            "tags": {},
            "tags_all": {},
            "version_id": "",
            "website_redirect": ""
          },
          "sensitive_attributes": [],
          "private": "bnVsbA=="
        },
        {
          "index_key": "content/assets/img/portfolio/portfolio-details-1.jpg",
          "schema_version": 0,
          "attributes": {
            "acl": "private",
            "bucket": "cleomullerresume.net",
            "bucket_key_enabled": false,
            "cache_control": "",
            "content": null,
            "content_base64": null,
            "content_disposition": "",
            "content_encoding": "",
            "content_language": "",
            "content_type": "text/jpg",
            "etag": "6601d87a6fddeb507f3549a0a0eba3f3",
            "force_destroy": false,
            "id": "assets/img/portfolio/portfolio-details-1.jpg",
            "key": "assets/img/portfolio/portfolio-details-1.jpg",
            "kms_key_id": null,
            "metadata": {},
            "object_lock_legal_hold_status": "",
            "object_lock_mode": "",
            "object_lock_retain_until_date": "",
            "server_side_encryption": "AES256",
            "source": "content/assets/img/portfolio/portfolio-details-1.jpg",
            "source_hash": null,
            "storage_class": "STANDARD",
            "tags": {},
            "tags_all": {},
            "version_id": "",
            "website_redirect": ""
          },
          "sensitive_attributes": [],
          "private": "bnVsbA=="
        },
        {
          "index_key": "content/assets/img/portfolio/portfolio-details-2.jpg",
          "schema_version": 0,
          "attributes": {
            "acl": "private",
            "bucket": "cleomullerresume.net",
            "bucket_key_enabled": false,
            "cache_control": "",
            "content": null,
            "content_base64": null,
            "content_disposition": "",
            "content_encoding": "",
            "content_language": "",
            "content_type": "text/jpg",
            "etag": "32c8c83fdc6d6e1595c51e4217d4715a",
            "force_destroy": false,
            "id": "assets/img/portfolio/portfolio-details-2.jpg",
            "key": "assets/img/portfolio/portfolio-details-2.jpg",
            "kms_key_id": null,
            "metadata": {},
            "object_lock_legal_hold_status": "",
            "object_lock_mode": "",
            "object_lock_retain_until_date": "",
            "server_side_encryption": "AES256",
            "source": "content/assets/img/portfolio/portfolio-details-2.jpg",
            "source_hash": null,
            "storage_class": "STANDARD",
            "tags": {},
            "tags_all": {},
            "version_id": "",
            "website_redirect": ""
          },
          "sensitive_attributes": [],
          "private": "bnVsbA=="
        },
        {
          "index_key": "content/assets/img/portfolio/portfolio-details-3.jpg",
          "schema_version": 0,
          "attributes": {
            "acl": "private",
            "bucket": "cleomullerresume.net",
            "bucket_key_enabled": false,
            "cache_control": "",
            "content": null,
            "content_base64": null,
            "content_disposition": "",
            "content_encoding": "",
            "content_language": "",
            "content_type": "text/jpg",
            "etag": "8389266833fc68a556e96845d86ba7ba",
            "force_destroy": false,
            "id": "assets/img/portfolio/portfolio-details-3.jpg",
            "key": "assets/img/portfolio/portfolio-details-3.jpg",
            "kms_key_id": null,
            "metadata": {},
            "object_lock_legal_hold_status": "",
            "object_lock_mode": "",
            "object_lock_retain_until_date": "",
            "server_side_encryption": "AES256",
            "source": "content/assets/img/portfolio/portfolio-details-3.jpg",
            "source_hash": null,
            "storage_class": "STANDARD",
            "tags": {},
            "tags_all": {},
            "version_id": "",
            "website_redirect": ""
          },
          "sensitive_attributes": [],
          "private": "bnVsbA=="
        },
        {
          "index_key": "content/assets/img/profile-img.jpg",
          "schema_version": 0,
          "attributes": {
            "acl": "private",
            "bucket": "cleomullerresume.net",
            "bucket_key_enabled": false,
            "cache_control": "",
            "content": null,
            "content_base64": null,
            "content_disposition": "",
            "content_encoding": "",
            "content_language": "",
            "content_type": "text/jpg",
            "etag": "61f0187035dff17ab78c74e12ad729d6",
            "force_destroy": false,
            "id": "assets/img/profile-img.jpg",
            "key": "assets/img/profile-img.jpg",
            "kms_key_id": null,
            "metadata": {},
            "object_lock_legal_hold_status": "",
            "object_lock_mode": "",
            "object_lock_retain_until_date": "",
            "server_side_encryption": "AES256",
            "source": "content/assets/img/profile-img.jpg",
            "source_hash": null,
            "storage_class": "STANDARD",
            "tags": {},
            "tags_all": {},
            "version_id": "",
            "website_redirect": ""
          },
          "sensitive_attributes": [],
          "private": "bnVsbA=="
        },
        {
          "index_key": "content/assets/img/profile-img1.jpg",
          "schema_version": 0,
          "attributes": {
            "acl": "private",
            "bucket": "cleomullerresume.net",
            "bucket_key_enabled": false,
            "cache_control": "",
            "content": null,
            "content_base64": null,
            "content_disposition": "",
            "content_encoding": "",
            "content_language": "",
            "content_type": "text/jpg",
            "etag": "cb511cf43a733a816d41eb0d3bc53329",
            "force_destroy": false,
            "id": "assets/img/profile-img1.jpg",
            "key": "assets/img/profile-img1.jpg",
            "kms_key_id": null,
            "metadata": {},
            "object_lock_legal_hold_status": "",
            "object_lock_mode": "",
            "object_lock_retain_until_date": "",
            "server_side_encryption": "AES256",
            "source": "content/assets/img/profile-img1.jpg",
            "source_hash": null,
            "storage_class": "STANDARD",
            "tags": {},
            "tags_all": {},
            "version_id": "",
            "website_redirect": ""
          },
          "sensitive_attributes": [],
          "private": "bnVsbA=="
        },
        {
          "index_key": "content/assets/img/testimonials/testimonials-1.jpg",
          "schema_version": 0,
          "attributes": {
            "acl": "private",
            "bucket": "cleomullerresume.net",
            "bucket_key_enabled": false,
            "cache_control": "",
            "content": null,
            "content_base64": null,
            "content_disposition": "",
            "content_encoding": "",
            "content_language": "",
            "content_type": "text/jpg",
            "etag": "2eb96321ab48d0ba8c87de31ad7087fe",
            "force_destroy": false,
            "id": "assets/img/testimonials/testimonials-1.jpg",
            "key": "assets/img/testimonials/testimonials-1.jpg",
            "kms_key_id": null,
            "metadata": {},
            "object_lock_legal_hold_status": "",
            "object_lock_mode": "",
            "object_lock_retain_until_date": "",
            "server_side_encryption": "AES256",
            "source": "content/assets/img/testimonials/testimonials-1.jpg",
            "source_hash": null,
            "storage_class": "STANDARD",
            "tags": {},
            "tags_all": {},
            "version_id": "",
            "website_redirect": ""
          },
          "sensitive_attributes": [],
          "private": "bnVsbA=="
        },
        {
          "index_key": "content/assets/img/testimonials/testimonials-2.jpg",
          "schema_version": 0,
          "attributes": {
            "acl": "private",
            "bucket": "cleomullerresume.net",
            "bucket_key_enabled": false,
            "cache_control": "",
            "content": null,
            "content_base64": null,
            "content_disposition": "",
            "content_encoding": "",
            "content_language": "",
            "content_type": "text/jpg",
            "etag": "b6d1701868336600a333ea7bec662425",
            "force_destroy": false,
            "id": "assets/img/testimonials/testimonials-2.jpg",
            "key": "assets/img/testimonials/testimonials-2.jpg",
            "kms_key_id": null,
            "metadata": {},
            "object_lock_legal_hold_status": "",
            "object_lock_mode": "",
            "object_lock_retain_until_date": "",
            "server_side_encryption": "AES256",
            "source": "content/assets/img/testimonials/testimonials-2.jpg",
            "source_hash": null,
            "storage_class": "STANDARD",
            "tags": {},
            "tags_all": {},
            "version_id": "",
            "website_redirect": ""
          },
          "sensitive_attributes": [],
          "private": "bnVsbA=="
        },
        {
          "index_key": "content/assets/img/testimonials/testimonials-3.jpg",
          "schema_version": 0,
          "attributes": {
            "acl": "private",
            "bucket": "cleomullerresume.net",
            "bucket_key_enabled": false,
            "cache_control": "",
            "content": null,
            "content_base64": null,
            "content_disposition": "",
            "content_encoding": "",
            "content_language": "",
            "content_type": "text/jpg",
            "etag": "3d677828b23ca5dc9653eb9e8f92aa1f",
            "force_destroy": false,
            "id": "assets/img/testimonials/testimonials-3.jpg",
            "key": "assets/img/testimonials/testimonials-3.jpg",
            "kms_key_id": null,
            "metadata": {},
            "object_lock_legal_hold_status": "",
            "object_lock_mode": "",
            "object_lock_retain_until_date": "",
            "server_side_encryption": "AES256",
            "source": "content/assets/img/testimonials/testimonials-3.jpg",
            "source_hash": null,
            "storage_class": "STANDARD",
            "tags": {},
            "tags_all": {},
            "version_id": "",
            "website_redirect": ""
          },
          "sensitive_attributes": [],
          "private": "bnVsbA=="
        },
        {
          "index_key": "content/assets/img/testimonials/testimonials-4.jpg",
          "schema_version": 0,
          "attributes": {
            "acl": "private",
            "bucket": "cleomullerresume.net",
            "bucket_key_enabled": false,
            "cache_control": "",
            "content": null,
            "content_base64": null,
            "content_disposition": "",
            "content_encoding": "",
            "content_language": "",
            "content_type": "text/jpg",
            "etag": "08d8679b1e421ad63fd4d61156a5acd1",
            "force_destroy": false,
            "id": "assets/img/testimonials/testimonials-4.jpg",
            "key": "assets/img/testimonials/testimonials-4.jpg",
            "kms_key_id": null,
            "metadata": {},
            "object_lock_legal_hold_status": "",
            "object_lock_mode": "",
            "object_lock_retain_until_date": "",
            "server_side_encryption": "AES256",
            "source": "content/assets/img/testimonials/testimonials-4.jpg",
            "source_hash": null,
            "storage_class": "STANDARD",
            "tags": {},
            "tags_all": {},
            "version_id": "",
            "website_redirect": ""
          },
          "sensitive_attributes": [],
          "private": "bnVsbA=="
        },
        {
          "index_key": "content/assets/img/testimonials/testimonials-5.jpg",
          "schema_version": 0,
          "attributes": {
            "acl": "private",
            "bucket": "cleomullerresume.net",
            "bucket_key_enabled": false,
            "cache_control": "",
            "content": null,
            "content_base64": null,
            "content_disposition": "",
            "content_encoding": "",
            "content_language": "",
            "content_type": "text/jpg",
            "etag": "72fb04435870ed091240bd9da7474dab",
            "force_destroy": false,
            "id": "assets/img/testimonials/testimonials-5.jpg",
            "key": "assets/img/testimonials/testimonials-5.jpg",
            "kms_key_id": null,
            "metadata": {},
            "object_lock_legal_hold_status": "",
            "object_lock_mode": "",
            "object_lock_retain_until_date": "",
            "server_side_encryption": "AES256",
            "source": "content/assets/img/testimonials/testimonials-5.jpg",
            "source_hash": null,
            "storage_class": "STANDARD",
            "tags": {},
            "tags_all": {},
            "version_id": "",
            "website_redirect": ""
          },
          "sensitive_attributes": [],
          "private": "bnVsbA=="
        },
        {
          "index_key": "content/assets/js/main.js",
          "schema_version": 0,
          "attributes": {
            "acl": "private",
            "bucket": "cleomullerresume.net",
            "bucket_key_enabled": false,
            "cache_control": "",
            "content": null,
            "content_base64": null,
            "content_disposition": "",
            "content_encoding": "",
            "content_language": "",
            "content_type": "text/javascript",
            "etag": "2ebacafe54ab02fd3b2250b90b87b534",
            "force_destroy": false,
            "id": "assets/js/main.js",
            "key": "assets/js/main.js",
            "kms_key_id": null,
            "metadata": {},
            "object_lock_legal_hold_status": "",
            "object_lock_mode": "",
            "object_lock_retain_until_date": "",
            "server_side_encryption": "AES256",
            "source": "content/assets/js/main.js",
            "source_hash": null,
            "storage_class": "STANDARD",
            "tags": {},
            "tags_all": {},
            "version_id": "",
            "website_redirect": ""
          },
          "sensitive_attributes": [],
          "private": "bnVsbA=="
        },
        {
          "index_key": "content/assets/vendor/aos/aos.cjs.js",
          "schema_version": 0,
          "attributes": {
            "acl": "private",
            "bucket": "cleomullerresume.net",
            "bucket_key_enabled": false,
            "cache_control": "",
            "content": null,
            "content_base64": null,
            "content_disposition": "",
            "content_encoding": "",
            "content_language": "",
            "content_type": "text/javascript",
            "etag": "d9f4c76336e267671bb18202f917a2fc",
            "force_destroy": false,
            "id": "assets/vendor/aos/aos.cjs.js",
            "key": "assets/vendor/aos/aos.cjs.js",
            "kms_key_id": null,
            "metadata": {},
            "object_lock_legal_hold_status": "",
            "object_lock_mode": "",
            "object_lock_retain_until_date": "",
            "server_side_encryption": "AES256",
            "source": "content/assets/vendor/aos/aos.cjs.js",
            "source_hash": null,
            "storage_class": "STANDARD",
            "tags": {},
            "tags_all": {},
            "version_id": "",
            "website_redirect": ""
          },
          "sensitive_attributes": [],
          "private": "bnVsbA=="
        },
        {
          "index_key": "content/assets/vendor/aos/aos.css",
          "schema_version": 0,
          "attributes": {
            "acl": "private",
            "bucket": "cleomullerresume.net",
            "bucket_key_enabled": false,
            "cache_control": "",
            "content": null,
            "content_base64": null,
            "content_disposition": "",
            "content_encoding": "",
            "content_language": "",
            "content_type": "text/css",
            "etag": "6bb5545318038a2cfb38a19581c581f9",
            "force_destroy": false,
            "id": "assets/vendor/aos/aos.css",
            "key": "assets/vendor/aos/aos.css",
            "kms_key_id": null,
            "metadata": {},
            "object_lock_legal_hold_status": "",
            "object_lock_mode": "",
            "object_lock_retain_until_date": "",
            "server_side_encryption": "AES256",
            "source": "content/assets/vendor/aos/aos.css",
            "source_hash": null,
            "storage_class": "STANDARD",
            "tags": {},
            "tags_all": {},
            "version_id": "",
            "website_redirect": ""
          },
          "sensitive_attributes": [],
          "private": "bnVsbA=="
        },
        {
          "index_key": "content/assets/vendor/aos/aos.esm.js",
          "schema_version": 0,
          "attributes": {
            "acl": "private",
            "bucket": "cleomullerresume.net",
            "bucket_key_enabled": false,
            "cache_control": "",
            "content": null,
            "content_base64": null,
            "content_disposition": "",
            "content_encoding": "",
            "content_language": "",
            "content_type": "text/javascript",
            "etag": "b3eeb124f7edfb1f599a680981e2224d",
            "force_destroy": false,
            "id": "assets/vendor/aos/aos.esm.js",
            "key": "assets/vendor/aos/aos.esm.js",
            "kms_key_id": null,
            "metadata": {},
            "object_lock_legal_hold_status": "",
            "object_lock_mode": "",
            "object_lock_retain_until_date": "",
            "server_side_encryption": "AES256",
            "source": "content/assets/vendor/aos/aos.esm.js",
            "source_hash": null,
            "storage_class": "STANDARD",
            "tags": {},
            "tags_all": {},
            "version_id": "",
            "website_redirect": ""
          },
          "sensitive_attributes": [],
          "private": "bnVsbA=="
        },
        {
          "index_key": "content/assets/vendor/aos/aos.js",
          "schema_version": 0,
          "attributes": {
            "acl": "private",
            "bucket": "cleomullerresume.net",
            "bucket_key_enabled": false,
            "cache_control": "",
            "content": null,
            "content_base64": null,
            "content_disposition": "",
            "content_encoding": "",
            "content_language": "",
            "content_type": "text/javascript",
            "etag": "aa20b6e0418d20fb86b071e670b2b207",
            "force_destroy": false,
            "id": "assets/vendor/aos/aos.js",
            "key": "assets/vendor/aos/aos.js",
            "kms_key_id": null,
            "metadata": {},
            "object_lock_legal_hold_status": "",
            "object_lock_mode": "",
            "object_lock_retain_until_date": "",
            "server_side_encryption": "AES256",
            "source": "content/assets/vendor/aos/aos.js",
            "source_hash": null,
            "storage_class": "STANDARD",
            "tags": {},
            "tags_all": {},
            "version_id": "",
            "website_redirect": ""
          },
          "sensitive_attributes": [],
          "private": "bnVsbA=="
        },
        {
          "index_key": "content/assets/vendor/bootstrap-icons/bootstrap-icons.css",
          "schema_version": 0,
          "attributes": {
            "acl": "private",
            "bucket": "cleomullerresume.net",
            "bucket_key_enabled": false,
            "cache_control": "",
            "content": null,
            "content_base64": null,
            "content_disposition": "",
            "content_encoding": "",
            "content_language": "",
            "content_type": "text/css",
            "etag": "8f4b242830ec54686815617e7b5a5b1b",
            "force_destroy": false,
            "id": "assets/vendor/bootstrap-icons/bootstrap-icons.css",
            "key": "assets/vendor/bootstrap-icons/bootstrap-icons.css",
            "kms_key_id": null,
            "metadata": {},
            "object_lock_legal_hold_status": "",
            "object_lock_mode": "",
            "object_lock_retain_until_date": "",
            "server_side_encryption": "AES256",
            "source": "content/assets/vendor/bootstrap-icons/bootstrap-icons.css",
            "source_hash": null,
            "storage_class": "STANDARD",
            "tags": {},
            "tags_all": {},
            "version_id": "",
            "website_redirect": ""
          },
          "sensitive_attributes": [],
          "private": "bnVsbA=="
        },
        {
          "index_key": "content/assets/vendor/bootstrap-icons/bootstrap-icons.min.css",
          "schema_version": 0,
          "attributes": {
            "acl": "private",
            "bucket": "cleomullerresume.net",
            "bucket_key_enabled": false,
            "cache_control": "",
            "content": null,
            "content_base64": null,
            "content_disposition": "",
            "content_encoding": "",
            "content_language": "",
            "content_type": "text/css",
            "etag": "7b55ca02868d589ed1fb8372085198cf",
            "force_destroy": false,
            "id": "assets/vendor/bootstrap-icons/bootstrap-icons.min.css",
            "key": "assets/vendor/bootstrap-icons/bootstrap-icons.min.css",
            "kms_key_id": null,
            "metadata": {},
            "object_lock_legal_hold_status": "",
            "object_lock_mode": "",
            "object_lock_retain_until_date": "",
            "server_side_encryption": "AES256",
            "source": "content/assets/vendor/bootstrap-icons/bootstrap-icons.min.css",
            "source_hash": null,
            "storage_class": "STANDARD",
            "tags": {},
            "tags_all": {},
            "version_id": "",
            "website_redirect": ""
          },
          "sensitive_attributes": [],
          "private": "bnVsbA=="
        },
        {
          "index_key": "content/assets/vendor/bootstrap-icons/bootstrap-icons.scss",
          "schema_version": 0,
          "attributes": {
            "acl": "private",
            "bucket": "cleomullerresume.net",
            "bucket_key_enabled": false,
            "cache_control": "",
            "content": null,
            "content_base64": null,
            "content_disposition": "",
            "content_encoding": "",
            "content_language": "",
            "content_type": "text/scss",
            "etag": "4a97a0cf4ca08e29bf4869f30757d652",
            "force_destroy": false,
            "id": "assets/vendor/bootstrap-icons/bootstrap-icons.scss",
            "key": "assets/vendor/bootstrap-icons/bootstrap-icons.scss",
            "kms_key_id": null,
            "metadata": {},
            "object_lock_legal_hold_status": "",
            "object_lock_mode": "",
            "object_lock_retain_until_date": "",
            "server_side_encryption": "AES256",
            "source": "content/assets/vendor/bootstrap-icons/bootstrap-icons.scss",
            "source_hash": null,
            "storage_class": "STANDARD",
            "tags": {},
            "tags_all": {},
            "version_id": "",
            "website_redirect": ""
          },
          "sensitive_attributes": [],
          "private": "bnVsbA=="
        },
        {
          "index_key": "content/assets/vendor/bootstrap/css/bootstrap-grid.css",
          "schema_version": 0,
          "attributes": {
            "acl": "private",
            "bucket": "cleomullerresume.net",
            "bucket_key_enabled": false,
            "cache_control": "",
            "content": null,
            "content_base64": null,
            "content_disposition": "",
            "content_encoding": "",
            "content_language": "",
            "content_type": "text/css",
            "etag": "88a1a050ac10613882d9b1ea58f39a04",
            "force_destroy": false,
            "id": "assets/vendor/bootstrap/css/bootstrap-grid.css",
            "key": "assets/vendor/bootstrap/css/bootstrap-grid.css",
            "kms_key_id": null,
            "metadata": {},
            "object_lock_legal_hold_status": "",
            "object_lock_mode": "",
            "object_lock_retain_until_date": "",
            "server_side_encryption": "AES256",
            "source": "content/assets/vendor/bootstrap/css/bootstrap-grid.css",
            "source_hash": null,
            "storage_class": "STANDARD",
            "tags": {},
            "tags_all": {},
            "version_id": "",
            "website_redirect": ""
          },
          "sensitive_attributes": [],
          "private": "bnVsbA=="
        },
        {
          "index_key": "content/assets/vendor/bootstrap/css/bootstrap-grid.min.css",
          "schema_version": 0,
          "attributes": {
            "acl": "private",
            "bucket": "cleomullerresume.net",
            "bucket_key_enabled": false,
            "cache_control": "",
            "content": null,
            "content_base64": null,
            "content_disposition": "",
            "content_encoding": "",
            "content_language": "",
            "content_type": "text/css",
            "etag": "7c218347bb2fdfd6b18ec2c892d33587",
            "force_destroy": false,
            "id": "assets/vendor/bootstrap/css/bootstrap-grid.min.css",
            "key": "assets/vendor/bootstrap/css/bootstrap-grid.min.css",
            "kms_key_id": null,
            "metadata": {},
            "object_lock_legal_hold_status": "",
            "object_lock_mode": "",
            "object_lock_retain_until_date": "",
            "server_side_encryption": "AES256",
            "source": "content/assets/vendor/bootstrap/css/bootstrap-grid.min.css",
            "source_hash": null,
            "storage_class": "STANDARD",
            "tags": {},
            "tags_all": {},
            "version_id": "",
            "website_redirect": ""
          },
          "sensitive_attributes": [],
          "private": "bnVsbA=="
        },
        {
          "index_key": "content/assets/vendor/bootstrap/css/bootstrap-grid.rtl.css",
          "schema_version": 0,
          "attributes": {
            "acl": "private",
            "bucket": "cleomullerresume.net",
            "bucket_key_enabled": false,
            "cache_control": "",
            "content": null,
            "content_base64": null,
            "content_disposition": "",
            "content_encoding": "",
            "content_language": "",
            "content_type": "text/css",
            "etag": "7a54abeae32365edb8b1bd4d4b7f6f4a",
            "force_destroy": false,
            "id": "assets/vendor/bootstrap/css/bootstrap-grid.rtl.css",
            "key": "assets/vendor/bootstrap/css/bootstrap-grid.rtl.css",
            "kms_key_id": null,
            "metadata": {},
            "object_lock_legal_hold_status": "",
            "object_lock_mode": "",
            "object_lock_retain_until_date": "",
            "server_side_encryption": "AES256",
            "source": "content/assets/vendor/bootstrap/css/bootstrap-grid.rtl.css",
            "source_hash": null,
            "storage_class": "STANDARD",
            "tags": {},
            "tags_all": {},
            "version_id": "",
            "website_redirect": ""
          },
          "sensitive_attributes": [],
          "private": "bnVsbA=="
        },
        {
          "index_key": "content/assets/vendor/bootstrap/css/bootstrap-grid.rtl.min.css",
          "schema_version": 0,
          "attributes": {
            "acl": "private",
            "bucket": "cleomullerresume.net",
            "bucket_key_enabled": false,
            "cache_control": "",
            "content": null,
            "content_base64": null,
            "content_disposition": "",
            "content_encoding": "",
            "content_language": "",
            "content_type": "text/css",
            "etag": "c2ddda8b98dcae6b41d6d1dc782a7e1a",
            "force_destroy": false,
            "id": "assets/vendor/bootstrap/css/bootstrap-grid.rtl.min.css",
            "key": "assets/vendor/bootstrap/css/bootstrap-grid.rtl.min.css",
            "kms_key_id": null,
            "metadata": {},
            "object_lock_legal_hold_status": "",
            "object_lock_mode": "",
            "object_lock_retain_until_date": "",
            "server_side_encryption": "AES256",
            "source": "content/assets/vendor/bootstrap/css/bootstrap-grid.rtl.min.css",
            "source_hash": null,
            "storage_class": "STANDARD",
            "tags": {},
            "tags_all": {},
            "version_id": "",
            "website_redirect": ""
          },
          "sensitive_attributes": [],
          "private": "bnVsbA=="
        },
        {
          "index_key": "content/assets/vendor/bootstrap/css/bootstrap-reboot.css",
          "schema_version": 0,
          "attributes": {
            "acl": "private",
            "bucket": "cleomullerresume.net",
            "bucket_key_enabled": false,
            "cache_control": "",
            "content": null,
            "content_base64": null,
            "content_disposition": "",
            "content_encoding": "",
            "content_language": "",
            "content_type": "text/css",
            "etag": "292dc3f9fa0daf4aca278b093dcc82f7",
            "force_destroy": false,
            "id": "assets/vendor/bootstrap/css/bootstrap-reboot.css",
            "key": "assets/vendor/bootstrap/css/bootstrap-reboot.css",
            "kms_key_id": null,
            "metadata": {},
            "object_lock_legal_hold_status": "",
            "object_lock_mode": "",
            "object_lock_retain_until_date": "",
            "server_side_encryption": "AES256",
            "source": "content/assets/vendor/bootstrap/css/bootstrap-reboot.css",
            "source_hash": null,
            "storage_class": "STANDARD",
            "tags": {},
            "tags_all": {},
            "version_id": "",
            "website_redirect": ""
          },
          "sensitive_attributes": [],
          "private": "bnVsbA=="
        },
        {
          "index_key": "content/assets/vendor/bootstrap/css/bootstrap-reboot.min.css",
          "schema_version": 0,
          "attributes": {
            "acl": "private",
            "bucket": "cleomullerresume.net",
            "bucket_key_enabled": false,
            "cache_control": "",
            "content": null,
            "content_base64": null,
            "content_disposition": "",
            "content_encoding": "",
            "content_language": "",
            "content_type": "text/css",
            "etag": "fb689eb57aef781178b5b295d4b61e81",
            "force_destroy": false,
            "id": "assets/vendor/bootstrap/css/bootstrap-reboot.min.css",
            "key": "assets/vendor/bootstrap/css/bootstrap-reboot.min.css",
            "kms_key_id": null,
            "metadata": {},
            "object_lock_legal_hold_status": "",
            "object_lock_mode": "",
            "object_lock_retain_until_date": "",
            "server_side_encryption": "AES256",
            "source": "content/assets/vendor/bootstrap/css/bootstrap-reboot.min.css",
            "source_hash": null,
            "storage_class": "STANDARD",
            "tags": {},
            "tags_all": {},
            "version_id": "",
            "website_redirect": ""
          },
          "sensitive_attributes": [],
          "private": "bnVsbA=="
        },
        {
          "index_key": "content/assets/vendor/bootstrap/css/bootstrap-reboot.rtl.css",
          "schema_version": 0,
          "attributes": {
            "acl": "private",
            "bucket": "cleomullerresume.net",
            "bucket_key_enabled": false,
            "cache_control": "",
            "content": null,
            "content_base64": null,
            "content_disposition": "",
            "content_encoding": "",
            "content_language": "",
            "content_type": "text/css",
            "etag": "d80efc0de1b8f3767a0fff7fbf64f743",
            "force_destroy": false,
            "id": "assets/vendor/bootstrap/css/bootstrap-reboot.rtl.css",
            "key": "assets/vendor/bootstrap/css/bootstrap-reboot.rtl.css",
            "kms_key_id": null,
            "metadata": {},
            "object_lock_legal_hold_status": "",
            "object_lock_mode": "",
            "object_lock_retain_until_date": "",
            "server_side_encryption": "AES256",
            "source": "content/assets/vendor/bootstrap/css/bootstrap-reboot.rtl.css",
            "source_hash": null,
            "storage_class": "STANDARD",
            "tags": {},
            "tags_all": {},
            "version_id": "",
            "website_redirect": ""
          },
          "sensitive_attributes": [],
          "private": "bnVsbA=="
        },
        {
          "index_key": "content/assets/vendor/bootstrap/css/bootstrap-reboot.rtl.min.css",
          "schema_version": 0,
          "attributes": {
            "acl": "private",
            "bucket": "cleomullerresume.net",
            "bucket_key_enabled": false,
            "cache_control": "",
            "content": null,
            "content_base64": null,
            "content_disposition": "",
            "content_encoding": "",
            "content_language": "",
            "content_type": "text/css",
            "etag": "85ccb5c4f75f1ec670243240d8c4faf8",
            "force_destroy": false,
            "id": "assets/vendor/bootstrap/css/bootstrap-reboot.rtl.min.css",
            "key": "assets/vendor/bootstrap/css/bootstrap-reboot.rtl.min.css",
            "kms_key_id": null,
            "metadata": {},
            "object_lock_legal_hold_status": "",
            "object_lock_mode": "",
            "object_lock_retain_until_date": "",
            "server_side_encryption": "AES256",
            "source": "content/assets/vendor/bootstrap/css/bootstrap-reboot.rtl.min.css",
            "source_hash": null,
            "storage_class": "STANDARD",
            "tags": {},
            "tags_all": {},
            "version_id": "",
            "website_redirect": ""
          },
          "sensitive_attributes": [],
          "private": "bnVsbA=="
        },
        {
          "index_key": "content/assets/vendor/bootstrap/css/bootstrap-utilities.css",
          "schema_version": 0,
          "attributes": {
            "acl": "private",
            "bucket": "cleomullerresume.net",
            "bucket_key_enabled": false,
            "cache_control": "",
            "content": null,
            "content_base64": null,
            "content_disposition": "",
            "content_encoding": "",
            "content_language": "",
            "content_type": "text/css",
            "etag": "390e5e885c6137f3c8406fbb7ee97678",
            "force_destroy": false,
            "id": "assets/vendor/bootstrap/css/bootstrap-utilities.css",
            "key": "assets/vendor/bootstrap/css/bootstrap-utilities.css",
            "kms_key_id": null,
            "metadata": {},
            "object_lock_legal_hold_status": "",
            "object_lock_mode": "",
            "object_lock_retain_until_date": "",
            "server_side_encryption": "AES256",
            "source": "content/assets/vendor/bootstrap/css/bootstrap-utilities.css",
            "source_hash": null,
            "storage_class": "STANDARD",
            "tags": {},
            "tags_all": {},
            "version_id": "",
            "website_redirect": ""
          },
          "sensitive_attributes": [],
          "private": "bnVsbA=="
        },
        {
          "index_key": "content/assets/vendor/bootstrap/css/bootstrap-utilities.min.css",
          "schema_version": 0,
          "attributes": {
            "acl": "private",
            "bucket": "cleomullerresume.net",
            "bucket_key_enabled": false,
            "cache_control": "",
            "content": null,
            "content_base64": null,
            "content_disposition": "",
            "content_encoding": "",
            "content_language": "",
            "content_type": "text/css",
            "etag": "1a9d5a205310b030f2a1c075cc9b9ad1",
            "force_destroy": false,
            "id": "assets/vendor/bootstrap/css/bootstrap-utilities.min.css",
            "key": "assets/vendor/bootstrap/css/bootstrap-utilities.min.css",
            "kms_key_id": null,
            "metadata": {},
            "object_lock_legal_hold_status": "",
            "object_lock_mode": "",
            "object_lock_retain_until_date": "",
            "server_side_encryption": "AES256",
            "source": "content/assets/vendor/bootstrap/css/bootstrap-utilities.min.css",
            "source_hash": null,
            "storage_class": "STANDARD",
            "tags": {},
            "tags_all": {},
            "version_id": "",
            "website_redirect": ""
          },
          "sensitive_attributes": [],
          "private": "bnVsbA=="
        },
        {
          "index_key": "content/assets/vendor/bootstrap/css/bootstrap-utilities.rtl.css",
          "schema_version": 0,
          "attributes": {
            "acl": "private",
            "bucket": "cleomullerresume.net",
            "bucket_key_enabled": false,
            "cache_control": "",
            "content": null,
            "content_base64": null,
            "content_disposition": "",
            "content_encoding": "",
            "content_language": "",
            "content_type": "text/css",
            "etag": "2807321baffce3f4cbe0a7ba91c513ea",
            "force_destroy": false,
            "id": "assets/vendor/bootstrap/css/bootstrap-utilities.rtl.css",
            "key": "assets/vendor/bootstrap/css/bootstrap-utilities.rtl.css",
            "kms_key_id": null,
            "metadata": {},
            "object_lock_legal_hold_status": "",
            "object_lock_mode": "",
            "object_lock_retain_until_date": "",
            "server_side_encryption": "AES256",
            "source": "content/assets/vendor/bootstrap/css/bootstrap-utilities.rtl.css",
            "source_hash": null,
            "storage_class": "STANDARD",
            "tags": {},
            "tags_all": {},
            "version_id": "",
            "website_redirect": ""
          },
          "sensitive_attributes": [],
          "private": "bnVsbA=="
        },
        {
          "index_key": "content/assets/vendor/bootstrap/css/bootstrap-utilities.rtl.min.css",
          "schema_version": 0,
          "attributes": {
            "acl": "private",
            "bucket": "cleomullerresume.net",
            "bucket_key_enabled": false,
            "cache_control": "",
            "content": null,
            "content_base64": null,
            "content_disposition": "",
            "content_encoding": "",
            "content_language": "",
            "content_type": "text/css",
            "etag": "58348c84aae17b088558358167a46849",
            "force_destroy": false,
            "id": "assets/vendor/bootstrap/css/bootstrap-utilities.rtl.min.css",
            "key": "assets/vendor/bootstrap/css/bootstrap-utilities.rtl.min.css",
            "kms_key_id": null,
            "metadata": {},
            "object_lock_legal_hold_status": "",
            "object_lock_mode": "",
            "object_lock_retain_until_date": "",
            "server_side_encryption": "AES256",
            "source": "content/assets/vendor/bootstrap/css/bootstrap-utilities.rtl.min.css",
            "source_hash": null,
            "storage_class": "STANDARD",
            "tags": {},
            "tags_all": {},
            "version_id": "",
            "website_redirect": ""
          },
          "sensitive_attributes": [],
          "private": "bnVsbA=="
        },
        {
          "index_key": "content/assets/vendor/bootstrap/css/bootstrap.css",
          "schema_version": 0,
          "attributes": {
            "acl": "private",
            "bucket": "cleomullerresume.net",
            "bucket_key_enabled": false,
            "cache_control": "",
            "content": null,
            "content_base64": null,
            "content_disposition": "",
            "content_encoding": "",
            "content_language": "",
            "content_type": "text/css",
            "etag": "c1ca1e21ab9c6b86028c8335b66e9408",
            "force_destroy": false,
            "id": "assets/vendor/bootstrap/css/bootstrap.css",
            "key": "assets/vendor/bootstrap/css/bootstrap.css",
            "kms_key_id": null,
            "metadata": {},
            "object_lock_legal_hold_status": "",
            "object_lock_mode": "",
            "object_lock_retain_until_date": "",
            "server_side_encryption": "AES256",
            "source": "content/assets/vendor/bootstrap/css/bootstrap.css",
            "source_hash": null,
            "storage_class": "STANDARD",
            "tags": {},
            "tags_all": {},
            "version_id": "",
            "website_redirect": ""
          },
          "sensitive_attributes": [],
          "private": "bnVsbA=="
        },
        {
          "index_key": "content/assets/vendor/bootstrap/css/bootstrap.min.css",
          "schema_version": 0,
          "attributes": {
            "acl": "private",
            "bucket": "cleomullerresume.net",
            "bucket_key_enabled": false,
            "cache_control": "",
            "content": null,
            "content_base64": null,
            "content_disposition": "",
            "content_encoding": "",
            "content_language": "",
            "content_type": "text/css",
            "etag": "fe7fdfec700d100dc745dc64d3600cb2",
            "force_destroy": false,
            "id": "assets/vendor/bootstrap/css/bootstrap.min.css",
            "key": "assets/vendor/bootstrap/css/bootstrap.min.css",
            "kms_key_id": null,
            "metadata": {},
            "object_lock_legal_hold_status": "",
            "object_lock_mode": "",
            "object_lock_retain_until_date": "",
            "server_side_encryption": "AES256",
            "source": "content/assets/vendor/bootstrap/css/bootstrap.min.css",
            "source_hash": null,
            "storage_class": "STANDARD",
            "tags": {},
            "tags_all": {},
            "version_id": "",
            "website_redirect": ""
          },
          "sensitive_attributes": [],
          "private": "bnVsbA=="
        },
        {
          "index_key": "content/assets/vendor/bootstrap/css/bootstrap.rtl.css",
          "schema_version": 0,
          "attributes": {
            "acl": "private",
            "bucket": "cleomullerresume.net",
            "bucket_key_enabled": false,
            "cache_control": "",
            "content": null,
            "content_base64": null,
            "content_disposition": "",
            "content_encoding": "",
            "content_language": "",
            "content_type": "text/css",
            "etag": "9a040d9b7289c890a4795be07148e298",
            "force_destroy": false,
            "id": "assets/vendor/bootstrap/css/bootstrap.rtl.css",
            "key": "assets/vendor/bootstrap/css/bootstrap.rtl.css",
            "kms_key_id": null,
            "metadata": {},
            "object_lock_legal_hold_status": "",
            "object_lock_mode": "",
            "object_lock_retain_until_date": "",
            "server_side_encryption": "AES256",
            "source": "content/assets/vendor/bootstrap/css/bootstrap.rtl.css",
            "source_hash": null,
            "storage_class": "STANDARD",
            "tags": {},
            "tags_all": {},
            "version_id": "",
            "website_redirect": ""
          },
          "sensitive_attributes": [],
          "private": "bnVsbA=="
        },
        {
          "index_key": "content/assets/vendor/bootstrap/css/bootstrap.rtl.min.css",
          "schema_version": 0,
          "attributes": {
            "acl": "private",
            "bucket": "cleomullerresume.net",
            "bucket_key_enabled": false,
            "cache_control": "",
            "content": null,
            "content_base64": null,
            "content_disposition": "",
            "content_encoding": "",
            "content_language": "",
            "content_type": "text/css",
            "etag": "f4b976988fc103085c1c9694d00a84aa",
            "force_destroy": false,
            "id": "assets/vendor/bootstrap/css/bootstrap.rtl.min.css",
            "key": "assets/vendor/bootstrap/css/bootstrap.rtl.min.css",
            "kms_key_id": null,
            "metadata": {},
            "object_lock_legal_hold_status": "",
            "object_lock_mode": "",
            "object_lock_retain_until_date": "",
            "server_side_encryption": "AES256",
            "source": "content/assets/vendor/bootstrap/css/bootstrap.rtl.min.css",
            "source_hash": null,
            "storage_class": "STANDARD",
            "tags": {},
            "tags_all": {},
            "version_id": "",
            "website_redirect": ""
          },
          "sensitive_attributes": [],
          "private": "bnVsbA=="
        },
        {
          "index_key": "content/assets/vendor/bootstrap/js/bootstrap.bundle.js",
          "schema_version": 0,
          "attributes": {
            "acl": "private",
            "bucket": "cleomullerresume.net",
            "bucket_key_enabled": false,
            "cache_control": "",
            "content": null,
            "content_base64": null,
            "content_disposition": "",
            "content_encoding": "",
            "content_language": "",
            "content_type": "text/javascript",
            "etag": "57a985a5376d69aeb76bda8cdedc9ad1",
            "force_destroy": false,
            "id": "assets/vendor/bootstrap/js/bootstrap.bundle.js",
            "key": "assets/vendor/bootstrap/js/bootstrap.bundle.js",
            "kms_key_id": null,
            "metadata": {},
            "object_lock_legal_hold_status": "",
            "object_lock_mode": "",
            "object_lock_retain_until_date": "",
            "server_side_encryption": "AES256",
            "source": "content/assets/vendor/bootstrap/js/bootstrap.bundle.js",
            "source_hash": null,
            "storage_class": "STANDARD",
            "tags": {},
            "tags_all": {},
            "version_id": "",
            "website_redirect": ""
          },
          "sensitive_attributes": [],
          "private": "bnVsbA=="
        },
        {
          "index_key": "content/assets/vendor/bootstrap/js/bootstrap.bundle.min.js",
          "schema_version": 0,
          "attributes": {
            "acl": "private",
            "bucket": "cleomullerresume.net",
            "bucket_key_enabled": false,
            "cache_control": "",
            "content": null,
            "content_base64": null,
            "content_disposition": "",
            "content_encoding": "",
            "content_language": "",
            "content_type": "text/javascript",
            "etag": "849e6db145f2905ce210f628bddd9de5",
            "force_destroy": false,
            "id": "assets/vendor/bootstrap/js/bootstrap.bundle.min.js",
            "key": "assets/vendor/bootstrap/js/bootstrap.bundle.min.js",
            "kms_key_id": null,
            "metadata": {},
            "object_lock_legal_hold_status": "",
            "object_lock_mode": "",
            "object_lock_retain_until_date": "",
            "server_side_encryption": "AES256",
            "source": "content/assets/vendor/bootstrap/js/bootstrap.bundle.min.js",
            "source_hash": null,
            "storage_class": "STANDARD",
            "tags": {},
            "tags_all": {},
            "version_id": "",
            "website_redirect": ""
          },
          "sensitive_attributes": [],
          "private": "bnVsbA=="
        },
        {
          "index_key": "content/assets/vendor/bootstrap/js/bootstrap.esm.js",
          "schema_version": 0,
          "attributes": {
            "acl": "private",
            "bucket": "cleomullerresume.net",
            "bucket_key_enabled": false,
            "cache_control": "",
            "content": null,
            "content_base64": null,
            "content_disposition": "",
            "content_encoding": "",
            "content_language": "",
            "content_type": "text/javascript",
            "etag": "7b035133f2cbd1f35b9545709fc725b3",
            "force_destroy": false,
            "id": "assets/vendor/bootstrap/js/bootstrap.esm.js",
            "key": "assets/vendor/bootstrap/js/bootstrap.esm.js",
            "kms_key_id": null,
            "metadata": {},
            "object_lock_legal_hold_status": "",
            "object_lock_mode": "",
            "object_lock_retain_until_date": "",
            "server_side_encryption": "AES256",
            "source": "content/assets/vendor/bootstrap/js/bootstrap.esm.js",
            "source_hash": null,
            "storage_class": "STANDARD",
            "tags": {},
            "tags_all": {},
            "version_id": "",
            "website_redirect": ""
          },
          "sensitive_attributes": [],
          "private": "bnVsbA=="
        },
        {
          "index_key": "content/assets/vendor/bootstrap/js/bootstrap.esm.min.js",
          "schema_version": 0,
          "attributes": {
            "acl": "private",
            "bucket": "cleomullerresume.net",
            "bucket_key_enabled": false,
            "cache_control": "",
            "content": null,
            "content_base64": null,
            "content_disposition": "",
            "content_encoding": "",
            "content_language": "",
            "content_type": "text/javascript",
            "etag": "df21bc4ff36ca1341a99bb09f401300d",
            "force_destroy": false,
            "id": "assets/vendor/bootstrap/js/bootstrap.esm.min.js",
            "key": "assets/vendor/bootstrap/js/bootstrap.esm.min.js",
            "kms_key_id": null,
            "metadata": {},
            "object_lock_legal_hold_status": "",
            "object_lock_mode": "",
            "object_lock_retain_until_date": "",
            "server_side_encryption": "AES256",
            "source": "content/assets/vendor/bootstrap/js/bootstrap.esm.min.js",
            "source_hash": null,
            "storage_class": "STANDARD",
            "tags": {},
            "tags_all": {},
            "version_id": "",
            "website_redirect": ""
          },
          "sensitive_attributes": [],
          "private": "bnVsbA=="
        },
        {
          "index_key": "content/assets/vendor/bootstrap/js/bootstrap.js",
          "schema_version": 0,
          "attributes": {
            "acl": "private",
            "bucket": "cleomullerresume.net",
            "bucket_key_enabled": false,
            "cache_control": "",
            "content": null,
            "content_base64": null,
            "content_disposition": "",
            "content_encoding": "",
            "content_language": "",
            "content_type": "text/javascript",
            "etag": "77d976360ee7592ecd1e64ababc1c245",
            "force_destroy": false,
            "id": "assets/vendor/bootstrap/js/bootstrap.js",
            "key": "assets/vendor/bootstrap/js/bootstrap.js",
            "kms_key_id": null,
            "metadata": {},
            "object_lock_legal_hold_status": "",
            "object_lock_mode": "",
            "object_lock_retain_until_date": "",
            "server_side_encryption": "AES256",
            "source": "content/assets/vendor/bootstrap/js/bootstrap.js",
            "source_hash": null,
            "storage_class": "STANDARD",
            "tags": {},
            "tags_all": {},
            "version_id": "",
            "website_redirect": ""
          },
          "sensitive_attributes": [],
          "private": "bnVsbA=="
        },
        {
          "index_key": "content/assets/vendor/bootstrap/js/bootstrap.min.js",
          "schema_version": 0,
          "attributes": {
            "acl": "private",
            "bucket": "cleomullerresume.net",
            "bucket_key_enabled": false,
            "cache_control": "",
            "content": null,
            "content_base64": null,
            "content_disposition": "",
            "content_encoding": "",
            "content_language": "",
            "content_type": "text/javascript",
            "etag": "716e3e3c1588d51d4dfa6da3752b0bea",
            "force_destroy": false,
            "id": "assets/vendor/bootstrap/js/bootstrap.min.js",
            "key": "assets/vendor/bootstrap/js/bootstrap.min.js",
            "kms_key_id": null,
            "metadata": {},
            "object_lock_legal_hold_status": "",
            "object_lock_mode": "",
            "object_lock_retain_until_date": "",
            "server_side_encryption": "AES256",
            "source": "content/assets/vendor/bootstrap/js/bootstrap.min.js",
            "source_hash": null,
            "storage_class": "STANDARD",
            "tags": {},
            "tags_all": {},
            "version_id": "",
            "website_redirect": ""
          },
          "sensitive_attributes": [],
          "private": "bnVsbA=="
        },
        {
          "index_key": "content/assets/vendor/boxicons/css/animations.css",
          "schema_version": 0,
          "attributes": {
            "acl": "private",
            "bucket": "cleomullerresume.net",
            "bucket_key_enabled": false,
            "cache_control": "",
            "content": null,
            "content_base64": null,
            "content_disposition": "",
            "content_encoding": "",
            "content_language": "",
            "content_type": "text/css",
            "etag": "2c0319e25c5cb233f4c6cf5e69d83fa3",
            "force_destroy": false,
            "id": "assets/vendor/boxicons/css/animations.css",
            "key": "assets/vendor/boxicons/css/animations.css",
            "kms_key_id": null,
            "metadata": {},
            "object_lock_legal_hold_status": "",
            "object_lock_mode": "",
            "object_lock_retain_until_date": "",
            "server_side_encryption": "AES256",
            "source": "content/assets/vendor/boxicons/css/animations.css",
            "source_hash": null,
            "storage_class": "STANDARD",
            "tags": {},
            "tags_all": {},
            "version_id": "",
            "website_redirect": ""
          },
          "sensitive_attributes": [],
          "private": "bnVsbA=="
        },
        {
          "index_key": "content/assets/vendor/boxicons/css/boxicons.css",
          "schema_version": 0,
          "attributes": {
            "acl": "private",
            "bucket": "cleomullerresume.net",
            "bucket_key_enabled": false,
            "cache_control": "",
            "content": null,
            "content_base64": null,
            "content_disposition": "",
            "content_encoding": "",
            "content_language": "",
            "content_type": "text/css",
            "etag": "6beebb34ea7a1e8d446d98a9b2c0bf8d",
            "force_destroy": false,
            "id": "assets/vendor/boxicons/css/boxicons.css",
            "key": "assets/vendor/boxicons/css/boxicons.css",
            "kms_key_id": null,
            "metadata": {},
            "object_lock_legal_hold_status": "",
            "object_lock_mode": "",
            "object_lock_retain_until_date": "",
            "server_side_encryption": "AES256",
            "source": "content/assets/vendor/boxicons/css/boxicons.css",
            "source_hash": null,
            "storage_class": "STANDARD",
            "tags": {},
            "tags_all": {},
            "version_id": "",
            "website_redirect": ""
          },
          "sensitive_attributes": [],
          "private": "bnVsbA=="
        },
        {
          "index_key": "content/assets/vendor/boxicons/css/boxicons.min.css",
          "schema_version": 0,
          "attributes": {
            "acl": "private",
            "bucket": "cleomullerresume.net",
            "bucket_key_enabled": false,
            "cache_control": "",
            "content": null,
            "content_base64": null,
            "content_disposition": "",
            "content_encoding": "",
            "content_language": "",
            "content_type": "text/css",
            "etag": "886ed8dd06c506c77cf226f4506b3c00",
            "force_destroy": false,
            "id": "assets/vendor/boxicons/css/boxicons.min.css",
            "key": "assets/vendor/boxicons/css/boxicons.min.css",
            "kms_key_id": null,
            "metadata": {},
            "object_lock_legal_hold_status": "",
            "object_lock_mode": "",
            "object_lock_retain_until_date": "",
            "server_side_encryption": "AES256",
            "source": "content/assets/vendor/boxicons/css/boxicons.min.css",
            "source_hash": null,
            "storage_class": "STANDARD",
            "tags": {},
            "tags_all": {},
            "version_id": "",
            "website_redirect": ""
          },
          "sensitive_attributes": [],
          "private": "bnVsbA=="
        },
        {
          "index_key": "content/assets/vendor/boxicons/css/transformations.css",
          "schema_version": 0,
          "attributes": {
            "acl": "private",
            "bucket": "cleomullerresume.net",
            "bucket_key_enabled": false,
            "cache_control": "",
            "content": null,
            "content_base64": null,
            "content_disposition": "",
            "content_encoding": "",
            "content_language": "",
            "content_type": "text/css",
            "etag": "d5afab8d6fa009e5bf06744ef93003f1",
            "force_destroy": false,
            "id": "assets/vendor/boxicons/css/transformations.css",
            "key": "assets/vendor/boxicons/css/transformations.css",
            "kms_key_id": null,
            "metadata": {},
            "object_lock_legal_hold_status": "",
            "object_lock_mode": "",
            "object_lock_retain_until_date": "",
            "server_side_encryption": "AES256",
            "source": "content/assets/vendor/boxicons/css/transformations.css",
            "source_hash": null,
            "storage_class": "STANDARD",
            "tags": {},
            "tags_all": {},
            "version_id": "",
            "website_redirect": ""
          },
          "sensitive_attributes": [],
          "private": "bnVsbA=="
        },
        {
          "index_key": "content/assets/vendor/glightbox/css/glightbox.css",
          "schema_version": 0,
          "attributes": {
            "acl": "private",
            "bucket": "cleomullerresume.net",
            "bucket_key_enabled": false,
            "cache_control": "",
            "content": null,
            "content_base64": null,
            "content_disposition": "",
            "content_encoding": "",
            "content_language": "",
            "content_type": "text/css",
            "etag": "76e8ba51c713846b57e22b321dfd7a63",
            "force_destroy": false,
            "id": "assets/vendor/glightbox/css/glightbox.css",
            "key": "assets/vendor/glightbox/css/glightbox.css",
            "kms_key_id": null,
            "metadata": {},
            "object_lock_legal_hold_status": "",
            "object_lock_mode": "",
            "object_lock_retain_until_date": "",
            "server_side_encryption": "AES256",
            "source": "content/assets/vendor/glightbox/css/glightbox.css",
            "source_hash": null,
            "storage_class": "STANDARD",
            "tags": {},
            "tags_all": {},
            "version_id": "",
            "website_redirect": ""
          },
          "sensitive_attributes": [],
          "private": "bnVsbA=="
        },
        {
          "index_key": "content/assets/vendor/glightbox/css/glightbox.min.css",
          "schema_version": 0,
          "attributes": {
            "acl": "private",
            "bucket": "cleomullerresume.net",
            "bucket_key_enabled": false,
            "cache_control": "",
            "content": null,
            "content_base64": null,
            "content_disposition": "",
            "content_encoding": "",
            "content_language": "",
            "content_type": "text/css",
            "etag": "9b438b29cef1c212d1c65a877ffc7232",
            "force_destroy": false,
            "id": "assets/vendor/glightbox/css/glightbox.min.css",
            "key": "assets/vendor/glightbox/css/glightbox.min.css",
            "kms_key_id": null,
            "metadata": {},
            "object_lock_legal_hold_status": "",
            "object_lock_mode": "",
            "object_lock_retain_until_date": "",
            "server_side_encryption": "AES256",
            "source": "content/assets/vendor/glightbox/css/glightbox.min.css",
            "source_hash": null,
            "storage_class": "STANDARD",
            "tags": {},
            "tags_all": {},
            "version_id": "",
            "website_redirect": ""
          },
          "sensitive_attributes": [],
          "private": "bnVsbA=="
        },
        {
          "index_key": "content/assets/vendor/glightbox/css/plyr.css",
          "schema_version": 0,
          "attributes": {
            "acl": "private",
            "bucket": "cleomullerresume.net",
            "bucket_key_enabled": false,
            "cache_control": "",
            "content": null,
            "content_base64": null,
            "content_disposition": "",
            "content_encoding": "",
            "content_language": "",
            "content_type": "text/css",
            "etag": "a39f7b91915f8ed00dd4e3e11a3c93eb",
            "force_destroy": false,
            "id": "assets/vendor/glightbox/css/plyr.css",
            "key": "assets/vendor/glightbox/css/plyr.css",
            "kms_key_id": null,
            "metadata": {},
            "object_lock_legal_hold_status": "",
            "object_lock_mode": "",
            "object_lock_retain_until_date": "",
            "server_side_encryption": "AES256",
            "source": "content/assets/vendor/glightbox/css/plyr.css",
            "source_hash": null,
            "storage_class": "STANDARD",
            "tags": {},
            "tags_all": {},
            "version_id": "",
            "website_redirect": ""
          },
          "sensitive_attributes": [],
          "private": "bnVsbA=="
        },
        {
          "index_key": "content/assets/vendor/glightbox/css/plyr.min.css",
          "schema_version": 0,
          "attributes": {
            "acl": "private",
            "bucket": "cleomullerresume.net",
            "bucket_key_enabled": false,
            "cache_control": "",
            "content": null,
            "content_base64": null,
            "content_disposition": "",
            "content_encoding": "",
            "content_language": "",
            "content_type": "text/css",
            "etag": "72c244ef068825d17123de804e1880b0",
            "force_destroy": false,
            "id": "assets/vendor/glightbox/css/plyr.min.css",
            "key": "assets/vendor/glightbox/css/plyr.min.css",
            "kms_key_id": null,
            "metadata": {},
            "object_lock_legal_hold_status": "",
            "object_lock_mode": "",
            "object_lock_retain_until_date": "",
            "server_side_encryption": "AES256",
            "source": "content/assets/vendor/glightbox/css/plyr.min.css",
            "source_hash": null,
            "storage_class": "STANDARD",
            "tags": {},
            "tags_all": {},
            "version_id": "",
            "website_redirect": ""
          },
          "sensitive_attributes": [],
          "private": "bnVsbA=="
        },
        {
          "index_key": "content/assets/vendor/glightbox/js/glightbox.js",
          "schema_version": 0,
          "attributes": {
            "acl": "private",
            "bucket": "cleomullerresume.net",
            "bucket_key_enabled": false,
            "cache_control": "",
            "content": null,
            "content_base64": null,
            "content_disposition": "",
            "content_encoding": "",
            "content_language": "",
            "content_type": "text/javascript",
            "etag": "7bafdeb041b5a6eac144d1cfefe01b07",
            "force_destroy": false,
            "id": "assets/vendor/glightbox/js/glightbox.js",
            "key": "assets/vendor/glightbox/js/glightbox.js",
            "kms_key_id": null,
            "metadata": {},
            "object_lock_legal_hold_status": "",
            "object_lock_mode": "",
            "object_lock_retain_until_date": "",
            "server_side_encryption": "AES256",
            "source": "content/assets/vendor/glightbox/js/glightbox.js",
            "source_hash": null,
            "storage_class": "STANDARD",
            "tags": {},
            "tags_all": {},
            "version_id": "",
            "website_redirect": ""
          },
          "sensitive_attributes": [],
          "private": "bnVsbA=="
        },
        {
          "index_key": "content/assets/vendor/glightbox/js/glightbox.min.js",
          "schema_version": 0,
          "attributes": {
            "acl": "private",
            "bucket": "cleomullerresume.net",
            "bucket_key_enabled": false,
            "cache_control": "",
            "content": null,
            "content_base64": null,
            "content_disposition": "",
            "content_encoding": "",
            "content_language": "",
            "content_type": "text/javascript",
            "etag": "2b4c8cbaade24ecb58bcb0d89694ccee",
            "force_destroy": false,
            "id": "assets/vendor/glightbox/js/glightbox.min.js",
            "key": "assets/vendor/glightbox/js/glightbox.min.js",
            "kms_key_id": null,
            "metadata": {},
            "object_lock_legal_hold_status": "",
            "object_lock_mode": "",
            "object_lock_retain_until_date": "",
            "server_side_encryption": "AES256",
            "source": "content/assets/vendor/glightbox/js/glightbox.min.js",
            "source_hash": null,
            "storage_class": "STANDARD",
            "tags": {},
            "tags_all": {},
            "version_id": "",
            "website_redirect": ""
          },
          "sensitive_attributes": [],
          "private": "bnVsbA=="
        },
        {
          "index_key": "content/assets/vendor/isotope-layout/isotope.pkgd.js",
          "schema_version": 0,
          "attributes": {
            "acl": "private",
            "bucket": "cleomullerresume.net",
            "bucket_key_enabled": false,
            "cache_control": "",
            "content": null,
            "content_base64": null,
            "content_disposition": "",
            "content_encoding": "",
            "content_language": "",
            "content_type": "text/javascript",
            "etag": "8896e082b3fa1738e2e2f558a7fc1fa4",
            "force_destroy": false,
            "id": "assets/vendor/isotope-layout/isotope.pkgd.js",
            "key": "assets/vendor/isotope-layout/isotope.pkgd.js",
            "kms_key_id": null,
            "metadata": {},
            "object_lock_legal_hold_status": "",
            "object_lock_mode": "",
            "object_lock_retain_until_date": "",
            "server_side_encryption": "AES256",
            "source": "content/assets/vendor/isotope-layout/isotope.pkgd.js",
            "source_hash": null,
            "storage_class": "STANDARD",
            "tags": {},
            "tags_all": {},
            "version_id": "",
            "website_redirect": ""
          },
          "sensitive_attributes": [],
          "private": "bnVsbA=="
        },
        {
          "index_key": "content/assets/vendor/isotope-layout/isotope.pkgd.min.js",
          "schema_version": 0,
          "attributes": {
            "acl": "private",
            "bucket": "cleomullerresume.net",
            "bucket_key_enabled": false,
            "cache_control": "",
            "content": null,
            "content_base64": null,
            "content_disposition": "",
            "content_encoding": "",
            "content_language": "",
            "content_type": "text/javascript",
            "etag": "2afcff647ed260006faa71c8e779e8d4",
            "force_destroy": false,
            "id": "assets/vendor/isotope-layout/isotope.pkgd.min.js",
            "key": "assets/vendor/isotope-layout/isotope.pkgd.min.js",
            "kms_key_id": null,
            "metadata": {},
            "object_lock_legal_hold_status": "",
            "object_lock_mode": "",
            "object_lock_retain_until_date": "",
            "server_side_encryption": "AES256",
            "source": "content/assets/vendor/isotope-layout/isotope.pkgd.min.js",
            "source_hash": null,
            "storage_class": "STANDARD",
            "tags": {},
            "tags_all": {},
            "version_id": "",
            "website_redirect": ""
          },
          "sensitive_attributes": [],
          "private": "bnVsbA=="
        },
        {
          "index_key": "content/assets/vendor/php-email-form/validate.js",
          "schema_version": 0,
          "attributes": {
            "acl": "private",
            "bucket": "cleomullerresume.net",
            "bucket_key_enabled": false,
            "cache_control": "",
            "content": null,
            "content_base64": null,
            "content_disposition": "",
            "content_encoding": "",
            "content_language": "",
            "content_type": "text/javascript",
            "etag": "942e0d365d33a0f2d2b6ebfbe9321ba1",
            "force_destroy": false,
            "id": "assets/vendor/php-email-form/validate.js",
            "key": "assets/vendor/php-email-form/validate.js",
            "kms_key_id": null,
            "metadata": {},
            "object_lock_legal_hold_status": "",
            "object_lock_mode": "",
            "object_lock_retain_until_date": "",
            "server_side_encryption": "AES256",
            "source": "content/assets/vendor/php-email-form/validate.js",
            "source_hash": null,
            "storage_class": "STANDARD",
            "tags": {},
            "tags_all": {},
            "version_id": "",
            "website_redirect": ""
          },
          "sensitive_attributes": [],
          "private": "bnVsbA=="
        },
        {
          "index_key": "content/assets/vendor/purecounter/purecounter_vanilla.js",
          "schema_version": 0,
          "attributes": {
            "acl": "private",
            "bucket": "cleomullerresume.net",
            "bucket_key_enabled": false,
            "cache_control": "",
            "content": null,
            "content_base64": null,
            "content_disposition": "",
            "content_encoding": "",
            "content_language": "",
            "content_type": "text/javascript",
            "etag": "306b61cceb925965f85d9b377f1539ad",
            "force_destroy": false,
            "id": "assets/vendor/purecounter/purecounter_vanilla.js",
            "key": "assets/vendor/purecounter/purecounter_vanilla.js",
            "kms_key_id": null,
            "metadata": {},
            "object_lock_legal_hold_status": "",
            "object_lock_mode": "",
            "object_lock_retain_until_date": "",
            "server_side_encryption": "AES256",
            "source": "content/assets/vendor/purecounter/purecounter_vanilla.js",
            "source_hash": null,
            "storage_class": "STANDARD",
            "tags": {},
            "tags_all": {},
            "version_id": "",
            "website_redirect": ""
          },
          "sensitive_attributes": [],
          "private": "bnVsbA=="
        },
        {
          "index_key": "content/assets/vendor/swiper/swiper-bundle.min.css",
          "schema_version": 0,
          "attributes": {
            "acl": "private",
            "bucket": "cleomullerresume.net",
            "bucket_key_enabled": false,
            "cache_control": "",
            "content": null,
            "content_base64": null,
            "content_disposition": "",
            "content_encoding": "",
            "content_language": "",
            "content_type": "text/css",
            "etag": "04720c60bc020cbba92785dd4029f7d2",
            "force_destroy": false,
            "id": "assets/vendor/swiper/swiper-bundle.min.css",
            "key": "assets/vendor/swiper/swiper-bundle.min.css",
            "kms_key_id": null,
            "metadata": {},
            "object_lock_legal_hold_status": "",
            "object_lock_mode": "",
            "object_lock_retain_until_date": "",
            "server_side_encryption": "AES256",
            "source": "content/assets/vendor/swiper/swiper-bundle.min.css",
            "source_hash": null,
            "storage_class": "STANDARD",
            "tags": {},
            "tags_all": {},
            "version_id": "",
            "website_redirect": ""
          },
          "sensitive_attributes": [],
          "private": "bnVsbA=="
        },
        {
          "index_key": "content/assets/vendor/swiper/swiper-bundle.min.js",
          "schema_version": 0,
          "attributes": {
            "acl": "private",
            "bucket": "cleomullerresume.net",
            "bucket_key_enabled": false,
            "cache_control": "",
            "content": null,
            "content_base64": null,
            "content_disposition": "",
            "content_encoding": "",
            "content_language": "",
            "content_type": "text/javascript",
            "etag": "24fd8f796609d79fcb7b6e5ae754433b",
            "force_destroy": false,
            "id": "assets/vendor/swiper/swiper-bundle.min.js",
            "key": "assets/vendor/swiper/swiper-bundle.min.js",
            "kms_key_id": null,
            "metadata": {},
            "object_lock_legal_hold_status": "",
            "object_lock_mode": "",
            "object_lock_retain_until_date": "",
            "server_side_encryption": "AES256",
            "source": "content/assets/vendor/swiper/swiper-bundle.min.js",
            "source_hash": null,
            "storage_class": "STANDARD",
            "tags": {},
            "tags_all": {},
            "version_id": "",
            "website_redirect": ""
          },
          "sensitive_attributes": [],
          "private": "bnVsbA=="
        },
        {
          "index_key": "content/assets/vendor/typed.js/typed.module.js",
          "schema_version": 0,
          "attributes": {
            "acl": "private",
            "bucket": "cleomullerresume.net",
            "bucket_key_enabled": false,
            "cache_control": "",
            "content": null,
            "content_base64": null,
            "content_disposition": "",
            "content_encoding": "",
            "content_language": "",
            "content_type": "text/javascript",
            "etag": "d2fb5c913cb22c542e308dc0f486ab45",
            "force_destroy": false,
            "id": "assets/vendor/typed.js/typed.module.js",
            "key": "assets/vendor/typed.js/typed.module.js",
            "kms_key_id": null,
            "metadata": {},
            "object_lock_legal_hold_status": "",
            "object_lock_mode": "",
            "object_lock_retain_until_date": "",
            "server_side_encryption": "AES256",
            "source": "content/assets/vendor/typed.js/typed.module.js",
            "source_hash": null,
            "storage_class": "STANDARD",
            "tags": {},
            "tags_all": {},
            "version_id": "",
            "website_redirect": ""
          },
          "sensitive_attributes": [],
          "private": "bnVsbA=="
        },
        {
          "index_key": "content/assets/vendor/typed.js/typed.umd.js",
          "schema_version": 0,
          "attributes": {
            "acl": "private",
            "bucket": "cleomullerresume.net",
            "bucket_key_enabled": false,
            "cache_control": "",
            "content": null,
            "content_base64": null,
            "content_disposition": "",
            "content_encoding": "",
            "content_language": "",
            "content_type": "text/javascript",
            "etag": "3ba6a3f6e22122d8f5ed22c423299981",
            "force_destroy": false,
            "id": "assets/vendor/typed.js/typed.umd.js",
            "key": "assets/vendor/typed.js/typed.umd.js",
            "kms_key_id": null,
            "metadata": {},
            "object_lock_legal_hold_status": "",
            "object_lock_mode": "",
            "object_lock_retain_until_date": "",
            "server_side_encryption": "AES256",
            "source": "content/assets/vendor/typed.js/typed.umd.js",
            "source_hash": null,
            "storage_class": "STANDARD",
            "tags": {},
            "tags_all": {},
            "version_id": "",
            "website_redirect": ""
          },
          "sensitive_attributes": [],
          "private": "bnVsbA=="
        },
        {
          "index_key": "content/assets/vendor/waypoints/noframework.waypoints.js",
          "schema_version": 0,
          "attributes": {
            "acl": "private",
            "bucket": "cleomullerresume.net",
            "bucket_key_enabled": false,
            "cache_control": "",
            "content": null,
            "content_base64": null,
            "content_disposition": "",
            "content_encoding": "",
            "content_language": "",
            "content_type": "text/javascript",
            "etag": "8c601d5f892e9a29c3dd204025f9d724",
            "force_destroy": false,
            "id": "assets/vendor/waypoints/noframework.waypoints.js",
            "key": "assets/vendor/waypoints/noframework.waypoints.js",
            "kms_key_id": null,
            "metadata": {},
            "object_lock_legal_hold_status": "",
            "object_lock_mode": "",
            "object_lock_retain_until_date": "",
            "server_side_encryption": "AES256",
            "source": "content/assets/vendor/waypoints/noframework.waypoints.js",
            "source_hash": null,
            "storage_class": "STANDARD",
            "tags": {},
            "tags_all": {},
            "version_id": "",
            "website_redirect": ""
          },
          "sensitive_attributes": [],
          "private": "bnVsbA=="
        },
        {
          "index_key": "content/assets/websitecounter.js",
          "schema_version": 0,
          "attributes": {
            "acl": "private",
            "bucket": "cleomullerresume.net",
            "bucket_key_enabled": false,
            "cache_control": "",
            "content": null,
            "content_base64": null,
            "content_disposition": "",
            "content_encoding": "",
            "content_language": "",
            "content_type": "text/javascript",
            "etag": "5138b53e7ec2526b2dbb3970ba62280b",
            "force_destroy": false,
            "id": "assets/websitecounter.js",
            "key": "assets/websitecounter.js",
            "kms_key_id": null,
            "metadata": {},
            "object_lock_legal_hold_status": "",
            "object_lock_mode": "",
            "object_lock_retain_until_date": "",
            "server_side_encryption": "AES256",
            "source": "content/assets/websitecounter.js",
            "source_hash": null,
            "storage_class": "STANDARD",
            "tags": {},
            "tags_all": {},
            "version_id": "",
            "website_redirect": ""
          },
          "sensitive_attributes": [],
          "private": "bnVsbA=="
        },
        {
          "index_key": "content/cleomullerresume.html",
          "schema_version": 0,
          "attributes": {
            "acl": "private",
            "bucket": "cleomullerresume.net",
            "bucket_key_enabled": false,
            "cache_control": "",
            "content": null,
            "content_base64": null,
            "content_disposition": "",
            "content_encoding": "",
            "content_language": "",
            "content_type": "text/html",
            "etag": "30b135a34e31a0562868891cf6954769",
            "force_destroy": false,
            "id": "cleomullerresume.html",
            "key": "cleomullerresume.html",
            "kms_key_id": null,
            "metadata": {},
            "object_lock_legal_hold_status": "",
            "object_lock_mode": "",
            "object_lock_retain_until_date": "",
            "server_side_encryption": "AES256",
            "source": "content/cleomullerresume.html",
            "source_hash": null,
            "storage_class": "STANDARD",
            "tags": {},
            "tags_all": {},
            "version_id": "",
            "website_redirect": ""
          },
          "sensitive_attributes": [],
          "private": "bnVsbA=="
        },
        {
          "index_key": "content/mystyle.css",
          "schema_version": 0,
          "attributes": {
            "acl": "private",
            "bucket": "cleomullerresume.net",
            "bucket_key_enabled": false,
            "cache_control": "",
            "content": null,
            "content_base64": null,
            "content_disposition": "",
            "content_encoding": "",
            "content_language": "",
            "content_type": "text/css",
            "etag": "1039db3e28e4345c215858e191d30679",
            "force_destroy": false,
            "id": "mystyle.css",
            "key": "mystyle.css",
            "kms_key_id": null,
            "metadata": {},
            "object_lock_legal_hold_status": "",
            "object_lock_mode": "",
            "object_lock_retain_until_date": "",
            "server_side_encryption": "AES256",
            "source": "content/mystyle.css",
            "source_hash": null,
            "storage_class": "STANDARD",
            "tags": {},
            "tags_all": {},
            "version_id": "",
            "website_redirect": ""
          },
          "sensitive_attributes": [],
          "private": "bnVsbA=="
        }
      ]
    },
    {
      "mode": "managed",
      "type": "aws_s3_object",
      "name": "file_upload",
      "provider": "provider[\"registry.terraform.io/hashicorp/aws\"]",
      "instances": [
        {
          "index_key": "content/CCP Certification.png",
          "schema_version": 0,
          "attributes": {
            "acl": "private",
            "bucket": "www.cleomullerresume.net",
            "bucket_key_enabled": false,
            "cache_control": "",
            "content": null,
            "content_base64": null,
            "content_disposition": "",
            "content_encoding": "",
            "content_language": "",
            "content_type": "text/png",
            "etag": "203bc9337ab2dafb5c2ca3a2c39ebf64",
            "force_destroy": false,
            "id": "CCP Certification.png",
            "key": "CCP Certification.png",
            "kms_key_id": null,
            "metadata": {},
            "object_lock_legal_hold_status": "",
            "object_lock_mode": "",
            "object_lock_retain_until_date": "",
            "server_side_encryption": "AES256",
            "source": "content/CCP Certification.png",
            "source_hash": null,
            "storage_class": "STANDARD",
            "tags": {},
            "tags_all": {},
            "version_id": "",
            "website_redirect": ""
          },
          "sensitive_attributes": [],
          "private": "bnVsbA=="
        },
        {
          "index_key": "content/assets/css/style.css",
          "schema_version": 0,
          "attributes": {
            "acl": "private",
            "bucket": "www.cleomullerresume.net",
            "bucket_key_enabled": false,
            "cache_control": "",
            "content": null,
            "content_base64": null,
            "content_disposition": "",
            "content_encoding": "",
            "content_language": "",
            "content_type": "text/css",
            "etag": "6f4eb330666821cb9e27239398df7cc4",
            "force_destroy": false,
            "id": "assets/css/style.css",
            "key": "assets/css/style.css",
            "kms_key_id": null,
            "metadata": {},
            "object_lock_legal_hold_status": "",
            "object_lock_mode": "",
            "object_lock_retain_until_date": "",
            "server_side_encryption": "AES256",
            "source": "content/assets/css/style.css",
            "source_hash": null,
            "storage_class": "STANDARD",
            "tags": {},
            "tags_all": {},
            "version_id": "",
            "website_redirect": ""
          },
          "sensitive_attributes": [],
          "private": "bnVsbA=="
        },
        {
          "index_key": "content/assets/img/3211343.png",
          "schema_version": 0,
          "attributes": {
            "acl": "private",
            "bucket": "www.cleomullerresume.net",
            "bucket_key_enabled": false,
            "cache_control": "",
            "content": null,
            "content_base64": null,
            "content_disposition": "",
            "content_encoding": "",
            "content_language": "",
            "content_type": "text/png",
            "etag": "1375ca2b786bce8d1055fa59f8eb8cdd",
            "force_destroy": false,
            "id": "assets/img/3211343.png",
            "key": "assets/img/3211343.png",
            "kms_key_id": null,
            "metadata": {},
            "object_lock_legal_hold_status": "",
            "object_lock_mode": "",
            "object_lock_retain_until_date": "",
            "server_side_encryption": "AES256",
            "source": "content/assets/img/3211343.png",
            "source_hash": null,
            "storage_class": "STANDARD",
            "tags": {},
            "tags_all": {},
            "version_id": "",
            "website_redirect": ""
          },
          "sensitive_attributes": [],
          "private": "bnVsbA=="
        },
        {
          "index_key": "content/assets/img/apple-touch-icon.png",
          "schema_version": 0,
          "attributes": {
            "acl": "private",
            "bucket": "www.cleomullerresume.net",
            "bucket_key_enabled": false,
            "cache_control": "",
            "content": null,
            "content_base64": null,
            "content_disposition": "",
            "content_encoding": "",
            "content_language": "",
            "content_type": "text/png",
            "etag": "4090340282c4aa33a0b3fe260ac51b78",
            "force_destroy": false,
            "id": "assets/img/apple-touch-icon.png",
            "key": "assets/img/apple-touch-icon.png",
            "kms_key_id": null,
            "metadata": {},
            "object_lock_legal_hold_status": "",
            "object_lock_mode": "",
            "object_lock_retain_until_date": "",
            "server_side_encryption": "AES256",
            "source": "content/assets/img/apple-touch-icon.png",
            "source_hash": null,
            "storage_class": "STANDARD",
            "tags": {},
            "tags_all": {},
            "version_id": "",
            "website_redirect": ""
          },
          "sensitive_attributes": [],
          "private": "bnVsbA=="
        },
        {
          "index_key": "content/assets/img/apple-touch-icon1.png",
          "schema_version": 0,
          "attributes": {
            "acl": "private",
            "bucket": "www.cleomullerresume.net",
            "bucket_key_enabled": false,
            "cache_control": "",
            "content": null,
            "content_base64": null,
            "content_disposition": "",
            "content_encoding": "",
            "content_language": "",
            "content_type": "text/png",
            "etag": "042a7e9fdd293212aca19150aef71b0d",
            "force_destroy": false,
            "id": "assets/img/apple-touch-icon1.png",
            "key": "assets/img/apple-touch-icon1.png",
            "kms_key_id": null,
            "metadata": {},
            "object_lock_legal_hold_status": "",
            "object_lock_mode": "",
            "object_lock_retain_until_date": "",
            "server_side_encryption": "AES256",
            "source": "content/assets/img/apple-touch-icon1.png",
            "source_hash": null,
            "storage_class": "STANDARD",
            "tags": {},
            "tags_all": {},
            "version_id": "",
            "website_redirect": ""
          },
          "sensitive_attributes": [],
          "private": "bnVsbA=="
        },
        {
          "index_key": "content/assets/img/favicon.png",
          "schema_version": 0,
          "attributes": {
            "acl": "private",
            "bucket": "www.cleomullerresume.net",
            "bucket_key_enabled": false,
            "cache_control": "",
            "content": null,
            "content_base64": null,
            "content_disposition": "",
            "content_encoding": "",
            "content_language": "",
            "content_type": "text/png",
            "etag": "4090340282c4aa33a0b3fe260ac51b78",
            "force_destroy": false,
            "id": "assets/img/favicon.png",
            "key": "assets/img/favicon.png",
            "kms_key_id": null,
            "metadata": {},
            "object_lock_legal_hold_status": "",
            "object_lock_mode": "",
            "object_lock_retain_until_date": "",
            "server_side_encryption": "AES256",
            "source": "content/assets/img/favicon.png",
            "source_hash": null,
            "storage_class": "STANDARD",
            "tags": {},
            "tags_all": {},
            "version_id": "",
            "website_redirect": ""
          },
          "sensitive_attributes": [],
          "private": "bnVsbA=="
        },
        {
          "index_key": "content/assets/img/favicon1.png",
          "schema_version": 0,
          "attributes": {
            "acl": "private",
            "bucket": "www.cleomullerresume.net",
            "bucket_key_enabled": false,
            "cache_control": "",
            "content": null,
            "content_base64": null,
            "content_disposition": "",
            "content_encoding": "",
            "content_language": "",
            "content_type": "text/png",
            "etag": "fed84e16b6ccfe88ee7ffaae5dfefd34",
            "force_destroy": false,
            "id": "assets/img/favicon1.png",
            "key": "assets/img/favicon1.png",
            "kms_key_id": null,
            "metadata": {},
            "object_lock_legal_hold_status": "",
            "object_lock_mode": "",
            "object_lock_retain_until_date": "",
            "server_side_encryption": "AES256",
            "source": "content/assets/img/favicon1.png",
            "source_hash": null,
            "storage_class": "STANDARD",
            "tags": {},
            "tags_all": {},
            "version_id": "",
            "website_redirect": ""
          },
          "sensitive_attributes": [],
          "private": "bnVsbA=="
        },
        {
          "index_key": "content/assets/img/hero-bg.jpg",
          "schema_version": 0,
          "attributes": {
            "acl": "private",
            "bucket": "www.cleomullerresume.net",
            "bucket_key_enabled": false,
            "cache_control": "",
            "content": null,
            "content_base64": null,
            "content_disposition": "",
            "content_encoding": "",
            "content_language": "",
            "content_type": "text/jpg",
            "etag": "a7b6db52075375f80e48fd3a823f5795",
            "force_destroy": false,
            "id": "assets/img/hero-bg.jpg",
            "key": "assets/img/hero-bg.jpg",
            "kms_key_id": null,
            "metadata": {},
            "object_lock_legal_hold_status": "",
            "object_lock_mode": "",
            "object_lock_retain_until_date": "",
            "server_side_encryption": "AES256",
            "source": "content/assets/img/hero-bg.jpg",
            "source_hash": null,
            "storage_class": "STANDARD",
            "tags": {},
            "tags_all": {},
            "version_id": "",
            "website_redirect": ""
          },
          "sensitive_attributes": [],
          "private": "bnVsbA=="
        },
        {
          "index_key": "content/assets/img/hero-bg1.jpg",
          "schema_version": 0,
          "attributes": {
            "acl": "private",
            "bucket": "www.cleomullerresume.net",
            "bucket_key_enabled": false,
            "cache_control": "",
            "content": null,
            "content_base64": null,
            "content_disposition": "",
            "content_encoding": "",
            "content_language": "",
            "content_type": "text/jpg",
            "etag": "7c8165a6f1990a40a773f5721c731b87",
            "force_destroy": false,
            "id": "assets/img/hero-bg1.jpg",
            "key": "assets/img/hero-bg1.jpg",
            "kms_key_id": null,
            "metadata": {},
            "object_lock_legal_hold_status": "",
            "object_lock_mode": "",
            "object_lock_retain_until_date": "",
            "server_side_encryption": "AES256",
            "source": "content/assets/img/hero-bg1.jpg",
            "source_hash": null,
            "storage_class": "STANDARD",
            "tags": {},
            "tags_all": {},
            "version_id": "",
            "website_redirect": ""
          },
          "sensitive_attributes": [],
          "private": "bnVsbA=="
        },
        {
          "index_key": "content/assets/img/portfolio/portfolio-1.jpg",
          "schema_version": 0,
          "attributes": {
            "acl": "private",
            "bucket": "www.cleomullerresume.net",
            "bucket_key_enabled": false,
            "cache_control": "",
            "content": null,
            "content_base64": null,
            "content_disposition": "",
            "content_encoding": "",
            "content_language": "",
            "content_type": "text/jpg",
            "etag": "986a880611782cd574d3a0789c0237ae",
            "force_destroy": false,
            "id": "assets/img/portfolio/portfolio-1.jpg",
            "key": "assets/img/portfolio/portfolio-1.jpg",
            "kms_key_id": null,
            "metadata": {},
            "object_lock_legal_hold_status": "",
            "object_lock_mode": "",
            "object_lock_retain_until_date": "",
            "server_side_encryption": "AES256",
            "source": "content/assets/img/portfolio/portfolio-1.jpg",
            "source_hash": null,
            "storage_class": "STANDARD",
            "tags": {},
            "tags_all": {},
            "version_id": "",
            "website_redirect": ""
          },
          "sensitive_attributes": [],
          "private": "bnVsbA=="
        },
        {
          "index_key": "content/assets/img/portfolio/portfolio-2.jpg",
          "schema_version": 0,
          "attributes": {
            "acl": "private",
            "bucket": "www.cleomullerresume.net",
            "bucket_key_enabled": false,
            "cache_control": "",
            "content": null,
            "content_base64": null,
            "content_disposition": "",
            "content_encoding": "",
            "content_language": "",
            "content_type": "text/jpg",
            "etag": "86d5d96e39cd4bf3828bcc1839b0b678",
            "force_destroy": false,
            "id": "assets/img/portfolio/portfolio-2.jpg",
            "key": "assets/img/portfolio/portfolio-2.jpg",
            "kms_key_id": null,
            "metadata": {},
            "object_lock_legal_hold_status": "",
            "object_lock_mode": "",
            "object_lock_retain_until_date": "",
            "server_side_encryption": "AES256",
            "source": "content/assets/img/portfolio/portfolio-2.jpg",
            "source_hash": null,
            "storage_class": "STANDARD",
            "tags": {},
            "tags_all": {},
            "version_id": "",
            "website_redirect": ""
          },
          "sensitive_attributes": [],
          "private": "bnVsbA=="
        },
        {
          "index_key": "content/assets/img/portfolio/portfolio-3.jpg",
          "schema_version": 0,
          "attributes": {
            "acl": "private",
            "bucket": "www.cleomullerresume.net",
            "bucket_key_enabled": false,
            "cache_control": "",
            "content": null,
            "content_base64": null,
            "content_disposition": "",
            "content_encoding": "",
            "content_language": "",
            "content_type": "text/jpg",
            "etag": "0433809ec3039a77d3cf4197b38ff5d9",
            "force_destroy": false,
            "id": "assets/img/portfolio/portfolio-3.jpg",
            "key": "assets/img/portfolio/portfolio-3.jpg",
            "kms_key_id": null,
            "metadata": {},
            "object_lock_legal_hold_status": "",
            "object_lock_mode": "",
            "object_lock_retain_until_date": "",
            "server_side_encryption": "AES256",
            "source": "content/assets/img/portfolio/portfolio-3.jpg",
            "source_hash": null,
            "storage_class": "STANDARD",
            "tags": {},
            "tags_all": {},
            "version_id": "",
            "website_redirect": ""
          },
          "sensitive_attributes": [],
          "private": "bnVsbA=="
        },
        {
          "index_key": "content/assets/img/portfolio/portfolio-4.jpg",
          "schema_version": 0,
          "attributes": {
            "acl": "private",
            "bucket": "www.cleomullerresume.net",
            "bucket_key_enabled": false,
            "cache_control": "",
            "content": null,
            "content_base64": null,
            "content_disposition": "",
            "content_encoding": "",
            "content_language": "",
            "content_type": "text/jpg",
            "etag": "7031e8e37cd0a68cac8502974339385a",
            "force_destroy": false,
            "id": "assets/img/portfolio/portfolio-4.jpg",
            "key": "assets/img/portfolio/portfolio-4.jpg",
            "kms_key_id": null,
            "metadata": {},
            "object_lock_legal_hold_status": "",
            "object_lock_mode": "",
            "object_lock_retain_until_date": "",
            "server_side_encryption": "AES256",
            "source": "content/assets/img/portfolio/portfolio-4.jpg",
            "source_hash": null,
            "storage_class": "STANDARD",
            "tags": {},
            "tags_all": {},
            "version_id": "",
            "website_redirect": ""
          },
          "sensitive_attributes": [],
          "private": "bnVsbA=="
        },
        {
          "index_key": "content/assets/img/portfolio/portfolio-5.jpg",
          "schema_version": 0,
          "attributes": {
            "acl": "private",
            "bucket": "www.cleomullerresume.net",
            "bucket_key_enabled": false,
            "cache_control": "",
            "content": null,
            "content_base64": null,
            "content_disposition": "",
            "content_encoding": "",
            "content_language": "",
            "content_type": "text/jpg",
            "etag": "f275fd26c42a5ba420f42d408d1f5e2d",
            "force_destroy": false,
            "id": "assets/img/portfolio/portfolio-5.jpg",
            "key": "assets/img/portfolio/portfolio-5.jpg",
            "kms_key_id": null,
            "metadata": {},
            "object_lock_legal_hold_status": "",
            "object_lock_mode": "",
            "object_lock_retain_until_date": "",
            "server_side_encryption": "AES256",
            "source": "content/assets/img/portfolio/portfolio-5.jpg",
            "source_hash": null,
            "storage_class": "STANDARD",
            "tags": {},
            "tags_all": {},
            "version_id": "",
            "website_redirect": ""
          },
          "sensitive_attributes": [],
          "private": "bnVsbA=="
        },
        {
          "index_key": "content/assets/img/portfolio/portfolio-6.jpg",
          "schema_version": 0,
          "attributes": {
            "acl": "private",
            "bucket": "www.cleomullerresume.net",
            "bucket_key_enabled": false,
            "cache_control": "",
            "content": null,
            "content_base64": null,
            "content_disposition": "",
            "content_encoding": "",
            "content_language": "",
            "content_type": "text/jpg",
            "etag": "0c46aa93be520dcda0d37d49f2e2b640",
            "force_destroy": false,
            "id": "assets/img/portfolio/portfolio-6.jpg",
            "key": "assets/img/portfolio/portfolio-6.jpg",
            "kms_key_id": null,
            "metadata": {},
            "object_lock_legal_hold_status": "",
            "object_lock_mode": "",
            "object_lock_retain_until_date": "",
            "server_side_encryption": "AES256",
            "source": "content/assets/img/portfolio/portfolio-6.jpg",
            "source_hash": null,
            "storage_class": "STANDARD",
            "tags": {},
            "tags_all": {},
            "version_id": "",
            "website_redirect": ""
          },
          "sensitive_attributes": [],
          "private": "bnVsbA=="
        },
        {
          "index_key": "content/assets/img/portfolio/portfolio-7.jpg",
          "schema_version": 0,
          "attributes": {
            "acl": "private",
            "bucket": "www.cleomullerresume.net",
            "bucket_key_enabled": false,
            "cache_control": "",
            "content": null,
            "content_base64": null,
            "content_disposition": "",
            "content_encoding": "",
            "content_language": "",
            "content_type": "text/jpg",
            "etag": "b23326931c9cda6bff1f34d9e92b6d7d",
            "force_destroy": false,
            "id": "assets/img/portfolio/portfolio-7.jpg",
            "key": "assets/img/portfolio/portfolio-7.jpg",
            "kms_key_id": null,
            "metadata": {},
            "object_lock_legal_hold_status": "",
            "object_lock_mode": "",
            "object_lock_retain_until_date": "",
            "server_side_encryption": "AES256",
            "source": "content/assets/img/portfolio/portfolio-7.jpg",
            "source_hash": null,
            "storage_class": "STANDARD",
            "tags": {},
            "tags_all": {},
            "version_id": "",
            "website_redirect": ""
          },
          "sensitive_attributes": [],
          "private": "bnVsbA=="
        },
        {
          "index_key": "content/assets/img/portfolio/portfolio-8.jpg",
          "schema_version": 0,
          "attributes": {
            "acl": "private",
            "bucket": "www.cleomullerresume.net",
            "bucket_key_enabled": false,
            "cache_control": "",
            "content": null,
            "content_base64": null,
            "content_disposition": "",
            "content_encoding": "",
            "content_language": "",
            "content_type": "text/jpg",
            "etag": "df1afa14393481756464f9fbcd72e551",
            "force_destroy": false,
            "id": "assets/img/portfolio/portfolio-8.jpg",
            "key": "assets/img/portfolio/portfolio-8.jpg",
            "kms_key_id": null,
            "metadata": {},
            "object_lock_legal_hold_status": "",
            "object_lock_mode": "",
            "object_lock_retain_until_date": "",
            "server_side_encryption": "AES256",
            "source": "content/assets/img/portfolio/portfolio-8.jpg",
            "source_hash": null,
            "storage_class": "STANDARD",
            "tags": {},
            "tags_all": {},
            "version_id": "",
            "website_redirect": ""
          },
          "sensitive_attributes": [],
          "private": "bnVsbA=="
        },
        {
          "index_key": "content/assets/img/portfolio/portfolio-9.jpg",
          "schema_version": 0,
          "attributes": {
            "acl": "private",
            "bucket": "www.cleomullerresume.net",
            "bucket_key_enabled": false,
            "cache_control": "",
            "content": null,
            "content_base64": null,
            "content_disposition": "",
            "content_encoding": "",
            "content_language": "",
            "content_type": "text/jpg",
            "etag": "184fa0b5cd8b2e31671598ef2d253b23",
            "force_destroy": false,
            "id": "assets/img/portfolio/portfolio-9.jpg",
            "key": "assets/img/portfolio/portfolio-9.jpg",
            "kms_key_id": null,
            "metadata": {},
            "object_lock_legal_hold_status": "",
            "object_lock_mode": "",
            "object_lock_retain_until_date": "",
            "server_side_encryption": "AES256",
            "source": "content/assets/img/portfolio/portfolio-9.jpg",
            "source_hash": null,
            "storage_class": "STANDARD",
            "tags": {},
            "tags_all": {},
            "version_id": "",
            "website_redirect": ""
          },
          "sensitive_attributes": [],
          "private": "bnVsbA=="
        },
        {
          "index_key": "content/assets/img/portfolio/portfolio-details-1.jpg",
          "schema_version": 0,
          "attributes": {
            "acl": "private",
            "bucket": "www.cleomullerresume.net",
            "bucket_key_enabled": false,
            "cache_control": "",
            "content": null,
            "content_base64": null,
            "content_disposition": "",
            "content_encoding": "",
            "content_language": "",
            "content_type": "text/jpg",
            "etag": "6601d87a6fddeb507f3549a0a0eba3f3",
            "force_destroy": false,
            "id": "assets/img/portfolio/portfolio-details-1.jpg",
            "key": "assets/img/portfolio/portfolio-details-1.jpg",
            "kms_key_id": null,
            "metadata": {},
            "object_lock_legal_hold_status": "",
            "object_lock_mode": "",
            "object_lock_retain_until_date": "",
            "server_side_encryption": "AES256",
            "source": "content/assets/img/portfolio/portfolio-details-1.jpg",
            "source_hash": null,
            "storage_class": "STANDARD",
            "tags": {},
            "tags_all": {},
            "version_id": "",
            "website_redirect": ""
          },
          "sensitive_attributes": [],
          "private": "bnVsbA=="
        },
        {
          "index_key": "content/assets/img/portfolio/portfolio-details-2.jpg",
          "schema_version": 0,
          "attributes": {
            "acl": "private",
            "bucket": "www.cleomullerresume.net",
            "bucket_key_enabled": false,
            "cache_control": "",
            "content": null,
            "content_base64": null,
            "content_disposition": "",
            "content_encoding": "",
            "content_language": "",
            "content_type": "text/jpg",
            "etag": "32c8c83fdc6d6e1595c51e4217d4715a",
            "force_destroy": false,
            "id": "assets/img/portfolio/portfolio-details-2.jpg",
            "key": "assets/img/portfolio/portfolio-details-2.jpg",
            "kms_key_id": null,
            "metadata": {},
            "object_lock_legal_hold_status": "",
            "object_lock_mode": "",
            "object_lock_retain_until_date": "",
            "server_side_encryption": "AES256",
            "source": "content/assets/img/portfolio/portfolio-details-2.jpg",
            "source_hash": null,
            "storage_class": "STANDARD",
            "tags": {},
            "tags_all": {},
            "version_id": "",
            "website_redirect": ""
          },
          "sensitive_attributes": [],
          "private": "bnVsbA=="
        },
        {
          "index_key": "content/assets/img/portfolio/portfolio-details-3.jpg",
          "schema_version": 0,
          "attributes": {
            "acl": "private",
            "bucket": "www.cleomullerresume.net",
            "bucket_key_enabled": false,
            "cache_control": "",
            "content": null,
            "content_base64": null,
            "content_disposition": "",
            "content_encoding": "",
            "content_language": "",
            "content_type": "text/jpg",
            "etag": "8389266833fc68a556e96845d86ba7ba",
            "force_destroy": false,
            "id": "assets/img/portfolio/portfolio-details-3.jpg",
            "key": "assets/img/portfolio/portfolio-details-3.jpg",
            "kms_key_id": null,
            "metadata": {},
            "object_lock_legal_hold_status": "",
            "object_lock_mode": "",
            "object_lock_retain_until_date": "",
            "server_side_encryption": "AES256",
            "source": "content/assets/img/portfolio/portfolio-details-3.jpg",
            "source_hash": null,
            "storage_class": "STANDARD",
            "tags": {},
            "tags_all": {},
            "version_id": "",
            "website_redirect": ""
          },
          "sensitive_attributes": [],
          "private": "bnVsbA=="
        },
        {
          "index_key": "content/assets/img/profile-img.jpg",
          "schema_version": 0,
          "attributes": {
            "acl": "private",
            "bucket": "www.cleomullerresume.net",
            "bucket_key_enabled": false,
            "cache_control": "",
            "content": null,
            "content_base64": null,
            "content_disposition": "",
            "content_encoding": "",
            "content_language": "",
            "content_type": "text/jpg",
            "etag": "61f0187035dff17ab78c74e12ad729d6",
            "force_destroy": false,
            "id": "assets/img/profile-img.jpg",
            "key": "assets/img/profile-img.jpg",
            "kms_key_id": null,
            "metadata": {},
            "object_lock_legal_hold_status": "",
            "object_lock_mode": "",
            "object_lock_retain_until_date": "",
            "server_side_encryption": "AES256",
            "source": "content/assets/img/profile-img.jpg",
            "source_hash": null,
            "storage_class": "STANDARD",
            "tags": {},
            "tags_all": {},
            "version_id": "",
            "website_redirect": ""
          },
          "sensitive_attributes": [],
          "private": "bnVsbA=="
        },
        {
          "index_key": "content/assets/img/profile-img1.jpg",
          "schema_version": 0,
          "attributes": {
            "acl": "private",
            "bucket": "www.cleomullerresume.net",
            "bucket_key_enabled": false,
            "cache_control": "",
            "content": null,
            "content_base64": null,
            "content_disposition": "",
            "content_encoding": "",
            "content_language": "",
            "content_type": "text/jpg",
            "etag": "cb511cf43a733a816d41eb0d3bc53329",
            "force_destroy": false,
            "id": "assets/img/profile-img1.jpg",
            "key": "assets/img/profile-img1.jpg",
            "kms_key_id": null,
            "metadata": {},
            "object_lock_legal_hold_status": "",
            "object_lock_mode": "",
            "object_lock_retain_until_date": "",
            "server_side_encryption": "AES256",
            "source": "content/assets/img/profile-img1.jpg",
            "source_hash": null,
            "storage_class": "STANDARD",
            "tags": {},
            "tags_all": {},
            "version_id": "",
            "website_redirect": ""
          },
          "sensitive_attributes": [],
          "private": "bnVsbA=="
        },
        {
          "index_key": "content/assets/img/testimonials/testimonials-1.jpg",
          "schema_version": 0,
          "attributes": {
            "acl": "private",
            "bucket": "www.cleomullerresume.net",
            "bucket_key_enabled": false,
            "cache_control": "",
            "content": null,
            "content_base64": null,
            "content_disposition": "",
            "content_encoding": "",
            "content_language": "",
            "content_type": "text/jpg",
            "etag": "2eb96321ab48d0ba8c87de31ad7087fe",
            "force_destroy": false,
            "id": "assets/img/testimonials/testimonials-1.jpg",
            "key": "assets/img/testimonials/testimonials-1.jpg",
            "kms_key_id": null,
            "metadata": {},
            "object_lock_legal_hold_status": "",
            "object_lock_mode": "",
            "object_lock_retain_until_date": "",
            "server_side_encryption": "AES256",
            "source": "content/assets/img/testimonials/testimonials-1.jpg",
            "source_hash": null,
            "storage_class": "STANDARD",
            "tags": {},
            "tags_all": {},
            "version_id": "",
            "website_redirect": ""
          },
          "sensitive_attributes": [],
          "private": "bnVsbA=="
        },
        {
          "index_key": "content/assets/img/testimonials/testimonials-2.jpg",
          "schema_version": 0,
          "attributes": {
            "acl": "private",
            "bucket": "www.cleomullerresume.net",
            "bucket_key_enabled": false,
            "cache_control": "",
            "content": null,
            "content_base64": null,
            "content_disposition": "",
            "content_encoding": "",
            "content_language": "",
            "content_type": "text/jpg",
            "etag": "b6d1701868336600a333ea7bec662425",
            "force_destroy": false,
            "id": "assets/img/testimonials/testimonials-2.jpg",
            "key": "assets/img/testimonials/testimonials-2.jpg",
            "kms_key_id": null,
            "metadata": {},
            "object_lock_legal_hold_status": "",
            "object_lock_mode": "",
            "object_lock_retain_until_date": "",
            "server_side_encryption": "AES256",
            "source": "content/assets/img/testimonials/testimonials-2.jpg",
            "source_hash": null,
            "storage_class": "STANDARD",
            "tags": {},
            "tags_all": {},
            "version_id": "",
            "website_redirect": ""
          },
          "sensitive_attributes": [],
          "private": "bnVsbA=="
        },
        {
          "index_key": "content/assets/img/testimonials/testimonials-3.jpg",
          "schema_version": 0,
          "attributes": {
            "acl": "private",
            "bucket": "www.cleomullerresume.net",
            "bucket_key_enabled": false,
            "cache_control": "",
            "content": null,
            "content_base64": null,
            "content_disposition": "",
            "content_encoding": "",
            "content_language": "",
            "content_type": "text/jpg",
            "etag": "3d677828b23ca5dc9653eb9e8f92aa1f",
            "force_destroy": false,
            "id": "assets/img/testimonials/testimonials-3.jpg",
            "key": "assets/img/testimonials/testimonials-3.jpg",
            "kms_key_id": null,
            "metadata": {},
            "object_lock_legal_hold_status": "",
            "object_lock_mode": "",
            "object_lock_retain_until_date": "",
            "server_side_encryption": "AES256",
            "source": "content/assets/img/testimonials/testimonials-3.jpg",
            "source_hash": null,
            "storage_class": "STANDARD",
            "tags": {},
            "tags_all": {},
            "version_id": "",
            "website_redirect": ""
          },
          "sensitive_attributes": [],
          "private": "bnVsbA=="
        },
        {
          "index_key": "content/assets/img/testimonials/testimonials-4.jpg",
          "schema_version": 0,
          "attributes": {
            "acl": "private",
            "bucket": "www.cleomullerresume.net",
            "bucket_key_enabled": false,
            "cache_control": "",
            "content": null,
            "content_base64": null,
            "content_disposition": "",
            "content_encoding": "",
            "content_language": "",
            "content_type": "text/jpg",
            "etag": "08d8679b1e421ad63fd4d61156a5acd1",
            "force_destroy": false,
            "id": "assets/img/testimonials/testimonials-4.jpg",
            "key": "assets/img/testimonials/testimonials-4.jpg",
            "kms_key_id": null,
            "metadata": {},
            "object_lock_legal_hold_status": "",
            "object_lock_mode": "",
            "object_lock_retain_until_date": "",
            "server_side_encryption": "AES256",
            "source": "content/assets/img/testimonials/testimonials-4.jpg",
            "source_hash": null,
            "storage_class": "STANDARD",
            "tags": {},
            "tags_all": {},
            "version_id": "",
            "website_redirect": ""
          },
          "sensitive_attributes": [],
          "private": "bnVsbA=="
        },
        {
          "index_key": "content/assets/img/testimonials/testimonials-5.jpg",
          "schema_version": 0,
          "attributes": {
            "acl": "private",
            "bucket": "www.cleomullerresume.net",
            "bucket_key_enabled": false,
            "cache_control": "",
            "content": null,
            "content_base64": null,
            "content_disposition": "",
            "content_encoding": "",
            "content_language": "",
            "content_type": "text/jpg",
            "etag": "72fb04435870ed091240bd9da7474dab",
            "force_destroy": false,
            "id": "assets/img/testimonials/testimonials-5.jpg",
            "key": "assets/img/testimonials/testimonials-5.jpg",
            "kms_key_id": null,
            "metadata": {},
            "object_lock_legal_hold_status": "",
            "object_lock_mode": "",
            "object_lock_retain_until_date": "",
            "server_side_encryption": "AES256",
            "source": "content/assets/img/testimonials/testimonials-5.jpg",
            "source_hash": null,
            "storage_class": "STANDARD",
            "tags": {},
            "tags_all": {},
            "version_id": "",
            "website_redirect": ""
          },
          "sensitive_attributes": [],
          "private": "bnVsbA=="
        },
        {
          "index_key": "content/assets/js/main.js",
          "schema_version": 0,
          "attributes": {
            "acl": "private",
            "bucket": "www.cleomullerresume.net",
            "bucket_key_enabled": false,
            "cache_control": "",
            "content": null,
            "content_base64": null,
            "content_disposition": "",
            "content_encoding": "",
            "content_language": "",
            "content_type": "text/javascript",
            "etag": "2ebacafe54ab02fd3b2250b90b87b534",
            "force_destroy": false,
            "id": "assets/js/main.js",
            "key": "assets/js/main.js",
            "kms_key_id": null,
            "metadata": {},
            "object_lock_legal_hold_status": "",
            "object_lock_mode": "",
            "object_lock_retain_until_date": "",
            "server_side_encryption": "AES256",
            "source": "content/assets/js/main.js",
            "source_hash": null,
            "storage_class": "STANDARD",
            "tags": {},
            "tags_all": {},
            "version_id": "",
            "website_redirect": ""
          },
          "sensitive_attributes": [],
          "private": "bnVsbA=="
        },
        {
          "index_key": "content/assets/vendor/aos/aos.cjs.js",
          "schema_version": 0,
          "attributes": {
            "acl": "private",
            "bucket": "www.cleomullerresume.net",
            "bucket_key_enabled": false,
            "cache_control": "",
            "content": null,
            "content_base64": null,
            "content_disposition": "",
            "content_encoding": "",
            "content_language": "",
            "content_type": "text/javascript",
            "etag": "d9f4c76336e267671bb18202f917a2fc",
            "force_destroy": false,
            "id": "assets/vendor/aos/aos.cjs.js",
            "key": "assets/vendor/aos/aos.cjs.js",
            "kms_key_id": null,
            "metadata": {},
            "object_lock_legal_hold_status": "",
            "object_lock_mode": "",
            "object_lock_retain_until_date": "",
            "server_side_encryption": "AES256",
            "source": "content/assets/vendor/aos/aos.cjs.js",
            "source_hash": null,
            "storage_class": "STANDARD",
            "tags": {},
            "tags_all": {},
            "version_id": "",
            "website_redirect": ""
          },
          "sensitive_attributes": [],
          "private": "bnVsbA=="
        },
        {
          "index_key": "content/assets/vendor/aos/aos.css",
          "schema_version": 0,
          "attributes": {
            "acl": "private",
            "bucket": "www.cleomullerresume.net",
            "bucket_key_enabled": false,
            "cache_control": "",
            "content": null,
            "content_base64": null,
            "content_disposition": "",
            "content_encoding": "",
            "content_language": "",
            "content_type": "text/css",
            "etag": "6bb5545318038a2cfb38a19581c581f9",
            "force_destroy": false,
            "id": "assets/vendor/aos/aos.css",
            "key": "assets/vendor/aos/aos.css",
            "kms_key_id": null,
            "metadata": {},
            "object_lock_legal_hold_status": "",
            "object_lock_mode": "",
            "object_lock_retain_until_date": "",
            "server_side_encryption": "AES256",
            "source": "content/assets/vendor/aos/aos.css",
            "source_hash": null,
            "storage_class": "STANDARD",
            "tags": {},
            "tags_all": {},
            "version_id": "",
            "website_redirect": ""
          },
          "sensitive_attributes": [],
          "private": "bnVsbA=="
        },
        {
          "index_key": "content/assets/vendor/aos/aos.esm.js",
          "schema_version": 0,
          "attributes": {
            "acl": "private",
            "bucket": "www.cleomullerresume.net",
            "bucket_key_enabled": false,
            "cache_control": "",
            "content": null,
            "content_base64": null,
            "content_disposition": "",
            "content_encoding": "",
            "content_language": "",
            "content_type": "text/javascript",
            "etag": "b3eeb124f7edfb1f599a680981e2224d",
            "force_destroy": false,
            "id": "assets/vendor/aos/aos.esm.js",
            "key": "assets/vendor/aos/aos.esm.js",
            "kms_key_id": null,
            "metadata": {},
            "object_lock_legal_hold_status": "",
            "object_lock_mode": "",
            "object_lock_retain_until_date": "",
            "server_side_encryption": "AES256",
            "source": "content/assets/vendor/aos/aos.esm.js",
            "source_hash": null,
            "storage_class": "STANDARD",
            "tags": {},
            "tags_all": {},
            "version_id": "",
            "website_redirect": ""
          },
          "sensitive_attributes": [],
          "private": "bnVsbA=="
        },
        {
          "index_key": "content/assets/vendor/aos/aos.js",
          "schema_version": 0,
          "attributes": {
            "acl": "private",
            "bucket": "www.cleomullerresume.net",
            "bucket_key_enabled": false,
            "cache_control": "",
            "content": null,
            "content_base64": null,
            "content_disposition": "",
            "content_encoding": "",
            "content_language": "",
            "content_type": "text/javascript",
            "etag": "aa20b6e0418d20fb86b071e670b2b207",
            "force_destroy": false,
            "id": "assets/vendor/aos/aos.js",
            "key": "assets/vendor/aos/aos.js",
            "kms_key_id": null,
            "metadata": {},
            "object_lock_legal_hold_status": "",
            "object_lock_mode": "",
            "object_lock_retain_until_date": "",
            "server_side_encryption": "AES256",
            "source": "content/assets/vendor/aos/aos.js",
            "source_hash": null,
            "storage_class": "STANDARD",
            "tags": {},
            "tags_all": {},
            "version_id": "",
            "website_redirect": ""
          },
          "sensitive_attributes": [],
          "private": "bnVsbA=="
        },
        {
          "index_key": "content/assets/vendor/bootstrap-icons/bootstrap-icons.css",
          "schema_version": 0,
          "attributes": {
            "acl": "private",
            "bucket": "www.cleomullerresume.net",
            "bucket_key_enabled": false,
            "cache_control": "",
            "content": null,
            "content_base64": null,
            "content_disposition": "",
            "content_encoding": "",
            "content_language": "",
            "content_type": "text/css",
            "etag": "8f4b242830ec54686815617e7b5a5b1b",
            "force_destroy": false,
            "id": "assets/vendor/bootstrap-icons/bootstrap-icons.css",
            "key": "assets/vendor/bootstrap-icons/bootstrap-icons.css",
            "kms_key_id": null,
            "metadata": {},
            "object_lock_legal_hold_status": "",
            "object_lock_mode": "",
            "object_lock_retain_until_date": "",
            "server_side_encryption": "AES256",
            "source": "content/assets/vendor/bootstrap-icons/bootstrap-icons.css",
            "source_hash": null,
            "storage_class": "STANDARD",
            "tags": {},
            "tags_all": {},
            "version_id": "",
            "website_redirect": ""
          },
          "sensitive_attributes": [],
          "private": "bnVsbA=="
        },
        {
          "index_key": "content/assets/vendor/bootstrap-icons/bootstrap-icons.min.css",
          "schema_version": 0,
          "attributes": {
            "acl": "private",
            "bucket": "www.cleomullerresume.net",
            "bucket_key_enabled": false,
            "cache_control": "",
            "content": null,
            "content_base64": null,
            "content_disposition": "",
            "content_encoding": "",
            "content_language": "",
            "content_type": "text/css",
            "etag": "7b55ca02868d589ed1fb8372085198cf",
            "force_destroy": false,
            "id": "assets/vendor/bootstrap-icons/bootstrap-icons.min.css",
            "key": "assets/vendor/bootstrap-icons/bootstrap-icons.min.css",
            "kms_key_id": null,
            "metadata": {},
            "object_lock_legal_hold_status": "",
            "object_lock_mode": "",
            "object_lock_retain_until_date": "",
            "server_side_encryption": "AES256",
            "source": "content/assets/vendor/bootstrap-icons/bootstrap-icons.min.css",
            "source_hash": null,
            "storage_class": "STANDARD",
            "tags": {},
            "tags_all": {},
            "version_id": "",
            "website_redirect": ""
          },
          "sensitive_attributes": [],
          "private": "bnVsbA=="
        },
        {
          "index_key": "content/assets/vendor/bootstrap-icons/bootstrap-icons.scss",
          "schema_version": 0,
          "attributes": {
            "acl": "private",
            "bucket": "www.cleomullerresume.net",
            "bucket_key_enabled": false,
            "cache_control": "",
            "content": null,
            "content_base64": null,
            "content_disposition": "",
            "content_encoding": "",
            "content_language": "",
            "content_type": "text/scss",
            "etag": "4a97a0cf4ca08e29bf4869f30757d652",
            "force_destroy": false,
            "id": "assets/vendor/bootstrap-icons/bootstrap-icons.scss",
            "key": "assets/vendor/bootstrap-icons/bootstrap-icons.scss",
            "kms_key_id": null,
            "metadata": {},
            "object_lock_legal_hold_status": "",
            "object_lock_mode": "",
            "object_lock_retain_until_date": "",
            "server_side_encryption": "AES256",
            "source": "content/assets/vendor/bootstrap-icons/bootstrap-icons.scss",
            "source_hash": null,
            "storage_class": "STANDARD",
            "tags": {},
            "tags_all": {},
            "version_id": "",
            "website_redirect": ""
          },
          "sensitive_attributes": [],
          "private": "bnVsbA=="
        },
        {
          "index_key": "content/assets/vendor/bootstrap/css/bootstrap-grid.css",
          "schema_version": 0,
          "attributes": {
            "acl": "private",
            "bucket": "www.cleomullerresume.net",
            "bucket_key_enabled": false,
            "cache_control": "",
            "content": null,
            "content_base64": null,
            "content_disposition": "",
            "content_encoding": "",
            "content_language": "",
            "content_type": "text/css",
            "etag": "88a1a050ac10613882d9b1ea58f39a04",
            "force_destroy": false,
            "id": "assets/vendor/bootstrap/css/bootstrap-grid.css",
            "key": "assets/vendor/bootstrap/css/bootstrap-grid.css",
            "kms_key_id": null,
            "metadata": {},
            "object_lock_legal_hold_status": "",
            "object_lock_mode": "",
            "object_lock_retain_until_date": "",
            "server_side_encryption": "AES256",
            "source": "content/assets/vendor/bootstrap/css/bootstrap-grid.css",
            "source_hash": null,
            "storage_class": "STANDARD",
            "tags": {},
            "tags_all": {},
            "version_id": "",
            "website_redirect": ""
          },
          "sensitive_attributes": [],
          "private": "bnVsbA=="
        },
        {
          "index_key": "content/assets/vendor/bootstrap/css/bootstrap-grid.min.css",
          "schema_version": 0,
          "attributes": {
            "acl": "private",
            "bucket": "www.cleomullerresume.net",
            "bucket_key_enabled": false,
            "cache_control": "",
            "content": null,
            "content_base64": null,
            "content_disposition": "",
            "content_encoding": "",
            "content_language": "",
            "content_type": "text/css",
            "etag": "7c218347bb2fdfd6b18ec2c892d33587",
            "force_destroy": false,
            "id": "assets/vendor/bootstrap/css/bootstrap-grid.min.css",
            "key": "assets/vendor/bootstrap/css/bootstrap-grid.min.css",
            "kms_key_id": null,
            "metadata": {},
            "object_lock_legal_hold_status": "",
            "object_lock_mode": "",
            "object_lock_retain_until_date": "",
            "server_side_encryption": "AES256",
            "source": "content/assets/vendor/bootstrap/css/bootstrap-grid.min.css",
            "source_hash": null,
            "storage_class": "STANDARD",
            "tags": {},
            "tags_all": {},
            "version_id": "",
            "website_redirect": ""
          },
          "sensitive_attributes": [],
          "private": "bnVsbA=="
        },
        {
          "index_key": "content/assets/vendor/bootstrap/css/bootstrap-grid.rtl.css",
          "schema_version": 0,
          "attributes": {
            "acl": "private",
            "bucket": "www.cleomullerresume.net",
            "bucket_key_enabled": false,
            "cache_control": "",
            "content": null,
            "content_base64": null,
            "content_disposition": "",
            "content_encoding": "",
            "content_language": "",
            "content_type": "text/css",
            "etag": "7a54abeae32365edb8b1bd4d4b7f6f4a",
            "force_destroy": false,
            "id": "assets/vendor/bootstrap/css/bootstrap-grid.rtl.css",
            "key": "assets/vendor/bootstrap/css/bootstrap-grid.rtl.css",
            "kms_key_id": null,
            "metadata": {},
            "object_lock_legal_hold_status": "",
            "object_lock_mode": "",
            "object_lock_retain_until_date": "",
            "server_side_encryption": "AES256",
            "source": "content/assets/vendor/bootstrap/css/bootstrap-grid.rtl.css",
            "source_hash": null,
            "storage_class": "STANDARD",
            "tags": {},
            "tags_all": {},
            "version_id": "",
            "website_redirect": ""
          },
          "sensitive_attributes": [],
          "private": "bnVsbA=="
        },
        {
          "index_key": "content/assets/vendor/bootstrap/css/bootstrap-grid.rtl.min.css",
          "schema_version": 0,
          "attributes": {
            "acl": "private",
            "bucket": "www.cleomullerresume.net",
            "bucket_key_enabled": false,
            "cache_control": "",
            "content": null,
            "content_base64": null,
            "content_disposition": "",
            "content_encoding": "",
            "content_language": "",
            "content_type": "text/css",
            "etag": "c2ddda8b98dcae6b41d6d1dc782a7e1a",
            "force_destroy": false,
            "id": "assets/vendor/bootstrap/css/bootstrap-grid.rtl.min.css",
            "key": "assets/vendor/bootstrap/css/bootstrap-grid.rtl.min.css",
            "kms_key_id": null,
            "metadata": {},
            "object_lock_legal_hold_status": "",
            "object_lock_mode": "",
            "object_lock_retain_until_date": "",
            "server_side_encryption": "AES256",
            "source": "content/assets/vendor/bootstrap/css/bootstrap-grid.rtl.min.css",
            "source_hash": null,
            "storage_class": "STANDARD",
            "tags": {},
            "tags_all": {},
            "version_id": "",
            "website_redirect": ""
          },
          "sensitive_attributes": [],
          "private": "bnVsbA=="
        },
        {
          "index_key": "content/assets/vendor/bootstrap/css/bootstrap-reboot.css",
          "schema_version": 0,
          "attributes": {
            "acl": "private",
            "bucket": "www.cleomullerresume.net",
            "bucket_key_enabled": false,
            "cache_control": "",
            "content": null,
            "content_base64": null,
            "content_disposition": "",
            "content_encoding": "",
            "content_language": "",
            "content_type": "text/css",
            "etag": "292dc3f9fa0daf4aca278b093dcc82f7",
            "force_destroy": false,
            "id": "assets/vendor/bootstrap/css/bootstrap-reboot.css",
            "key": "assets/vendor/bootstrap/css/bootstrap-reboot.css",
            "kms_key_id": null,
            "metadata": {},
            "object_lock_legal_hold_status": "",
            "object_lock_mode": "",
            "object_lock_retain_until_date": "",
            "server_side_encryption": "AES256",
            "source": "content/assets/vendor/bootstrap/css/bootstrap-reboot.css",
            "source_hash": null,
            "storage_class": "STANDARD",
            "tags": {},
            "tags_all": {},
            "version_id": "",
            "website_redirect": ""
          },
          "sensitive_attributes": [],
          "private": "bnVsbA=="
        },
        {
          "index_key": "content/assets/vendor/bootstrap/css/bootstrap-reboot.min.css",
          "schema_version": 0,
          "attributes": {
            "acl": "private",
            "bucket": "www.cleomullerresume.net",
            "bucket_key_enabled": false,
            "cache_control": "",
            "content": null,
            "content_base64": null,
            "content_disposition": "",
            "content_encoding": "",
            "content_language": "",
            "content_type": "text/css",
            "etag": "fb689eb57aef781178b5b295d4b61e81",
            "force_destroy": false,
            "id": "assets/vendor/bootstrap/css/bootstrap-reboot.min.css",
            "key": "assets/vendor/bootstrap/css/bootstrap-reboot.min.css",
            "kms_key_id": null,
            "metadata": {},
            "object_lock_legal_hold_status": "",
            "object_lock_mode": "",
            "object_lock_retain_until_date": "",
            "server_side_encryption": "AES256",
            "source": "content/assets/vendor/bootstrap/css/bootstrap-reboot.min.css",
            "source_hash": null,
            "storage_class": "STANDARD",
            "tags": {},
            "tags_all": {},
            "version_id": "",
            "website_redirect": ""
          },
          "sensitive_attributes": [],
          "private": "bnVsbA=="
        },
        {
          "index_key": "content/assets/vendor/bootstrap/css/bootstrap-reboot.rtl.css",
          "schema_version": 0,
          "attributes": {
            "acl": "private",
            "bucket": "www.cleomullerresume.net",
            "bucket_key_enabled": false,
            "cache_control": "",
            "content": null,
            "content_base64": null,
            "content_disposition": "",
            "content_encoding": "",
            "content_language": "",
            "content_type": "text/css",
            "etag": "d80efc0de1b8f3767a0fff7fbf64f743",
            "force_destroy": false,
            "id": "assets/vendor/bootstrap/css/bootstrap-reboot.rtl.css",
            "key": "assets/vendor/bootstrap/css/bootstrap-reboot.rtl.css",
            "kms_key_id": null,
            "metadata": {},
            "object_lock_legal_hold_status": "",
            "object_lock_mode": "",
            "object_lock_retain_until_date": "",
            "server_side_encryption": "AES256",
            "source": "content/assets/vendor/bootstrap/css/bootstrap-reboot.rtl.css",
            "source_hash": null,
            "storage_class": "STANDARD",
            "tags": {},
            "tags_all": {},
            "version_id": "",
            "website_redirect": ""
          },
          "sensitive_attributes": [],
          "private": "bnVsbA=="
        },
        {
          "index_key": "content/assets/vendor/bootstrap/css/bootstrap-reboot.rtl.min.css",
          "schema_version": 0,
          "attributes": {
            "acl": "private",
            "bucket": "www.cleomullerresume.net",
            "bucket_key_enabled": false,
            "cache_control": "",
            "content": null,
            "content_base64": null,
            "content_disposition": "",
            "content_encoding": "",
            "content_language": "",
            "content_type": "text/css",
            "etag": "85ccb5c4f75f1ec670243240d8c4faf8",
            "force_destroy": false,
            "id": "assets/vendor/bootstrap/css/bootstrap-reboot.rtl.min.css",
            "key": "assets/vendor/bootstrap/css/bootstrap-reboot.rtl.min.css",
            "kms_key_id": null,
            "metadata": {},
            "object_lock_legal_hold_status": "",
            "object_lock_mode": "",
            "object_lock_retain_until_date": "",
            "server_side_encryption": "AES256",
            "source": "content/assets/vendor/bootstrap/css/bootstrap-reboot.rtl.min.css",
            "source_hash": null,
            "storage_class": "STANDARD",
            "tags": {},
            "tags_all": {},
            "version_id": "",
            "website_redirect": ""
          },
          "sensitive_attributes": [],
          "private": "bnVsbA=="
        },
        {
          "index_key": "content/assets/vendor/bootstrap/css/bootstrap-utilities.css",
          "schema_version": 0,
          "attributes": {
            "acl": "private",
            "bucket": "www.cleomullerresume.net",
            "bucket_key_enabled": false,
            "cache_control": "",
            "content": null,
            "content_base64": null,
            "content_disposition": "",
            "content_encoding": "",
            "content_language": "",
            "content_type": "text/css",
            "etag": "390e5e885c6137f3c8406fbb7ee97678",
            "force_destroy": false,
            "id": "assets/vendor/bootstrap/css/bootstrap-utilities.css",
            "key": "assets/vendor/bootstrap/css/bootstrap-utilities.css",
            "kms_key_id": null,
            "metadata": {},
            "object_lock_legal_hold_status": "",
            "object_lock_mode": "",
            "object_lock_retain_until_date": "",
            "server_side_encryption": "AES256",
            "source": "content/assets/vendor/bootstrap/css/bootstrap-utilities.css",
            "source_hash": null,
            "storage_class": "STANDARD",
            "tags": {},
            "tags_all": {},
            "version_id": "",
            "website_redirect": ""
          },
          "sensitive_attributes": [],
          "private": "bnVsbA=="
        },
        {
          "index_key": "content/assets/vendor/bootstrap/css/bootstrap-utilities.min.css",
          "schema_version": 0,
          "attributes": {
            "acl": "private",
            "bucket": "www.cleomullerresume.net",
            "bucket_key_enabled": false,
            "cache_control": "",
            "content": null,
            "content_base64": null,
            "content_disposition": "",
            "content_encoding": "",
            "content_language": "",
            "content_type": "text/css",
            "etag": "1a9d5a205310b030f2a1c075cc9b9ad1",
            "force_destroy": false,
            "id": "assets/vendor/bootstrap/css/bootstrap-utilities.min.css",
            "key": "assets/vendor/bootstrap/css/bootstrap-utilities.min.css",
            "kms_key_id": null,
            "metadata": {},
            "object_lock_legal_hold_status": "",
            "object_lock_mode": "",
            "object_lock_retain_until_date": "",
            "server_side_encryption": "AES256",
            "source": "content/assets/vendor/bootstrap/css/bootstrap-utilities.min.css",
            "source_hash": null,
            "storage_class": "STANDARD",
            "tags": {},
            "tags_all": {},
            "version_id": "",
            "website_redirect": ""
          },
          "sensitive_attributes": [],
          "private": "bnVsbA=="
        },
        {
          "index_key": "content/assets/vendor/bootstrap/css/bootstrap-utilities.rtl.css",
          "schema_version": 0,
          "attributes": {
            "acl": "private",
            "bucket": "www.cleomullerresume.net",
            "bucket_key_enabled": false,
            "cache_control": "",
            "content": null,
            "content_base64": null,
            "content_disposition": "",
            "content_encoding": "",
            "content_language": "",
            "content_type": "text/css",
            "etag": "2807321baffce3f4cbe0a7ba91c513ea",
            "force_destroy": false,
            "id": "assets/vendor/bootstrap/css/bootstrap-utilities.rtl.css",
            "key": "assets/vendor/bootstrap/css/bootstrap-utilities.rtl.css",
            "kms_key_id": null,
            "metadata": {},
            "object_lock_legal_hold_status": "",
            "object_lock_mode": "",
            "object_lock_retain_until_date": "",
            "server_side_encryption": "AES256",
            "source": "content/assets/vendor/bootstrap/css/bootstrap-utilities.rtl.css",
            "source_hash": null,
            "storage_class": "STANDARD",
            "tags": {},
            "tags_all": {},
            "version_id": "",
            "website_redirect": ""
          },
          "sensitive_attributes": [],
          "private": "bnVsbA=="
        },
        {
          "index_key": "content/assets/vendor/bootstrap/css/bootstrap-utilities.rtl.min.css",
          "schema_version": 0,
          "attributes": {
            "acl": "private",
            "bucket": "www.cleomullerresume.net",
            "bucket_key_enabled": false,
            "cache_control": "",
            "content": null,
            "content_base64": null,
            "content_disposition": "",
            "content_encoding": "",
            "content_language": "",
            "content_type": "text/css",
            "etag": "58348c84aae17b088558358167a46849",
            "force_destroy": false,
            "id": "assets/vendor/bootstrap/css/bootstrap-utilities.rtl.min.css",
            "key": "assets/vendor/bootstrap/css/bootstrap-utilities.rtl.min.css",
            "kms_key_id": null,
            "metadata": {},
            "object_lock_legal_hold_status": "",
            "object_lock_mode": "",
            "object_lock_retain_until_date": "",
            "server_side_encryption": "AES256",
            "source": "content/assets/vendor/bootstrap/css/bootstrap-utilities.rtl.min.css",
            "source_hash": null,
            "storage_class": "STANDARD",
            "tags": {},
            "tags_all": {},
            "version_id": "",
            "website_redirect": ""
          },
          "sensitive_attributes": [],
          "private": "bnVsbA=="
        },
        {
          "index_key": "content/assets/vendor/bootstrap/css/bootstrap.css",
          "schema_version": 0,
          "attributes": {
            "acl": "private",
            "bucket": "www.cleomullerresume.net",
            "bucket_key_enabled": false,
            "cache_control": "",
            "content": null,
            "content_base64": null,
            "content_disposition": "",
            "content_encoding": "",
            "content_language": "",
            "content_type": "text/css",
            "etag": "c1ca1e21ab9c6b86028c8335b66e9408",
            "force_destroy": false,
            "id": "assets/vendor/bootstrap/css/bootstrap.css",
            "key": "assets/vendor/bootstrap/css/bootstrap.css",
            "kms_key_id": null,
            "metadata": {},
            "object_lock_legal_hold_status": "",
            "object_lock_mode": "",
            "object_lock_retain_until_date": "",
            "server_side_encryption": "AES256",
            "source": "content/assets/vendor/bootstrap/css/bootstrap.css",
            "source_hash": null,
            "storage_class": "STANDARD",
            "tags": {},
            "tags_all": {},
            "version_id": "",
            "website_redirect": ""
          },
          "sensitive_attributes": [],
          "private": "bnVsbA=="
        },
        {
          "index_key": "content/assets/vendor/bootstrap/css/bootstrap.min.css",
          "schema_version": 0,
          "attributes": {
            "acl": "private",
            "bucket": "www.cleomullerresume.net",
            "bucket_key_enabled": false,
            "cache_control": "",
            "content": null,
            "content_base64": null,
            "content_disposition": "",
            "content_encoding": "",
            "content_language": "",
            "content_type": "text/css",
            "etag": "fe7fdfec700d100dc745dc64d3600cb2",
            "force_destroy": false,
            "id": "assets/vendor/bootstrap/css/bootstrap.min.css",
            "key": "assets/vendor/bootstrap/css/bootstrap.min.css",
            "kms_key_id": null,
            "metadata": {},
            "object_lock_legal_hold_status": "",
            "object_lock_mode": "",
            "object_lock_retain_until_date": "",
            "server_side_encryption": "AES256",
            "source": "content/assets/vendor/bootstrap/css/bootstrap.min.css",
            "source_hash": null,
            "storage_class": "STANDARD",
            "tags": {},
            "tags_all": {},
            "version_id": "",
            "website_redirect": ""
          },
          "sensitive_attributes": [],
          "private": "bnVsbA=="
        },
        {
          "index_key": "content/assets/vendor/bootstrap/css/bootstrap.rtl.css",
          "schema_version": 0,
          "attributes": {
            "acl": "private",
            "bucket": "www.cleomullerresume.net",
            "bucket_key_enabled": false,
            "cache_control": "",
            "content": null,
            "content_base64": null,
            "content_disposition": "",
            "content_encoding": "",
            "content_language": "",
            "content_type": "text/css",
            "etag": "9a040d9b7289c890a4795be07148e298",
            "force_destroy": false,
            "id": "assets/vendor/bootstrap/css/bootstrap.rtl.css",
            "key": "assets/vendor/bootstrap/css/bootstrap.rtl.css",
            "kms_key_id": null,
            "metadata": {},
            "object_lock_legal_hold_status": "",
            "object_lock_mode": "",
            "object_lock_retain_until_date": "",
            "server_side_encryption": "AES256",
            "source": "content/assets/vendor/bootstrap/css/bootstrap.rtl.css",
            "source_hash": null,
            "storage_class": "STANDARD",
            "tags": {},
            "tags_all": {},
            "version_id": "",
            "website_redirect": ""
          },
          "sensitive_attributes": [],
          "private": "bnVsbA=="
        },
        {
          "index_key": "content/assets/vendor/bootstrap/css/bootstrap.rtl.min.css",
          "schema_version": 0,
          "attributes": {
            "acl": "private",
            "bucket": "www.cleomullerresume.net",
            "bucket_key_enabled": false,
            "cache_control": "",
            "content": null,
            "content_base64": null,
            "content_disposition": "",
            "content_encoding": "",
            "content_language": "",
            "content_type": "text/css",
            "etag": "f4b976988fc103085c1c9694d00a84aa",
            "force_destroy": false,
            "id": "assets/vendor/bootstrap/css/bootstrap.rtl.min.css",
            "key": "assets/vendor/bootstrap/css/bootstrap.rtl.min.css",
            "kms_key_id": null,
            "metadata": {},
            "object_lock_legal_hold_status": "",
            "object_lock_mode": "",
            "object_lock_retain_until_date": "",
            "server_side_encryption": "AES256",
            "source": "content/assets/vendor/bootstrap/css/bootstrap.rtl.min.css",
            "source_hash": null,
            "storage_class": "STANDARD",
            "tags": {},
            "tags_all": {},
            "version_id": "",
            "website_redirect": ""
          },
          "sensitive_attributes": [],
          "private": "bnVsbA=="
        },
        {
          "index_key": "content/assets/vendor/bootstrap/js/bootstrap.bundle.js",
          "schema_version": 0,
          "attributes": {
            "acl": "private",
            "bucket": "www.cleomullerresume.net",
            "bucket_key_enabled": false,
            "cache_control": "",
            "content": null,
            "content_base64": null,
            "content_disposition": "",
            "content_encoding": "",
            "content_language": "",
            "content_type": "text/javascript",
            "etag": "57a985a5376d69aeb76bda8cdedc9ad1",
            "force_destroy": false,
            "id": "assets/vendor/bootstrap/js/bootstrap.bundle.js",
            "key": "assets/vendor/bootstrap/js/bootstrap.bundle.js",
            "kms_key_id": null,
            "metadata": {},
            "object_lock_legal_hold_status": "",
            "object_lock_mode": "",
            "object_lock_retain_until_date": "",
            "server_side_encryption": "AES256",
            "source": "content/assets/vendor/bootstrap/js/bootstrap.bundle.js",
            "source_hash": null,
            "storage_class": "STANDARD",
            "tags": {},
            "tags_all": {},
            "version_id": "",
            "website_redirect": ""
          },
          "sensitive_attributes": [],
          "private": "bnVsbA=="
        },
        {
          "index_key": "content/assets/vendor/bootstrap/js/bootstrap.bundle.min.js",
          "schema_version": 0,
          "attributes": {
            "acl": "private",
            "bucket": "www.cleomullerresume.net",
            "bucket_key_enabled": false,
            "cache_control": "",
            "content": null,
            "content_base64": null,
            "content_disposition": "",
            "content_encoding": "",
            "content_language": "",
            "content_type": "text/javascript",
            "etag": "849e6db145f2905ce210f628bddd9de5",
            "force_destroy": false,
            "id": "assets/vendor/bootstrap/js/bootstrap.bundle.min.js",
            "key": "assets/vendor/bootstrap/js/bootstrap.bundle.min.js",
            "kms_key_id": null,
            "metadata": {},
            "object_lock_legal_hold_status": "",
            "object_lock_mode": "",
            "object_lock_retain_until_date": "",
            "server_side_encryption": "AES256",
            "source": "content/assets/vendor/bootstrap/js/bootstrap.bundle.min.js",
            "source_hash": null,
            "storage_class": "STANDARD",
            "tags": {},
            "tags_all": {},
            "version_id": "",
            "website_redirect": ""
          },
          "sensitive_attributes": [],
          "private": "bnVsbA=="
        },
        {
          "index_key": "content/assets/vendor/bootstrap/js/bootstrap.esm.js",
          "schema_version": 0,
          "attributes": {
            "acl": "private",
            "bucket": "www.cleomullerresume.net",
            "bucket_key_enabled": false,
            "cache_control": "",
            "content": null,
            "content_base64": null,
            "content_disposition": "",
            "content_encoding": "",
            "content_language": "",
            "content_type": "text/javascript",
            "etag": "7b035133f2cbd1f35b9545709fc725b3",
            "force_destroy": false,
            "id": "assets/vendor/bootstrap/js/bootstrap.esm.js",
            "key": "assets/vendor/bootstrap/js/bootstrap.esm.js",
            "kms_key_id": null,
            "metadata": {},
            "object_lock_legal_hold_status": "",
            "object_lock_mode": "",
            "object_lock_retain_until_date": "",
            "server_side_encryption": "AES256",
            "source": "content/assets/vendor/bootstrap/js/bootstrap.esm.js",
            "source_hash": null,
            "storage_class": "STANDARD",
            "tags": {},
            "tags_all": {},
            "version_id": "",
            "website_redirect": ""
          },
          "sensitive_attributes": [],
          "private": "bnVsbA=="
        },
        {
          "index_key": "content/assets/vendor/bootstrap/js/bootstrap.esm.min.js",
          "schema_version": 0,
          "attributes": {
            "acl": "private",
            "bucket": "www.cleomullerresume.net",
            "bucket_key_enabled": false,
            "cache_control": "",
            "content": null,
            "content_base64": null,
            "content_disposition": "",
            "content_encoding": "",
            "content_language": "",
            "content_type": "text/javascript",
            "etag": "df21bc4ff36ca1341a99bb09f401300d",
            "force_destroy": false,
            "id": "assets/vendor/bootstrap/js/bootstrap.esm.min.js",
            "key": "assets/vendor/bootstrap/js/bootstrap.esm.min.js",
            "kms_key_id": null,
            "metadata": {},
            "object_lock_legal_hold_status": "",
            "object_lock_mode": "",
            "object_lock_retain_until_date": "",
            "server_side_encryption": "AES256",
            "source": "content/assets/vendor/bootstrap/js/bootstrap.esm.min.js",
            "source_hash": null,
            "storage_class": "STANDARD",
            "tags": {},
            "tags_all": {},
            "version_id": "",
            "website_redirect": ""
          },
          "sensitive_attributes": [],
          "private": "bnVsbA=="
        },
        {
          "index_key": "content/assets/vendor/bootstrap/js/bootstrap.js",
          "schema_version": 0,
          "attributes": {
            "acl": "private",
            "bucket": "www.cleomullerresume.net",
            "bucket_key_enabled": false,
            "cache_control": "",
            "content": null,
            "content_base64": null,
            "content_disposition": "",
            "content_encoding": "",
            "content_language": "",
            "content_type": "text/javascript",
            "etag": "77d976360ee7592ecd1e64ababc1c245",
            "force_destroy": false,
            "id": "assets/vendor/bootstrap/js/bootstrap.js",
            "key": "assets/vendor/bootstrap/js/bootstrap.js",
            "kms_key_id": null,
            "metadata": {},
            "object_lock_legal_hold_status": "",
            "object_lock_mode": "",
            "object_lock_retain_until_date": "",
            "server_side_encryption": "AES256",
            "source": "content/assets/vendor/bootstrap/js/bootstrap.js",
            "source_hash": null,
            "storage_class": "STANDARD",
            "tags": {},
            "tags_all": {},
            "version_id": "",
            "website_redirect": ""
          },
          "sensitive_attributes": [],
          "private": "bnVsbA=="
        },
        {
          "index_key": "content/assets/vendor/bootstrap/js/bootstrap.min.js",
          "schema_version": 0,
          "attributes": {
            "acl": "private",
            "bucket": "www.cleomullerresume.net",
            "bucket_key_enabled": false,
            "cache_control": "",
            "content": null,
            "content_base64": null,
            "content_disposition": "",
            "content_encoding": "",
            "content_language": "",
            "content_type": "text/javascript",
            "etag": "716e3e3c1588d51d4dfa6da3752b0bea",
            "force_destroy": false,
            "id": "assets/vendor/bootstrap/js/bootstrap.min.js",
            "key": "assets/vendor/bootstrap/js/bootstrap.min.js",
            "kms_key_id": null,
            "metadata": {},
            "object_lock_legal_hold_status": "",
            "object_lock_mode": "",
            "object_lock_retain_until_date": "",
            "server_side_encryption": "AES256",
            "source": "content/assets/vendor/bootstrap/js/bootstrap.min.js",
            "source_hash": null,
            "storage_class": "STANDARD",
            "tags": {},
            "tags_all": {},
            "version_id": "",
            "website_redirect": ""
          },
          "sensitive_attributes": [],
          "private": "bnVsbA=="
        },
        {
          "index_key": "content/assets/vendor/boxicons/css/animations.css",
          "schema_version": 0,
          "attributes": {
            "acl": "private",
            "bucket": "www.cleomullerresume.net",
            "bucket_key_enabled": false,
            "cache_control": "",
            "content": null,
            "content_base64": null,
            "content_disposition": "",
            "content_encoding": "",
            "content_language": "",
            "content_type": "text/css",
            "etag": "2c0319e25c5cb233f4c6cf5e69d83fa3",
            "force_destroy": false,
            "id": "assets/vendor/boxicons/css/animations.css",
            "key": "assets/vendor/boxicons/css/animations.css",
            "kms_key_id": null,
            "metadata": {},
            "object_lock_legal_hold_status": "",
            "object_lock_mode": "",
            "object_lock_retain_until_date": "",
            "server_side_encryption": "AES256",
            "source": "content/assets/vendor/boxicons/css/animations.css",
            "source_hash": null,
            "storage_class": "STANDARD",
            "tags": {},
            "tags_all": {},
            "version_id": "",
            "website_redirect": ""
          },
          "sensitive_attributes": [],
          "private": "bnVsbA=="
        },
        {
          "index_key": "content/assets/vendor/boxicons/css/boxicons.css",
          "schema_version": 0,
          "attributes": {
            "acl": "private",
            "bucket": "www.cleomullerresume.net",
            "bucket_key_enabled": false,
            "cache_control": "",
            "content": null,
            "content_base64": null,
            "content_disposition": "",
            "content_encoding": "",
            "content_language": "",
            "content_type": "text/css",
            "etag": "6beebb34ea7a1e8d446d98a9b2c0bf8d",
            "force_destroy": false,
            "id": "assets/vendor/boxicons/css/boxicons.css",
            "key": "assets/vendor/boxicons/css/boxicons.css",
            "kms_key_id": null,
            "metadata": {},
            "object_lock_legal_hold_status": "",
            "object_lock_mode": "",
            "object_lock_retain_until_date": "",
            "server_side_encryption": "AES256",
            "source": "content/assets/vendor/boxicons/css/boxicons.css",
            "source_hash": null,
            "storage_class": "STANDARD",
            "tags": {},
            "tags_all": {},
            "version_id": "",
            "website_redirect": ""
          },
          "sensitive_attributes": [],
          "private": "bnVsbA=="
        },
        {
          "index_key": "content/assets/vendor/boxicons/css/boxicons.min.css",
          "schema_version": 0,
          "attributes": {
            "acl": "private",
            "bucket": "www.cleomullerresume.net",
            "bucket_key_enabled": false,
            "cache_control": "",
            "content": null,
            "content_base64": null,
            "content_disposition": "",
            "content_encoding": "",
            "content_language": "",
            "content_type": "text/css",
            "etag": "886ed8dd06c506c77cf226f4506b3c00",
            "force_destroy": false,
            "id": "assets/vendor/boxicons/css/boxicons.min.css",
            "key": "assets/vendor/boxicons/css/boxicons.min.css",
            "kms_key_id": null,
            "metadata": {},
            "object_lock_legal_hold_status": "",
            "object_lock_mode": "",
            "object_lock_retain_until_date": "",
            "server_side_encryption": "AES256",
            "source": "content/assets/vendor/boxicons/css/boxicons.min.css",
            "source_hash": null,
            "storage_class": "STANDARD",
            "tags": {},
            "tags_all": {},
            "version_id": "",
            "website_redirect": ""
          },
          "sensitive_attributes": [],
          "private": "bnVsbA=="
        },
        {
          "index_key": "content/assets/vendor/boxicons/css/transformations.css",
          "schema_version": 0,
          "attributes": {
            "acl": "private",
            "bucket": "www.cleomullerresume.net",
            "bucket_key_enabled": false,
            "cache_control": "",
            "content": null,
            "content_base64": null,
            "content_disposition": "",
            "content_encoding": "",
            "content_language": "",
            "content_type": "text/css",
            "etag": "d5afab8d6fa009e5bf06744ef93003f1",
            "force_destroy": false,
            "id": "assets/vendor/boxicons/css/transformations.css",
            "key": "assets/vendor/boxicons/css/transformations.css",
            "kms_key_id": null,
            "metadata": {},
            "object_lock_legal_hold_status": "",
            "object_lock_mode": "",
            "object_lock_retain_until_date": "",
            "server_side_encryption": "AES256",
            "source": "content/assets/vendor/boxicons/css/transformations.css",
            "source_hash": null,
            "storage_class": "STANDARD",
            "tags": {},
            "tags_all": {},
            "version_id": "",
            "website_redirect": ""
          },
          "sensitive_attributes": [],
          "private": "bnVsbA=="
        },
        {
          "index_key": "content/assets/vendor/glightbox/css/glightbox.css",
          "schema_version": 0,
          "attributes": {
            "acl": "private",
            "bucket": "www.cleomullerresume.net",
            "bucket_key_enabled": false,
            "cache_control": "",
            "content": null,
            "content_base64": null,
            "content_disposition": "",
            "content_encoding": "",
            "content_language": "",
            "content_type": "text/css",
            "etag": "76e8ba51c713846b57e22b321dfd7a63",
            "force_destroy": false,
            "id": "assets/vendor/glightbox/css/glightbox.css",
            "key": "assets/vendor/glightbox/css/glightbox.css",
            "kms_key_id": null,
            "metadata": {},
            "object_lock_legal_hold_status": "",
            "object_lock_mode": "",
            "object_lock_retain_until_date": "",
            "server_side_encryption": "AES256",
            "source": "content/assets/vendor/glightbox/css/glightbox.css",
            "source_hash": null,
            "storage_class": "STANDARD",
            "tags": {},
            "tags_all": {},
            "version_id": "",
            "website_redirect": ""
          },
          "sensitive_attributes": [],
          "private": "bnVsbA=="
        },
        {
          "index_key": "content/assets/vendor/glightbox/css/glightbox.min.css",
          "schema_version": 0,
          "attributes": {
            "acl": "private",
            "bucket": "www.cleomullerresume.net",
            "bucket_key_enabled": false,
            "cache_control": "",
            "content": null,
            "content_base64": null,
            "content_disposition": "",
            "content_encoding": "",
            "content_language": "",
            "content_type": "text/css",
            "etag": "9b438b29cef1c212d1c65a877ffc7232",
            "force_destroy": false,
            "id": "assets/vendor/glightbox/css/glightbox.min.css",
            "key": "assets/vendor/glightbox/css/glightbox.min.css",
            "kms_key_id": null,
            "metadata": {},
            "object_lock_legal_hold_status": "",
            "object_lock_mode": "",
            "object_lock_retain_until_date": "",
            "server_side_encryption": "AES256",
            "source": "content/assets/vendor/glightbox/css/glightbox.min.css",
            "source_hash": null,
            "storage_class": "STANDARD",
            "tags": {},
            "tags_all": {},
            "version_id": "",
            "website_redirect": ""
          },
          "sensitive_attributes": [],
          "private": "bnVsbA=="
        },
        {
          "index_key": "content/assets/vendor/glightbox/css/plyr.css",
          "schema_version": 0,
          "attributes": {
            "acl": "private",
            "bucket": "www.cleomullerresume.net",
            "bucket_key_enabled": false,
            "cache_control": "",
            "content": null,
            "content_base64": null,
            "content_disposition": "",
            "content_encoding": "",
            "content_language": "",
            "content_type": "text/css",
            "etag": "a39f7b91915f8ed00dd4e3e11a3c93eb",
            "force_destroy": false,
            "id": "assets/vendor/glightbox/css/plyr.css",
            "key": "assets/vendor/glightbox/css/plyr.css",
            "kms_key_id": null,
            "metadata": {},
            "object_lock_legal_hold_status": "",
            "object_lock_mode": "",
            "object_lock_retain_until_date": "",
            "server_side_encryption": "AES256",
            "source": "content/assets/vendor/glightbox/css/plyr.css",
            "source_hash": null,
            "storage_class": "STANDARD",
            "tags": {},
            "tags_all": {},
            "version_id": "",
            "website_redirect": ""
          },
          "sensitive_attributes": [],
          "private": "bnVsbA=="
        },
        {
          "index_key": "content/assets/vendor/glightbox/css/plyr.min.css",
          "schema_version": 0,
          "attributes": {
            "acl": "private",
            "bucket": "www.cleomullerresume.net",
            "bucket_key_enabled": false,
            "cache_control": "",
            "content": null,
            "content_base64": null,
            "content_disposition": "",
            "content_encoding": "",
            "content_language": "",
            "content_type": "text/css",
            "etag": "72c244ef068825d17123de804e1880b0",
            "force_destroy": false,
            "id": "assets/vendor/glightbox/css/plyr.min.css",
            "key": "assets/vendor/glightbox/css/plyr.min.css",
            "kms_key_id": null,
            "metadata": {},
            "object_lock_legal_hold_status": "",
            "object_lock_mode": "",
            "object_lock_retain_until_date": "",
            "server_side_encryption": "AES256",
            "source": "content/assets/vendor/glightbox/css/plyr.min.css",
            "source_hash": null,
            "storage_class": "STANDARD",
            "tags": {},
            "tags_all": {},
            "version_id": "",
            "website_redirect": ""
          },
          "sensitive_attributes": [],
          "private": "bnVsbA=="
        },
        {
          "index_key": "content/assets/vendor/glightbox/js/glightbox.js",
          "schema_version": 0,
          "attributes": {
            "acl": "private",
            "bucket": "www.cleomullerresume.net",
            "bucket_key_enabled": false,
            "cache_control": "",
            "content": null,
            "content_base64": null,
            "content_disposition": "",
            "content_encoding": "",
            "content_language": "",
            "content_type": "text/javascript",
            "etag": "7bafdeb041b5a6eac144d1cfefe01b07",
            "force_destroy": false,
            "id": "assets/vendor/glightbox/js/glightbox.js",
            "key": "assets/vendor/glightbox/js/glightbox.js",
            "kms_key_id": null,
            "metadata": {},
            "object_lock_legal_hold_status": "",
            "object_lock_mode": "",
            "object_lock_retain_until_date": "",
            "server_side_encryption": "AES256",
            "source": "content/assets/vendor/glightbox/js/glightbox.js",
            "source_hash": null,
            "storage_class": "STANDARD",
            "tags": {},
            "tags_all": {},
            "version_id": "",
            "website_redirect": ""
          },
          "sensitive_attributes": [],
          "private": "bnVsbA=="
        },
        {
          "index_key": "content/assets/vendor/glightbox/js/glightbox.min.js",
          "schema_version": 0,
          "attributes": {
            "acl": "private",
            "bucket": "www.cleomullerresume.net",
            "bucket_key_enabled": false,
            "cache_control": "",
            "content": null,
            "content_base64": null,
            "content_disposition": "",
            "content_encoding": "",
            "content_language": "",
            "content_type": "text/javascript",
            "etag": "2b4c8cbaade24ecb58bcb0d89694ccee",
            "force_destroy": false,
            "id": "assets/vendor/glightbox/js/glightbox.min.js",
            "key": "assets/vendor/glightbox/js/glightbox.min.js",
            "kms_key_id": null,
            "metadata": {},
            "object_lock_legal_hold_status": "",
            "object_lock_mode": "",
            "object_lock_retain_until_date": "",
            "server_side_encryption": "AES256",
            "source": "content/assets/vendor/glightbox/js/glightbox.min.js",
            "source_hash": null,
            "storage_class": "STANDARD",
            "tags": {},
            "tags_all": {},
            "version_id": "",
            "website_redirect": ""
          },
          "sensitive_attributes": [],
          "private": "bnVsbA=="
        },
        {
          "index_key": "content/assets/vendor/isotope-layout/isotope.pkgd.js",
          "schema_version": 0,
          "attributes": {
            "acl": "private",
            "bucket": "www.cleomullerresume.net",
            "bucket_key_enabled": false,
            "cache_control": "",
            "content": null,
            "content_base64": null,
            "content_disposition": "",
            "content_encoding": "",
            "content_language": "",
            "content_type": "text/javascript",
            "etag": "8896e082b3fa1738e2e2f558a7fc1fa4",
            "force_destroy": false,
            "id": "assets/vendor/isotope-layout/isotope.pkgd.js",
            "key": "assets/vendor/isotope-layout/isotope.pkgd.js",
            "kms_key_id": null,
            "metadata": {},
            "object_lock_legal_hold_status": "",
            "object_lock_mode": "",
            "object_lock_retain_until_date": "",
            "server_side_encryption": "AES256",
            "source": "content/assets/vendor/isotope-layout/isotope.pkgd.js",
            "source_hash": null,
            "storage_class": "STANDARD",
            "tags": {},
            "tags_all": {},
            "version_id": "",
            "website_redirect": ""
          },
          "sensitive_attributes": [],
          "private": "bnVsbA=="
        },
        {
          "index_key": "content/assets/vendor/isotope-layout/isotope.pkgd.min.js",
          "schema_version": 0,
          "attributes": {
            "acl": "private",
            "bucket": "www.cleomullerresume.net",
            "bucket_key_enabled": false,
            "cache_control": "",
            "content": null,
            "content_base64": null,
            "content_disposition": "",
            "content_encoding": "",
            "content_language": "",
            "content_type": "text/javascript",
            "etag": "2afcff647ed260006faa71c8e779e8d4",
            "force_destroy": false,
            "id": "assets/vendor/isotope-layout/isotope.pkgd.min.js",
            "key": "assets/vendor/isotope-layout/isotope.pkgd.min.js",
            "kms_key_id": null,
            "metadata": {},
            "object_lock_legal_hold_status": "",
            "object_lock_mode": "",
            "object_lock_retain_until_date": "",
            "server_side_encryption": "AES256",
            "source": "content/assets/vendor/isotope-layout/isotope.pkgd.min.js",
            "source_hash": null,
            "storage_class": "STANDARD",
            "tags": {},
            "tags_all": {},
            "version_id": "",
            "website_redirect": ""
          },
          "sensitive_attributes": [],
          "private": "bnVsbA=="
        },
        {
          "index_key": "content/assets/vendor/php-email-form/validate.js",
          "schema_version": 0,
          "attributes": {
            "acl": "private",
            "bucket": "www.cleomullerresume.net",
            "bucket_key_enabled": false,
            "cache_control": "",
            "content": null,
            "content_base64": null,
            "content_disposition": "",
            "content_encoding": "",
            "content_language": "",
            "content_type": "text/javascript",
            "etag": "942e0d365d33a0f2d2b6ebfbe9321ba1",
            "force_destroy": false,
            "id": "assets/vendor/php-email-form/validate.js",
            "key": "assets/vendor/php-email-form/validate.js",
            "kms_key_id": null,
            "metadata": {},
            "object_lock_legal_hold_status": "",
            "object_lock_mode": "",
            "object_lock_retain_until_date": "",
            "server_side_encryption": "AES256",
            "source": "content/assets/vendor/php-email-form/validate.js",
            "source_hash": null,
            "storage_class": "STANDARD",
            "tags": {},
            "tags_all": {},
            "version_id": "",
            "website_redirect": ""
          },
          "sensitive_attributes": [],
          "private": "bnVsbA=="
        },
        {
          "index_key": "content/assets/vendor/purecounter/purecounter_vanilla.js",
          "schema_version": 0,
          "attributes": {
            "acl": "private",
            "bucket": "www.cleomullerresume.net",
            "bucket_key_enabled": false,
            "cache_control": "",
            "content": null,
            "content_base64": null,
            "content_disposition": "",
            "content_encoding": "",
            "content_language": "",
            "content_type": "text/javascript",
            "etag": "306b61cceb925965f85d9b377f1539ad",
            "force_destroy": false,
            "id": "assets/vendor/purecounter/purecounter_vanilla.js",
            "key": "assets/vendor/purecounter/purecounter_vanilla.js",
            "kms_key_id": null,
            "metadata": {},
            "object_lock_legal_hold_status": "",
            "object_lock_mode": "",
            "object_lock_retain_until_date": "",
            "server_side_encryption": "AES256",
            "source": "content/assets/vendor/purecounter/purecounter_vanilla.js",
            "source_hash": null,
            "storage_class": "STANDARD",
            "tags": {},
            "tags_all": {},
            "version_id": "",
            "website_redirect": ""
          },
          "sensitive_attributes": [],
          "private": "bnVsbA=="
        },
        {
          "index_key": "content/assets/vendor/swiper/swiper-bundle.min.css",
          "schema_version": 0,
          "attributes": {
            "acl": "private",
            "bucket": "www.cleomullerresume.net",
            "bucket_key_enabled": false,
            "cache_control": "",
            "content": null,
            "content_base64": null,
            "content_disposition": "",
            "content_encoding": "",
            "content_language": "",
            "content_type": "text/css",
            "etag": "04720c60bc020cbba92785dd4029f7d2",
            "force_destroy": false,
            "id": "assets/vendor/swiper/swiper-bundle.min.css",
            "key": "assets/vendor/swiper/swiper-bundle.min.css",
            "kms_key_id": null,
            "metadata": {},
            "object_lock_legal_hold_status": "",
            "object_lock_mode": "",
            "object_lock_retain_until_date": "",
            "server_side_encryption": "AES256",
            "source": "content/assets/vendor/swiper/swiper-bundle.min.css",
            "source_hash": null,
            "storage_class": "STANDARD",
            "tags": {},
            "tags_all": {},
            "version_id": "",
            "website_redirect": ""
          },
          "sensitive_attributes": [],
          "private": "bnVsbA=="
        },
        {
          "index_key": "content/assets/vendor/swiper/swiper-bundle.min.js",
          "schema_version": 0,
          "attributes": {
            "acl": "private",
            "bucket": "www.cleomullerresume.net",
            "bucket_key_enabled": false,
            "cache_control": "",
            "content": null,
            "content_base64": null,
            "content_disposition": "",
            "content_encoding": "",
            "content_language": "",
            "content_type": "text/javascript",
            "etag": "24fd8f796609d79fcb7b6e5ae754433b",
            "force_destroy": false,
            "id": "assets/vendor/swiper/swiper-bundle.min.js",
            "key": "assets/vendor/swiper/swiper-bundle.min.js",
            "kms_key_id": null,
            "metadata": {},
            "object_lock_legal_hold_status": "",
            "object_lock_mode": "",
            "object_lock_retain_until_date": "",
            "server_side_encryption": "AES256",
            "source": "content/assets/vendor/swiper/swiper-bundle.min.js",
            "source_hash": null,
            "storage_class": "STANDARD",
            "tags": {},
            "tags_all": {},
            "version_id": "",
            "website_redirect": ""
          },
          "sensitive_attributes": [],
          "private": "bnVsbA=="
        },
        {
          "index_key": "content/assets/vendor/typed.js/typed.module.js",
          "schema_version": 0,
          "attributes": {
            "acl": "private",
            "bucket": "www.cleomullerresume.net",
            "bucket_key_enabled": false,
            "cache_control": "",
            "content": null,
            "content_base64": null,
            "content_disposition": "",
            "content_encoding": "",
            "content_language": "",
            "content_type": "text/javascript",
            "etag": "d2fb5c913cb22c542e308dc0f486ab45",
            "force_destroy": false,
            "id": "assets/vendor/typed.js/typed.module.js",
            "key": "assets/vendor/typed.js/typed.module.js",
            "kms_key_id": null,
            "metadata": {},
            "object_lock_legal_hold_status": "",
            "object_lock_mode": "",
            "object_lock_retain_until_date": "",
            "server_side_encryption": "AES256",
            "source": "content/assets/vendor/typed.js/typed.module.js",
            "source_hash": null,
            "storage_class": "STANDARD",
            "tags": {},
            "tags_all": {},
            "version_id": "",
            "website_redirect": ""
          },
          "sensitive_attributes": [],
          "private": "bnVsbA=="
        },
        {
          "index_key": "content/assets/vendor/typed.js/typed.umd.js",
          "schema_version": 0,
          "attributes": {
            "acl": "private",
            "bucket": "www.cleomullerresume.net",
            "bucket_key_enabled": false,
            "cache_control": "",
            "content": null,
            "content_base64": null,
            "content_disposition": "",
            "content_encoding": "",
            "content_language": "",
            "content_type": "text/javascript",
            "etag": "3ba6a3f6e22122d8f5ed22c423299981",
            "force_destroy": false,
            "id": "assets/vendor/typed.js/typed.umd.js",
            "key": "assets/vendor/typed.js/typed.umd.js",
            "kms_key_id": null,
            "metadata": {},
            "object_lock_legal_hold_status": "",
            "object_lock_mode": "",
            "object_lock_retain_until_date": "",
            "server_side_encryption": "AES256",
            "source": "content/assets/vendor/typed.js/typed.umd.js",
            "source_hash": null,
            "storage_class": "STANDARD",
            "tags": {},
            "tags_all": {},
            "version_id": "",
            "website_redirect": ""
          },
          "sensitive_attributes": [],
          "private": "bnVsbA=="
        },
        {
          "index_key": "content/assets/vendor/waypoints/noframework.waypoints.js",
          "schema_version": 0,
          "attributes": {
            "acl": "private",
            "bucket": "www.cleomullerresume.net",
            "bucket_key_enabled": false,
            "cache_control": "",
            "content": null,
            "content_base64": null,
            "content_disposition": "",
            "content_encoding": "",
            "content_language": "",
            "content_type": "text/javascript",
            "etag": "8c601d5f892e9a29c3dd204025f9d724",
            "force_destroy": false,
            "id": "assets/vendor/waypoints/noframework.waypoints.js",
            "key": "assets/vendor/waypoints/noframework.waypoints.js",
            "kms_key_id": null,
            "metadata": {},
            "object_lock_legal_hold_status": "",
            "object_lock_mode": "",
            "object_lock_retain_until_date": "",
            "server_side_encryption": "AES256",
            "source": "content/assets/vendor/waypoints/noframework.waypoints.js",
            "source_hash": null,
            "storage_class": "STANDARD",
            "tags": {},
            "tags_all": {},
            "version_id": "",
            "website_redirect": ""
          },
          "sensitive_attributes": [],
          "private": "bnVsbA=="
        },
        {
          "index_key": "content/assets/websitecounter.js",
          "schema_version": 0,
          "attributes": {
            "acl": "private",
            "bucket": "www.cleomullerresume.net",
            "bucket_key_enabled": false,
            "cache_control": "",
            "content": null,
            "content_base64": null,
            "content_disposition": "",
            "content_encoding": "",
            "content_language": "",
            "content_type": "text/javascript",
            "etag": "5138b53e7ec2526b2dbb3970ba62280b",
            "force_destroy": false,
            "id": "assets/websitecounter.js",
            "key": "assets/websitecounter.js",
            "kms_key_id": null,
            "metadata": {},
            "object_lock_legal_hold_status": "",
            "object_lock_mode": "",
            "object_lock_retain_until_date": "",
            "server_side_encryption": "AES256",
            "source": "content/assets/websitecounter.js",
            "source_hash": null,
            "storage_class": "STANDARD",
            "tags": {},
            "tags_all": {},
            "version_id": "",
            "website_redirect": ""
          },
          "sensitive_attributes": [],
          "private": "bnVsbA=="
        },
        {
          "index_key": "content/cleomullerresume.html",
          "schema_version": 0,
          "attributes": {
            "acl": "private",
            "bucket": "www.cleomullerresume.net",
            "bucket_key_enabled": false,
            "cache_control": "",
            "content": null,
            "content_base64": null,
            "content_disposition": "",
            "content_encoding": "",
            "content_language": "",
            "content_type": "text/html",
            "etag": "30b135a34e31a0562868891cf6954769",
            "force_destroy": false,
            "id": "cleomullerresume.html",
            "key": "cleomullerresume.html",
            "kms_key_id": null,
            "metadata": {},
            "object_lock_legal_hold_status": "",
            "object_lock_mode": "",
            "object_lock_retain_until_date": "",
            "server_side_encryption": "AES256",
            "source": "content/cleomullerresume.html",
            "source_hash": null,
            "storage_class": "STANDARD",
            "tags": {},
            "tags_all": {},
            "version_id": "",
            "website_redirect": ""
          },
          "sensitive_attributes": [],
          "private": "bnVsbA=="
        },
        {
          "index_key": "content/mystyle.css",
          "schema_version": 0,
          "attributes": {
            "acl": "private",
            "bucket": "www.cleomullerresume.net",
            "bucket_key_enabled": false,
            "cache_control": "",
            "content": null,
            "content_base64": null,
            "content_disposition": "",
            "content_encoding": "",
            "content_language": "",
            "content_type": "text/css",
            "etag": "1039db3e28e4345c215858e191d30679",
            "force_destroy": false,
            "id": "mystyle.css",
            "key": "mystyle.css",
            "kms_key_id": null,
            "metadata": {},
            "object_lock_legal_hold_status": "",
            "object_lock_mode": "",
            "object_lock_retain_until_date": "",
            "server_side_encryption": "AES256",
            "source": "content/mystyle.css",
            "source_hash": null,
            "storage_class": "STANDARD",
            "tags": {},
            "tags_all": {},
            "version_id": "",
            "website_redirect": ""
          },
          "sensitive_attributes": [],
          "private": "bnVsbA=="
        }
      ]
    }
  ],
  "check_results": null
}
